// !$*UTF8*$!
{
	archiveVersion = 1;
	classes = {
	};
	objectVersion = 46;
	objects = {

/* Begin PBXBuildFile section */
		236678E80E852C78C7D096CE /* Pods_MarcoPontoCoreTests.framework in Frameworks */ = {isa = PBXBuildFile; fileRef = DA404A759F1E16BC4DE18C80 /* Pods_MarcoPontoCoreTests.framework */; };
		3405D9881CCA51E700616382 /* CurrentWeekHoursUsecaseFactory.swift in Sources */ = {isa = PBXBuildFile; fileRef = 3405D9871CCA51E700616382 /* CurrentWeekHoursUsecaseFactory.swift */; };
		3405D98D1CCA74F600616382 /* TotalsDataSource.swift in Sources */ = {isa = PBXBuildFile; fileRef = 3405D98C1CCA74F600616382 /* TotalsDataSource.swift */; };
		340BD72B1CC33D8100AB860B /* PunchsNavigationController.swift in Sources */ = {isa = PBXBuildFile; fileRef = 340BD72A1CC33D8100AB860B /* PunchsNavigationController.swift */; };
		340BD7381CC3409600AB860B /* ListPunchsViewController.swift in Sources */ = {isa = PBXBuildFile; fileRef = 340BD7371CC3409600AB860B /* ListPunchsViewController.swift */; };
		340BD7441CC3462B00AB860B /* ListPunchsDataSource.swift in Sources */ = {isa = PBXBuildFile; fileRef = 340BD7431CC3462B00AB860B /* ListPunchsDataSource.swift */; };
		340C51991CDACF71001ED6D5 /* WorkHoursTableViewCell.swift in Sources */ = {isa = PBXBuildFile; fileRef = 340C51971CDACF71001ED6D5 /* WorkHoursTableViewCell.swift */; };
		340C519A1CDACF71001ED6D5 /* WorkHoursTableViewCell.xib in Resources */ = {isa = PBXBuildFile; fileRef = 340C51981CDACF71001ED6D5 /* WorkHoursTableViewCell.xib */; };
		3418772D1CC6E4B3002A4B59 /* TotalsViewController.swift in Sources */ = {isa = PBXBuildFile; fileRef = 3418772B1CC6E4B3002A4B59 /* TotalsViewController.swift */; };
		341877311CC6E552002A4B59 /* ReportsNavigationController.swift in Sources */ = {isa = PBXBuildFile; fileRef = 341877301CC6E552002A4B59 /* ReportsNavigationController.swift */; };
		3435FF761CC2E7640076AF42 /* AppDelegate.swift in Sources */ = {isa = PBXBuildFile; fileRef = 3435FF751CC2E7640076AF42 /* AppDelegate.swift */; };
		3435FF7E1CC2E7640076AF42 /* MarcoPonto.xcdatamodeld in Sources */ = {isa = PBXBuildFile; fileRef = 3435FF7C1CC2E7640076AF42 /* MarcoPonto.xcdatamodeld */; };
		3435FF801CC2E7640076AF42 /* Assets.xcassets in Resources */ = {isa = PBXBuildFile; fileRef = 3435FF7F1CC2E7640076AF42 /* Assets.xcassets */; };
		3435FF831CC2E7640076AF42 /* LaunchScreen.storyboard in Resources */ = {isa = PBXBuildFile; fileRef = 3435FF811CC2E7640076AF42 /* LaunchScreen.storyboard */; };
		3472A9EE1CC6F3E100CEF1D1 /* PunchModel+CoreDataProperties.swift in Sources */ = {isa = PBXBuildFile; fileRef = 3472A9EC1CC6F3E100CEF1D1 /* PunchModel+CoreDataProperties.swift */; };
		3472A9EF1CC6F3E100CEF1D1 /* PunchModel.swift in Sources */ = {isa = PBXBuildFile; fileRef = 3472A9ED1CC6F3E100CEF1D1 /* PunchModel.swift */; };
		349D9B2B1CC2ECD20088DE5E /* FormPunchViewController.swift in Sources */ = {isa = PBXBuildFile; fileRef = 349D9B291CC2ECD20088DE5E /* FormPunchViewController.swift */; };
		349D9B321CC2F7960088DE5E /* FormPunchDataSource.swift in Sources */ = {isa = PBXBuildFile; fileRef = 349D9B311CC2F7960088DE5E /* FormPunchDataSource.swift */; };
		349EDD081CE0A97D0005AC01 /* Double+ToDays.swift in Sources */ = {isa = PBXBuildFile; fileRef = 349EDD071CE0A97D0005AC01 /* Double+ToDays.swift */; };
		349EDD091CE0AB120005AC01 /* Double+ToDays.swift in Sources */ = {isa = PBXBuildFile; fileRef = 349EDD071CE0A97D0005AC01 /* Double+ToDays.swift */; };
		349EDD0B1CE0B4A90005AC01 /* NSDate+IsWeekday.swift in Sources */ = {isa = PBXBuildFile; fileRef = 349EDD0A1CE0B4A90005AC01 /* NSDate+IsWeekday.swift */; };
		349EDD0C1CE0B4A90005AC01 /* NSDate+IsWeekday.swift in Sources */ = {isa = PBXBuildFile; fileRef = 349EDD0A1CE0B4A90005AC01 /* NSDate+IsWeekday.swift */; };
		34BD8F961CC5BA3500607BA6 /* TabBarController.swift in Sources */ = {isa = PBXBuildFile; fileRef = 34BD8F951CC5BA3500607BA6 /* TabBarController.swift */; };
		34BD8F991CC6628E00607BA6 /* MaterialIcons+UIImage.swift in Sources */ = {isa = PBXBuildFile; fileRef = 34BD8F981CC6628E00607BA6 /* MaterialIcons+UIImage.swift */; };
		34D779E91CDC3F8100B13169 /* UIColors.swift in Sources */ = {isa = PBXBuildFile; fileRef = 34D779E81CDC3F8100B13169 /* UIColors.swift */; };
		34DF300A1CDD6EF3003E6A85 /* MarcoPontoCore.h in Headers */ = {isa = PBXBuildFile; fileRef = 34DF30091CDD6EF3003E6A85 /* MarcoPontoCore.h */; settings = {ATTRIBUTES = (Public, ); }; };
		34DF30111CDD6EF3003E6A85 /* MarcoPontoCore.framework in Frameworks */ = {isa = PBXBuildFile; fileRef = 34DF30071CDD6EF3003E6A85 /* MarcoPontoCore.framework */; };
		34DF301C1CDD6EF3003E6A85 /* MarcoPontoCore.framework in Frameworks */ = {isa = PBXBuildFile; fileRef = 34DF30071CDD6EF3003E6A85 /* MarcoPontoCore.framework */; };
		34DF301D1CDD6EF3003E6A85 /* MarcoPontoCore.framework in Embed Frameworks */ = {isa = PBXBuildFile; fileRef = 34DF30071CDD6EF3003E6A85 /* MarcoPontoCore.framework */; settings = {ATTRIBUTES = (CodeSignOnCopy, RemoveHeadersOnCopy, ); }; };
		34DF303E1CDD6F6D003E6A85 /* BalanceWorkedHoursEntity.swift in Sources */ = {isa = PBXBuildFile; fileRef = 34DF30251CDD6F6D003E6A85 /* BalanceWorkedHoursEntity.swift */; };
		34DF303F1CDD6F6D003E6A85 /* BalanceWorkedHoursEntity.swift in Sources */ = {isa = PBXBuildFile; fileRef = 34DF30251CDD6F6D003E6A85 /* BalanceWorkedHoursEntity.swift */; };
		34DF30421CDD6F6D003E6A85 /* MandatoryWorkloadEntity.swift in Sources */ = {isa = PBXBuildFile; fileRef = 34DF30261CDD6F6D003E6A85 /* MandatoryWorkloadEntity.swift */; };
		34DF30431CDD6F6D003E6A85 /* MandatoryWorkloadEntity.swift in Sources */ = {isa = PBXBuildFile; fileRef = 34DF30261CDD6F6D003E6A85 /* MandatoryWorkloadEntity.swift */; };
		34DF30461CDD6F6D003E6A85 /* TotalWorkedHoursEntity.swift in Sources */ = {isa = PBXBuildFile; fileRef = 34DF30271CDD6F6D003E6A85 /* TotalWorkedHoursEntity.swift */; };
		34DF30471CDD6F6D003E6A85 /* TotalWorkedHoursEntity.swift in Sources */ = {isa = PBXBuildFile; fileRef = 34DF30271CDD6F6D003E6A85 /* TotalWorkedHoursEntity.swift */; };
		34DF304A1CDD6F6D003E6A85 /* PunchType.swift in Sources */ = {isa = PBXBuildFile; fileRef = 34DF30291CDD6F6D003E6A85 /* PunchType.swift */; };
		34DF304B1CDD6F6D003E6A85 /* PunchType.swift in Sources */ = {isa = PBXBuildFile; fileRef = 34DF30291CDD6F6D003E6A85 /* PunchType.swift */; };
		34DF304E1CDD6F6D003E6A85 /* WorkHourType.swift in Sources */ = {isa = PBXBuildFile; fileRef = 34DF302A1CDD6F6D003E6A85 /* WorkHourType.swift */; };
		34DF304F1CDD6F6D003E6A85 /* WorkHourType.swift in Sources */ = {isa = PBXBuildFile; fileRef = 34DF302A1CDD6F6D003E6A85 /* WorkHourType.swift */; };
		34DF30521CDD6F6D003E6A85 /* Double+ToSeconds.swift in Sources */ = {isa = PBXBuildFile; fileRef = 34DF302C1CDD6F6D003E6A85 /* Double+ToSeconds.swift */; };
		34DF30531CDD6F6D003E6A85 /* Double+ToSeconds.swift in Sources */ = {isa = PBXBuildFile; fileRef = 34DF302C1CDD6F6D003E6A85 /* Double+ToSeconds.swift */; };
		34DF30561CDD6F6D003E6A85 /* NSDate+DateRange.swift in Sources */ = {isa = PBXBuildFile; fileRef = 34DF302D1CDD6F6D003E6A85 /* NSDate+DateRange.swift */; };
		34DF30571CDD6F6D003E6A85 /* NSDate+DateRange.swift in Sources */ = {isa = PBXBuildFile; fileRef = 34DF302D1CDD6F6D003E6A85 /* NSDate+DateRange.swift */; };
		34DF305A1CDD6F6D003E6A85 /* NSTimeInterval+ToTimeString.swift in Sources */ = {isa = PBXBuildFile; fileRef = 34DF302E1CDD6F6D003E6A85 /* NSTimeInterval+ToTimeString.swift */; };
		34DF305B1CDD6F6D003E6A85 /* NSTimeInterval+ToTimeString.swift in Sources */ = {isa = PBXBuildFile; fileRef = 34DF302E1CDD6F6D003E6A85 /* NSTimeInterval+ToTimeString.swift */; };
		34DF305E1CDD6F6D003E6A85 /* PunchGateway.swift in Sources */ = {isa = PBXBuildFile; fileRef = 34DF30301CDD6F6D003E6A85 /* PunchGateway.swift */; };
		34DF305F1CDD6F6D003E6A85 /* PunchGateway.swift in Sources */ = {isa = PBXBuildFile; fileRef = 34DF30301CDD6F6D003E6A85 /* PunchGateway.swift */; };
		34DF30621CDD6F6D003E6A85 /* ListPunchsPresenter.swift in Sources */ = {isa = PBXBuildFile; fileRef = 34DF30321CDD6F6D003E6A85 /* ListPunchsPresenter.swift */; };
		34DF30631CDD6F6D003E6A85 /* ListPunchsPresenter.swift in Sources */ = {isa = PBXBuildFile; fileRef = 34DF30321CDD6F6D003E6A85 /* ListPunchsPresenter.swift */; };
		34DF30661CDD6F6D003E6A85 /* SavePunchPresenter.swift in Sources */ = {isa = PBXBuildFile; fileRef = 34DF30331CDD6F6D003E6A85 /* SavePunchPresenter.swift */; };
		34DF30671CDD6F6D003E6A85 /* SavePunchPresenter.swift in Sources */ = {isa = PBXBuildFile; fileRef = 34DF30331CDD6F6D003E6A85 /* SavePunchPresenter.swift */; };
		34DF306A1CDD6F6D003E6A85 /* WorkedHoursPresenter.swift in Sources */ = {isa = PBXBuildFile; fileRef = 34DF30341CDD6F6D003E6A85 /* WorkedHoursPresenter.swift */; };
		34DF306B1CDD6F6D003E6A85 /* WorkedHoursPresenter.swift in Sources */ = {isa = PBXBuildFile; fileRef = 34DF30341CDD6F6D003E6A85 /* WorkedHoursPresenter.swift */; };
		34DF306E1CDD6F6D003E6A85 /* Punch.swift in Sources */ = {isa = PBXBuildFile; fileRef = 34DF30361CDD6F6D003E6A85 /* Punch.swift */; };
		34DF306F1CDD6F6D003E6A85 /* Punch.swift in Sources */ = {isa = PBXBuildFile; fileRef = 34DF30361CDD6F6D003E6A85 /* Punch.swift */; };
		34DF30721CDD6F6D003E6A85 /* WorkHour.swift in Sources */ = {isa = PBXBuildFile; fileRef = 34DF30371CDD6F6D003E6A85 /* WorkHour.swift */; };
		34DF30731CDD6F6D003E6A85 /* WorkHour.swift in Sources */ = {isa = PBXBuildFile; fileRef = 34DF30371CDD6F6D003E6A85 /* WorkHour.swift */; };
		34DF30761CDD6F6D003E6A85 /* ListPunchsUsecase.swift in Sources */ = {isa = PBXBuildFile; fileRef = 34DF30391CDD6F6D003E6A85 /* ListPunchsUsecase.swift */; };
		34DF30771CDD6F6D003E6A85 /* ListPunchsUsecase.swift in Sources */ = {isa = PBXBuildFile; fileRef = 34DF30391CDD6F6D003E6A85 /* ListPunchsUsecase.swift */; };
		34DF307A1CDD6F6D003E6A85 /* SavePunchUsecase.swift in Sources */ = {isa = PBXBuildFile; fileRef = 34DF303A1CDD6F6D003E6A85 /* SavePunchUsecase.swift */; };
		34DF307B1CDD6F6D003E6A85 /* SavePunchUsecase.swift in Sources */ = {isa = PBXBuildFile; fileRef = 34DF303A1CDD6F6D003E6A85 /* SavePunchUsecase.swift */; };
		34DF307E1CDD6F6D003E6A85 /* WorkedHoursUsecase.swift in Sources */ = {isa = PBXBuildFile; fileRef = 34DF303B1CDD6F6D003E6A85 /* WorkedHoursUsecase.swift */; };
		34DF307F1CDD6F6D003E6A85 /* WorkedHoursUsecase.swift in Sources */ = {isa = PBXBuildFile; fileRef = 34DF303B1CDD6F6D003E6A85 /* WorkedHoursUsecase.swift */; };
		34DF30931CDD6F81003E6A85 /* BalanceWorkedHoursEntityTests.swift in Sources */ = {isa = PBXBuildFile; fileRef = 34DF30811CDD6F81003E6A85 /* BalanceWorkedHoursEntityTests.swift */; };
		34DF30941CDD6F81003E6A85 /* CalculateWorkedHoursEntityTests.swift in Sources */ = {isa = PBXBuildFile; fileRef = 34DF30821CDD6F81003E6A85 /* CalculateWorkedHoursEntityTests.swift */; };
		34DF30951CDD6F81003E6A85 /* MandatoryWorkloadEntityHoursTests.swift in Sources */ = {isa = PBXBuildFile; fileRef = 34DF30831CDD6F81003E6A85 /* MandatoryWorkloadEntityHoursTests.swift */; };
		34DF30961CDD6F81003E6A85 /* PunchTypeTests.swift in Sources */ = {isa = PBXBuildFile; fileRef = 34DF30851CDD6F81003E6A85 /* PunchTypeTests.swift */; };
		34DF30971CDD6F81003E6A85 /* WorkHourTypeTests.swift in Sources */ = {isa = PBXBuildFile; fileRef = 34DF30861CDD6F81003E6A85 /* WorkHourTypeTests.swift */; };
		34DF30981CDD6F81003E6A85 /* PunchGatewayFake.swift in Sources */ = {isa = PBXBuildFile; fileRef = 34DF30891CDD6F81003E6A85 /* PunchGatewayFake.swift */; };
		34DF30991CDD6F81003E6A85 /* PunchGatewaySpy.swift in Sources */ = {isa = PBXBuildFile; fileRef = 34DF308A1CDD6F81003E6A85 /* PunchGatewaySpy.swift */; };
		34DF309A1CDD6F81003E6A85 /* ListPunchsPresenterSpy.swift in Sources */ = {isa = PBXBuildFile; fileRef = 34DF308C1CDD6F81003E6A85 /* ListPunchsPresenterSpy.swift */; };
		34DF309B1CDD6F81003E6A85 /* SavePunchPresenterSpy.swift in Sources */ = {isa = PBXBuildFile; fileRef = 34DF308D1CDD6F81003E6A85 /* SavePunchPresenterSpy.swift */; };
		34DF309C1CDD6F81003E6A85 /* WorkedHoursPresenterFake.swift in Sources */ = {isa = PBXBuildFile; fileRef = 34DF308E1CDD6F81003E6A85 /* WorkedHoursPresenterFake.swift */; };
		34DF309D1CDD6F81003E6A85 /* ListPunchsUsecaseTests.swift in Sources */ = {isa = PBXBuildFile; fileRef = 34DF30901CDD6F81003E6A85 /* ListPunchsUsecaseTests.swift */; };
		34DF309E1CDD6F81003E6A85 /* SavePunchUsecaseTests.swift in Sources */ = {isa = PBXBuildFile; fileRef = 34DF30911CDD6F81003E6A85 /* SavePunchUsecaseTests.swift */; };
		34DF309F1CDD6F81003E6A85 /* WorkedHoursUsecaseTests.swift in Sources */ = {isa = PBXBuildFile; fileRef = 34DF30921CDD6F81003E6A85 /* WorkedHoursUsecaseTests.swift */; };
		34DF30A21CDD717C003E6A85 /* MarcoPontoCore.framework in Frameworks */ = {isa = PBXBuildFile; fileRef = 34DF30071CDD6EF3003E6A85 /* MarcoPontoCore.framework */; };
		34E4892C1CDD73500033E5A3 /* PunchGatewayCoreDataTests.swift in Sources */ = {isa = PBXBuildFile; fileRef = 34D19FF21CDA6CBA0046B7CF /* PunchGatewayCoreDataTests.swift */; };
		34E489381CDDA0690033E5A3 /* ImageTableViewCell.swift in Sources */ = {isa = PBXBuildFile; fileRef = 34E489361CDDA0690033E5A3 /* ImageTableViewCell.swift */; };
		34E489391CDDA0690033E5A3 /* ImageTableViewCell.xib in Resources */ = {isa = PBXBuildFile; fileRef = 34E489371CDDA0690033E5A3 /* ImageTableViewCell.xib */; };
		34E968911CE92EEB0084E1A7 /* SettingsTableViewController.swift in Sources */ = {isa = PBXBuildFile; fileRef = 34E9688F1CE92EEB0084E1A7 /* SettingsTableViewController.swift */; };
		34E968921CE92EEB0084E1A7 /* SettingsTableViewController.xib in Resources */ = {isa = PBXBuildFile; fileRef = 34E968901CE92EEB0084E1A7 /* SettingsTableViewController.xib */; };
		34E968951CE92F430084E1A7 /* FacebookTableViewCell.swift in Sources */ = {isa = PBXBuildFile; fileRef = 34E968931CE92F430084E1A7 /* FacebookTableViewCell.swift */; };
		34E968961CE92F430084E1A7 /* FacebookTableViewCell.xib in Resources */ = {isa = PBXBuildFile; fileRef = 34E968941CE92F430084E1A7 /* FacebookTableViewCell.xib */; };
		34E9B3ED1CC360060017A083 /* PunchGatewayCoreData.swift in Sources */ = {isa = PBXBuildFile; fileRef = 34E9B3EC1CC360060017A083 /* PunchGatewayCoreData.swift */; };
		34E9B3F01CC3B72E0017A083 /* ListPunchUsecaseFactory.swift in Sources */ = {isa = PBXBuildFile; fileRef = 34E9B3EF1CC3B72E0017A083 /* ListPunchUsecaseFactory.swift */; };
		34E9B3FA1CC3D9C80017A083 /* SavePunchUsecaseFactory.swift in Sources */ = {isa = PBXBuildFile; fileRef = 34E9B3F91CC3D9C80017A083 /* SavePunchUsecaseFactory.swift */; };
		34E9B3FC1CC3DA1A0017A083 /* PunchGatewayCoreDataFactory.swift in Sources */ = {isa = PBXBuildFile; fileRef = 34E9B3FB1CC3DA1A0017A083 /* PunchGatewayCoreDataFactory.swift */; };
		34E9B4031CC419090017A083 /* PunchTypeLabel.swift in Sources */ = {isa = PBXBuildFile; fileRef = 34E9B4021CC419090017A083 /* PunchTypeLabel.swift */; };
		34E9B4051CC42C360017A083 /* ListPunchsDelegate.swift in Sources */ = {isa = PBXBuildFile; fileRef = 34E9B4041CC42C360017A083 /* ListPunchsDelegate.swift */; };
		38A1D5DDE9A008BB75B85D2B /* Pods_MarcoPontoCore.framework in Frameworks */ = {isa = PBXBuildFile; fileRef = F861B409D24DF34CD93ACF13 /* Pods_MarcoPontoCore.framework */; };
		4B7A50F38147735B7569AC17 /* SelectTypeTableViewCell.swift in Sources */ = {isa = PBXBuildFile; fileRef = 4B7A5D6EBB90885177A24653 /* SelectTypeTableViewCell.swift */; };
		4B7A51761AFE51EF9211C877 /* FormPunchViewController.xib in Resources */ = {isa = PBXBuildFile; fileRef = 4B7A54C26B2939F7ECFE71B2 /* FormPunchViewController.xib */; };
		4B7A532ACFCC5B48106CE51E /* ListPunchsTableViewCell.xib in Resources */ = {isa = PBXBuildFile; fileRef = 4B7A5CAA1E540DD091D0E91E /* ListPunchsTableViewCell.xib */; };
		4B7A5594073A91E6D767F923 /* ListPunchsTableViewCell.swift in Sources */ = {isa = PBXBuildFile; fileRef = 4B7A510FF99EB4FD47D6A6E0 /* ListPunchsTableViewCell.swift */; };
		4B7A5985BF6003BB6C46E01A /* TotalsViewController.xib in Resources */ = {isa = PBXBuildFile; fileRef = 4B7A581DCA5399934C5D8F40 /* TotalsViewController.xib */; };
		4B7A59FD587D2F8827D2AA64 /* SelectTypeTableViewCell.xib in Resources */ = {isa = PBXBuildFile; fileRef = 4B7A56FDBC391BDD47B73BEA /* SelectTypeTableViewCell.xib */; };
		4B7A5A28EC4BD901E7618054 /* SelectMomentTableViewCell.swift in Sources */ = {isa = PBXBuildFile; fileRef = 4B7A573D022134E77DF927F6 /* SelectMomentTableViewCell.swift */; };
		4B7A5B0AA5D4A3B27F0B9142 /* ListPunchsViewController.xib in Resources */ = {isa = PBXBuildFile; fileRef = 4B7A521BCF886584E14BC9C7 /* ListPunchsViewController.xib */; };
		4B7A5E906F1DC11565C8E938 /* SelectMomentTableViewCell.xib in Resources */ = {isa = PBXBuildFile; fileRef = 4B7A5C3920C3D4812223D3F0 /* SelectMomentTableViewCell.xib */; };
		A05A95DEEDAA4608E99F9C4B /* Pods_MarcoPonto.framework in Frameworks */ = {isa = PBXBuildFile; fileRef = 81C82F974AC11FC5E456E76F /* Pods_MarcoPonto.framework */; };
		D918C225466D4C610081981A /* Pods_MarcoPontoTests.framework in Frameworks */ = {isa = PBXBuildFile; fileRef = E1856DDB607C20C59F7245D8 /* Pods_MarcoPontoTests.framework */; };
/* End PBXBuildFile section */

/* Begin PBXContainerItemProxy section */
		34D19FF51CDA6CBA0046B7CF /* PBXContainerItemProxy */ = {
			isa = PBXContainerItemProxy;
			containerPortal = 3435FF6A1CC2E7640076AF42 /* Project object */;
			proxyType = 1;
			remoteGlobalIDString = 3435FF711CC2E7640076AF42;
			remoteInfo = MarcoPonto;
		};
		34DF30121CDD6EF3003E6A85 /* PBXContainerItemProxy */ = {
			isa = PBXContainerItemProxy;
			containerPortal = 3435FF6A1CC2E7640076AF42 /* Project object */;
			proxyType = 1;
			remoteGlobalIDString = 34DF30061CDD6EF3003E6A85;
			remoteInfo = MarcoPontoCore;
		};
		34DF30141CDD6EF3003E6A85 /* PBXContainerItemProxy */ = {
			isa = PBXContainerItemProxy;
			containerPortal = 3435FF6A1CC2E7640076AF42 /* Project object */;
			proxyType = 1;
			remoteGlobalIDString = 3435FF711CC2E7640076AF42;
			remoteInfo = MarcoPonto;
		};
		34DF301A1CDD6EF3003E6A85 /* PBXContainerItemProxy */ = {
			isa = PBXContainerItemProxy;
			containerPortal = 3435FF6A1CC2E7640076AF42 /* Project object */;
			proxyType = 1;
			remoteGlobalIDString = 34DF30061CDD6EF3003E6A85;
			remoteInfo = MarcoPontoCore;
		};
/* End PBXContainerItemProxy section */

/* Begin PBXCopyFilesBuildPhase section */
		347332B01CDD6E13005DF2F2 /* Embed Frameworks */ = {
			isa = PBXCopyFilesBuildPhase;
			buildActionMask = 2147483647;
			dstPath = "";
			dstSubfolderSpec = 10;
			files = (
				34DF301D1CDD6EF3003E6A85 /* MarcoPontoCore.framework in Embed Frameworks */,
			);
			name = "Embed Frameworks";
			runOnlyForDeploymentPostprocessing = 0;
		};
/* End PBXCopyFilesBuildPhase section */

/* Begin PBXFileReference section */
		0493B32030BF09FF5B6C926A /* Pods-MarcoPontoCoreTests.debug.xcconfig */ = {isa = PBXFileReference; includeInIndex = 1; lastKnownFileType = text.xcconfig; name = "Pods-MarcoPontoCoreTests.debug.xcconfig"; path = "Pods/Target Support Files/Pods-MarcoPontoCoreTests/Pods-MarcoPontoCoreTests.debug.xcconfig"; sourceTree = "<group>"; };
		07096AE6A23F3B47B8F63050 /* Pods_MarocPontoCoreTests.framework */ = {isa = PBXFileReference; explicitFileType = wrapper.framework; includeInIndex = 0; path = Pods_MarocPontoCoreTests.framework; sourceTree = BUILT_PRODUCTS_DIR; };
		0796B546D9AF6FFFE578D654 /* Pods-MarcoPonto.debug.xcconfig */ = {isa = PBXFileReference; includeInIndex = 1; lastKnownFileType = text.xcconfig; name = "Pods-MarcoPonto.debug.xcconfig"; path = "Pods/Target Support Files/Pods-MarcoPonto/Pods-MarcoPonto.debug.xcconfig"; sourceTree = "<group>"; };
		12576A62F5476852BAD76768 /* Pods-MarocPontoCore.release.xcconfig */ = {isa = PBXFileReference; includeInIndex = 1; lastKnownFileType = text.xcconfig; name = "Pods-MarocPontoCore.release.xcconfig"; path = "Pods/Target Support Files/Pods-MarocPontoCore/Pods-MarocPontoCore.release.xcconfig"; sourceTree = "<group>"; };
		26D7D264C5E50B35AFF83555 /* Pods-MarcoPontoTests.release.xcconfig */ = {isa = PBXFileReference; includeInIndex = 1; lastKnownFileType = text.xcconfig; name = "Pods-MarcoPontoTests.release.xcconfig"; path = "Pods/Target Support Files/Pods-MarcoPontoTests/Pods-MarcoPontoTests.release.xcconfig"; sourceTree = "<group>"; };
		311B7F720514199B960B6235 /* Pods-MarcoPontoTests.debug.xcconfig */ = {isa = PBXFileReference; includeInIndex = 1; lastKnownFileType = text.xcconfig; name = "Pods-MarcoPontoTests.debug.xcconfig"; path = "Pods/Target Support Files/Pods-MarcoPontoTests/Pods-MarcoPontoTests.debug.xcconfig"; sourceTree = "<group>"; };
		3405D9871CCA51E700616382 /* CurrentWeekHoursUsecaseFactory.swift */ = {isa = PBXFileReference; fileEncoding = 4; lastKnownFileType = sourcecode.swift; path = CurrentWeekHoursUsecaseFactory.swift; sourceTree = "<group>"; };
		3405D98C1CCA74F600616382 /* TotalsDataSource.swift */ = {isa = PBXFileReference; fileEncoding = 4; lastKnownFileType = sourcecode.swift; path = TotalsDataSource.swift; sourceTree = "<group>"; };
		340BD72A1CC33D8100AB860B /* PunchsNavigationController.swift */ = {isa = PBXFileReference; fileEncoding = 4; lastKnownFileType = sourcecode.swift; name = PunchsNavigationController.swift; path = Punch/PunchsNavigationController.swift; sourceTree = "<group>"; };
		340BD7371CC3409600AB860B /* ListPunchsViewController.swift */ = {isa = PBXFileReference; fileEncoding = 4; lastKnownFileType = sourcecode.swift; path = ListPunchsViewController.swift; sourceTree = "<group>"; };
		340BD7431CC3462B00AB860B /* ListPunchsDataSource.swift */ = {isa = PBXFileReference; fileEncoding = 4; lastKnownFileType = sourcecode.swift; path = ListPunchsDataSource.swift; sourceTree = "<group>"; };
		340C51971CDACF71001ED6D5 /* WorkHoursTableViewCell.swift */ = {isa = PBXFileReference; fileEncoding = 4; lastKnownFileType = sourcecode.swift; path = WorkHoursTableViewCell.swift; sourceTree = "<group>"; };
		340C51981CDACF71001ED6D5 /* WorkHoursTableViewCell.xib */ = {isa = PBXFileReference; fileEncoding = 4; lastKnownFileType = file.xib; path = WorkHoursTableViewCell.xib; sourceTree = "<group>"; };
		340C519B1CDAD369001ED6D5 /* Marco Ponto.clr */ = {isa = PBXFileReference; lastKnownFileType = file; path = "Marco Ponto.clr"; sourceTree = "<group>"; };
		3418772B1CC6E4B3002A4B59 /* TotalsViewController.swift */ = {isa = PBXFileReference; fileEncoding = 4; lastKnownFileType = sourcecode.swift; path = TotalsViewController.swift; sourceTree = "<group>"; };
		341877301CC6E552002A4B59 /* ReportsNavigationController.swift */ = {isa = PBXFileReference; fileEncoding = 4; lastKnownFileType = sourcecode.swift; path = ReportsNavigationController.swift; sourceTree = "<group>"; };
		3435FF721CC2E7640076AF42 /* MarcoPonto.app */ = {isa = PBXFileReference; explicitFileType = wrapper.application; includeInIndex = 0; path = MarcoPonto.app; sourceTree = BUILT_PRODUCTS_DIR; };
		3435FF751CC2E7640076AF42 /* AppDelegate.swift */ = {isa = PBXFileReference; lastKnownFileType = sourcecode.swift; path = AppDelegate.swift; sourceTree = "<group>"; };
		3435FF7D1CC2E7640076AF42 /* MarcoPonto.xcdatamodel */ = {isa = PBXFileReference; lastKnownFileType = wrapper.xcdatamodel; path = MarcoPonto.xcdatamodel; sourceTree = "<group>"; };
		3435FF7F1CC2E7640076AF42 /* Assets.xcassets */ = {isa = PBXFileReference; lastKnownFileType = folder.assetcatalog; path = Assets.xcassets; sourceTree = "<group>"; };
		3435FF821CC2E7640076AF42 /* Base */ = {isa = PBXFileReference; lastKnownFileType = file.storyboard; name = Base; path = Base.lproj/LaunchScreen.storyboard; sourceTree = "<group>"; };
		3435FF841CC2E7640076AF42 /* Info.plist */ = {isa = PBXFileReference; lastKnownFileType = text.plist.xml; path = Info.plist; sourceTree = "<group>"; };
		3472A9EC1CC6F3E100CEF1D1 /* PunchModel+CoreDataProperties.swift */ = {isa = PBXFileReference; fileEncoding = 4; lastKnownFileType = sourcecode.swift; path = "PunchModel+CoreDataProperties.swift"; sourceTree = "<group>"; };
		3472A9ED1CC6F3E100CEF1D1 /* PunchModel.swift */ = {isa = PBXFileReference; fileEncoding = 4; lastKnownFileType = sourcecode.swift; path = PunchModel.swift; sourceTree = "<group>"; };
		349D9B291CC2ECD20088DE5E /* FormPunchViewController.swift */ = {isa = PBXFileReference; fileEncoding = 4; lastKnownFileType = sourcecode.swift; name = FormPunchViewController.swift; path = Punch/Form/FormPunchViewController.swift; sourceTree = "<group>"; };
		349D9B311CC2F7960088DE5E /* FormPunchDataSource.swift */ = {isa = PBXFileReference; fileEncoding = 4; lastKnownFileType = sourcecode.swift; name = FormPunchDataSource.swift; path = Punch/Form/FormPunchDataSource.swift; sourceTree = "<group>"; };
		349EDD071CE0A97D0005AC01 /* Double+ToDays.swift */ = {isa = PBXFileReference; fileEncoding = 4; lastKnownFileType = sourcecode.swift; path = "Double+ToDays.swift"; sourceTree = "<group>"; };
		349EDD0A1CE0B4A90005AC01 /* NSDate+IsWeekday.swift */ = {isa = PBXFileReference; fileEncoding = 4; lastKnownFileType = sourcecode.swift; path = "NSDate+IsWeekday.swift"; sourceTree = "<group>"; };
		34BD8F951CC5BA3500607BA6 /* TabBarController.swift */ = {isa = PBXFileReference; fileEncoding = 4; lastKnownFileType = sourcecode.swift; path = TabBarController.swift; sourceTree = "<group>"; };
		34BD8F981CC6628E00607BA6 /* MaterialIcons+UIImage.swift */ = {isa = PBXFileReference; fileEncoding = 4; lastKnownFileType = sourcecode.swift; path = "MaterialIcons+UIImage.swift"; sourceTree = "<group>"; };
		34D19FF01CDA6CBA0046B7CF /* MarcoPontoTests.xctest */ = {isa = PBXFileReference; explicitFileType = wrapper.cfbundle; includeInIndex = 0; path = MarcoPontoTests.xctest; sourceTree = BUILT_PRODUCTS_DIR; };
		34D19FF21CDA6CBA0046B7CF /* PunchGatewayCoreDataTests.swift */ = {isa = PBXFileReference; lastKnownFileType = sourcecode.swift; path = PunchGatewayCoreDataTests.swift; sourceTree = "<group>"; };
		34D19FF41CDA6CBA0046B7CF /* Info.plist */ = {isa = PBXFileReference; lastKnownFileType = text.plist.xml; path = Info.plist; sourceTree = "<group>"; };
		34D779E81CDC3F8100B13169 /* UIColors.swift */ = {isa = PBXFileReference; fileEncoding = 4; lastKnownFileType = sourcecode.swift; path = UIColors.swift; sourceTree = "<group>"; };
		34DF30071CDD6EF3003E6A85 /* MarcoPontoCore.framework */ = {isa = PBXFileReference; explicitFileType = wrapper.framework; includeInIndex = 0; path = MarcoPontoCore.framework; sourceTree = BUILT_PRODUCTS_DIR; };
		34DF30091CDD6EF3003E6A85 /* MarcoPontoCore.h */ = {isa = PBXFileReference; lastKnownFileType = sourcecode.c.h; path = MarcoPontoCore.h; sourceTree = "<group>"; };
		34DF300B1CDD6EF3003E6A85 /* Info.plist */ = {isa = PBXFileReference; lastKnownFileType = text.plist.xml; path = Info.plist; sourceTree = "<group>"; };
		34DF30101CDD6EF3003E6A85 /* MarcoPontoCoreTests.xctest */ = {isa = PBXFileReference; explicitFileType = wrapper.cfbundle; includeInIndex = 0; path = MarcoPontoCoreTests.xctest; sourceTree = BUILT_PRODUCTS_DIR; };
		34DF30191CDD6EF3003E6A85 /* Info.plist */ = {isa = PBXFileReference; lastKnownFileType = text.plist.xml; path = Info.plist; sourceTree = "<group>"; };
		34DF30251CDD6F6D003E6A85 /* BalanceWorkedHoursEntity.swift */ = {isa = PBXFileReference; fileEncoding = 4; lastKnownFileType = sourcecode.swift; path = BalanceWorkedHoursEntity.swift; sourceTree = "<group>"; };
		34DF30261CDD6F6D003E6A85 /* MandatoryWorkloadEntity.swift */ = {isa = PBXFileReference; fileEncoding = 4; lastKnownFileType = sourcecode.swift; path = MandatoryWorkloadEntity.swift; sourceTree = "<group>"; };
		34DF30271CDD6F6D003E6A85 /* TotalWorkedHoursEntity.swift */ = {isa = PBXFileReference; fileEncoding = 4; lastKnownFileType = sourcecode.swift; path = TotalWorkedHoursEntity.swift; sourceTree = "<group>"; };
		34DF30291CDD6F6D003E6A85 /* PunchType.swift */ = {isa = PBXFileReference; fileEncoding = 4; lastKnownFileType = sourcecode.swift; path = PunchType.swift; sourceTree = "<group>"; };
		34DF302A1CDD6F6D003E6A85 /* WorkHourType.swift */ = {isa = PBXFileReference; fileEncoding = 4; lastKnownFileType = sourcecode.swift; path = WorkHourType.swift; sourceTree = "<group>"; };
		34DF302C1CDD6F6D003E6A85 /* Double+ToSeconds.swift */ = {isa = PBXFileReference; fileEncoding = 4; lastKnownFileType = sourcecode.swift; path = "Double+ToSeconds.swift"; sourceTree = "<group>"; };
		34DF302D1CDD6F6D003E6A85 /* NSDate+DateRange.swift */ = {isa = PBXFileReference; fileEncoding = 4; lastKnownFileType = sourcecode.swift; path = "NSDate+DateRange.swift"; sourceTree = "<group>"; };
		34DF302E1CDD6F6D003E6A85 /* NSTimeInterval+ToTimeString.swift */ = {isa = PBXFileReference; fileEncoding = 4; lastKnownFileType = sourcecode.swift; path = "NSTimeInterval+ToTimeString.swift"; sourceTree = "<group>"; };
		34DF30301CDD6F6D003E6A85 /* PunchGateway.swift */ = {isa = PBXFileReference; fileEncoding = 4; lastKnownFileType = sourcecode.swift; path = PunchGateway.swift; sourceTree = "<group>"; };
		34DF30321CDD6F6D003E6A85 /* ListPunchsPresenter.swift */ = {isa = PBXFileReference; fileEncoding = 4; lastKnownFileType = sourcecode.swift; path = ListPunchsPresenter.swift; sourceTree = "<group>"; };
		34DF30331CDD6F6D003E6A85 /* SavePunchPresenter.swift */ = {isa = PBXFileReference; fileEncoding = 4; lastKnownFileType = sourcecode.swift; path = SavePunchPresenter.swift; sourceTree = "<group>"; };
		34DF30341CDD6F6D003E6A85 /* WorkedHoursPresenter.swift */ = {isa = PBXFileReference; fileEncoding = 4; lastKnownFileType = sourcecode.swift; path = WorkedHoursPresenter.swift; sourceTree = "<group>"; };
		34DF30361CDD6F6D003E6A85 /* Punch.swift */ = {isa = PBXFileReference; fileEncoding = 4; lastKnownFileType = sourcecode.swift; path = Punch.swift; sourceTree = "<group>"; };
		34DF30371CDD6F6D003E6A85 /* WorkHour.swift */ = {isa = PBXFileReference; fileEncoding = 4; lastKnownFileType = sourcecode.swift; path = WorkHour.swift; sourceTree = "<group>"; };
		34DF30391CDD6F6D003E6A85 /* ListPunchsUsecase.swift */ = {isa = PBXFileReference; fileEncoding = 4; lastKnownFileType = sourcecode.swift; path = ListPunchsUsecase.swift; sourceTree = "<group>"; };
		34DF303A1CDD6F6D003E6A85 /* SavePunchUsecase.swift */ = {isa = PBXFileReference; fileEncoding = 4; lastKnownFileType = sourcecode.swift; path = SavePunchUsecase.swift; sourceTree = "<group>"; };
		34DF303B1CDD6F6D003E6A85 /* WorkedHoursUsecase.swift */ = {isa = PBXFileReference; fileEncoding = 4; lastKnownFileType = sourcecode.swift; path = WorkedHoursUsecase.swift; sourceTree = "<group>"; };
		34DF30811CDD6F81003E6A85 /* BalanceWorkedHoursEntityTests.swift */ = {isa = PBXFileReference; fileEncoding = 4; lastKnownFileType = sourcecode.swift; path = BalanceWorkedHoursEntityTests.swift; sourceTree = "<group>"; };
		34DF30821CDD6F81003E6A85 /* CalculateWorkedHoursEntityTests.swift */ = {isa = PBXFileReference; fileEncoding = 4; lastKnownFileType = sourcecode.swift; path = CalculateWorkedHoursEntityTests.swift; sourceTree = "<group>"; };
		34DF30831CDD6F81003E6A85 /* MandatoryWorkloadEntityHoursTests.swift */ = {isa = PBXFileReference; fileEncoding = 4; lastKnownFileType = sourcecode.swift; path = MandatoryWorkloadEntityHoursTests.swift; sourceTree = "<group>"; };
		34DF30851CDD6F81003E6A85 /* PunchTypeTests.swift */ = {isa = PBXFileReference; fileEncoding = 4; lastKnownFileType = sourcecode.swift; path = PunchTypeTests.swift; sourceTree = "<group>"; };
		34DF30861CDD6F81003E6A85 /* WorkHourTypeTests.swift */ = {isa = PBXFileReference; fileEncoding = 4; lastKnownFileType = sourcecode.swift; path = WorkHourTypeTests.swift; sourceTree = "<group>"; };
		34DF30891CDD6F81003E6A85 /* PunchGatewayFake.swift */ = {isa = PBXFileReference; fileEncoding = 4; lastKnownFileType = sourcecode.swift; path = PunchGatewayFake.swift; sourceTree = "<group>"; };
		34DF308A1CDD6F81003E6A85 /* PunchGatewaySpy.swift */ = {isa = PBXFileReference; fileEncoding = 4; lastKnownFileType = sourcecode.swift; path = PunchGatewaySpy.swift; sourceTree = "<group>"; };
		34DF308C1CDD6F81003E6A85 /* ListPunchsPresenterSpy.swift */ = {isa = PBXFileReference; fileEncoding = 4; lastKnownFileType = sourcecode.swift; path = ListPunchsPresenterSpy.swift; sourceTree = "<group>"; };
		34DF308D1CDD6F81003E6A85 /* SavePunchPresenterSpy.swift */ = {isa = PBXFileReference; fileEncoding = 4; lastKnownFileType = sourcecode.swift; path = SavePunchPresenterSpy.swift; sourceTree = "<group>"; };
		34DF308E1CDD6F81003E6A85 /* WorkedHoursPresenterFake.swift */ = {isa = PBXFileReference; fileEncoding = 4; lastKnownFileType = sourcecode.swift; path = WorkedHoursPresenterFake.swift; sourceTree = "<group>"; };
		34DF30901CDD6F81003E6A85 /* ListPunchsUsecaseTests.swift */ = {isa = PBXFileReference; fileEncoding = 4; lastKnownFileType = sourcecode.swift; path = ListPunchsUsecaseTests.swift; sourceTree = "<group>"; };
		34DF30911CDD6F81003E6A85 /* SavePunchUsecaseTests.swift */ = {isa = PBXFileReference; fileEncoding = 4; lastKnownFileType = sourcecode.swift; path = SavePunchUsecaseTests.swift; sourceTree = "<group>"; };
		34DF30921CDD6F81003E6A85 /* WorkedHoursUsecaseTests.swift */ = {isa = PBXFileReference; fileEncoding = 4; lastKnownFileType = sourcecode.swift; path = WorkedHoursUsecaseTests.swift; sourceTree = "<group>"; };
		34E489361CDDA0690033E5A3 /* ImageTableViewCell.swift */ = {isa = PBXFileReference; fileEncoding = 4; lastKnownFileType = sourcecode.swift; path = ImageTableViewCell.swift; sourceTree = "<group>"; };
		34E489371CDDA0690033E5A3 /* ImageTableViewCell.xib */ = {isa = PBXFileReference; fileEncoding = 4; lastKnownFileType = file.xib; path = ImageTableViewCell.xib; sourceTree = "<group>"; };
		34E9688F1CE92EEB0084E1A7 /* SettingsTableViewController.swift */ = {isa = PBXFileReference; fileEncoding = 4; lastKnownFileType = sourcecode.swift; path = SettingsTableViewController.swift; sourceTree = "<group>"; };
		34E968901CE92EEB0084E1A7 /* SettingsTableViewController.xib */ = {isa = PBXFileReference; fileEncoding = 4; lastKnownFileType = file.xib; path = SettingsTableViewController.xib; sourceTree = "<group>"; };
		34E968931CE92F430084E1A7 /* FacebookTableViewCell.swift */ = {isa = PBXFileReference; fileEncoding = 4; lastKnownFileType = sourcecode.swift; path = FacebookTableViewCell.swift; sourceTree = "<group>"; };
		34E968941CE92F430084E1A7 /* FacebookTableViewCell.xib */ = {isa = PBXFileReference; fileEncoding = 4; lastKnownFileType = file.xib; path = FacebookTableViewCell.xib; sourceTree = "<group>"; };
		34E9B3EC1CC360060017A083 /* PunchGatewayCoreData.swift */ = {isa = PBXFileReference; fileEncoding = 4; lastKnownFileType = sourcecode.swift; path = PunchGatewayCoreData.swift; sourceTree = "<group>"; };
		34E9B3EF1CC3B72E0017A083 /* ListPunchUsecaseFactory.swift */ = {isa = PBXFileReference; fileEncoding = 4; lastKnownFileType = sourcecode.swift; path = ListPunchUsecaseFactory.swift; sourceTree = "<group>"; };
		34E9B3F91CC3D9C80017A083 /* SavePunchUsecaseFactory.swift */ = {isa = PBXFileReference; fileEncoding = 4; lastKnownFileType = sourcecode.swift; path = SavePunchUsecaseFactory.swift; sourceTree = "<group>"; };
		34E9B3FB1CC3DA1A0017A083 /* PunchGatewayCoreDataFactory.swift */ = {isa = PBXFileReference; fileEncoding = 4; lastKnownFileType = sourcecode.swift; path = PunchGatewayCoreDataFactory.swift; sourceTree = "<group>"; };
		34E9B4021CC419090017A083 /* PunchTypeLabel.swift */ = {isa = PBXFileReference; fileEncoding = 4; lastKnownFileType = sourcecode.swift; path = PunchTypeLabel.swift; sourceTree = "<group>"; };
		34E9B4041CC42C360017A083 /* ListPunchsDelegate.swift */ = {isa = PBXFileReference; fileEncoding = 4; lastKnownFileType = sourcecode.swift; path = ListPunchsDelegate.swift; sourceTree = "<group>"; };
		404EC8D24C423383DEB49E1D /* Pods_MarocPontoCore.framework */ = {isa = PBXFileReference; explicitFileType = wrapper.framework; includeInIndex = 0; path = Pods_MarocPontoCore.framework; sourceTree = BUILT_PRODUCTS_DIR; };
		4B7A510FF99EB4FD47D6A6E0 /* ListPunchsTableViewCell.swift */ = {isa = PBXFileReference; fileEncoding = 4; lastKnownFileType = sourcecode.swift; path = ListPunchsTableViewCell.swift; sourceTree = "<group>"; };
		4B7A521BCF886584E14BC9C7 /* ListPunchsViewController.xib */ = {isa = PBXFileReference; lastKnownFileType = file.xib; path = ListPunchsViewController.xib; sourceTree = "<group>"; };
		4B7A54C26B2939F7ECFE71B2 /* FormPunchViewController.xib */ = {isa = PBXFileReference; lastKnownFileType = file.xib; path = FormPunchViewController.xib; sourceTree = "<group>"; };
		4B7A56FDBC391BDD47B73BEA /* SelectTypeTableViewCell.xib */ = {isa = PBXFileReference; lastKnownFileType = file.xib; path = SelectTypeTableViewCell.xib; sourceTree = "<group>"; };
		4B7A573D022134E77DF927F6 /* SelectMomentTableViewCell.swift */ = {isa = PBXFileReference; fileEncoding = 4; lastKnownFileType = sourcecode.swift; path = SelectMomentTableViewCell.swift; sourceTree = "<group>"; };
		4B7A581DCA5399934C5D8F40 /* TotalsViewController.xib */ = {isa = PBXFileReference; lastKnownFileType = file.xib; path = TotalsViewController.xib; sourceTree = "<group>"; };
		4B7A5C3920C3D4812223D3F0 /* SelectMomentTableViewCell.xib */ = {isa = PBXFileReference; lastKnownFileType = file.xib; path = SelectMomentTableViewCell.xib; sourceTree = "<group>"; };
		4B7A5CAA1E540DD091D0E91E /* ListPunchsTableViewCell.xib */ = {isa = PBXFileReference; lastKnownFileType = file.xib; path = ListPunchsTableViewCell.xib; sourceTree = "<group>"; };
		4B7A5D6EBB90885177A24653 /* SelectTypeTableViewCell.swift */ = {isa = PBXFileReference; fileEncoding = 4; lastKnownFileType = sourcecode.swift; path = SelectTypeTableViewCell.swift; sourceTree = "<group>"; };
		56484213089692FF111507C5 /* Pods-MarcoPonto.release.xcconfig */ = {isa = PBXFileReference; includeInIndex = 1; lastKnownFileType = text.xcconfig; name = "Pods-MarcoPonto.release.xcconfig"; path = "Pods/Target Support Files/Pods-MarcoPonto/Pods-MarcoPonto.release.xcconfig"; sourceTree = "<group>"; };
		5979D1F66EDD9035050D4202 /* Pods-MarocPontoCoreTests.debug.xcconfig */ = {isa = PBXFileReference; includeInIndex = 1; lastKnownFileType = text.xcconfig; name = "Pods-MarocPontoCoreTests.debug.xcconfig"; path = "Pods/Target Support Files/Pods-MarocPontoCoreTests/Pods-MarocPontoCoreTests.debug.xcconfig"; sourceTree = "<group>"; };
		7100F9B6EF09CA2075256FF1 /* Pods-MarcoPontoCoreTests.release.xcconfig */ = {isa = PBXFileReference; includeInIndex = 1; lastKnownFileType = text.xcconfig; name = "Pods-MarcoPontoCoreTests.release.xcconfig"; path = "Pods/Target Support Files/Pods-MarcoPontoCoreTests/Pods-MarcoPontoCoreTests.release.xcconfig"; sourceTree = "<group>"; };
		81C82F974AC11FC5E456E76F /* Pods_MarcoPonto.framework */ = {isa = PBXFileReference; explicitFileType = wrapper.framework; includeInIndex = 0; path = Pods_MarcoPonto.framework; sourceTree = BUILT_PRODUCTS_DIR; };
		87A104FEB40DC9B5C4A8A423 /* Pods-MarcoPontoCore.debug.xcconfig */ = {isa = PBXFileReference; includeInIndex = 1; lastKnownFileType = text.xcconfig; name = "Pods-MarcoPontoCore.debug.xcconfig"; path = "Pods/Target Support Files/Pods-MarcoPontoCore/Pods-MarcoPontoCore.debug.xcconfig"; sourceTree = "<group>"; };
		90B1380CF2AEDB9431B80BE6 /* Pods-MarocPontoCoreTests.release.xcconfig */ = {isa = PBXFileReference; includeInIndex = 1; lastKnownFileType = text.xcconfig; name = "Pods-MarocPontoCoreTests.release.xcconfig"; path = "Pods/Target Support Files/Pods-MarocPontoCoreTests/Pods-MarocPontoCoreTests.release.xcconfig"; sourceTree = "<group>"; };
		9D3EA37CC3D6B97EBE343852 /* Pods-MarocPontoCore.debug.xcconfig */ = {isa = PBXFileReference; includeInIndex = 1; lastKnownFileType = text.xcconfig; name = "Pods-MarocPontoCore.debug.xcconfig"; path = "Pods/Target Support Files/Pods-MarocPontoCore/Pods-MarocPontoCore.debug.xcconfig"; sourceTree = "<group>"; };
		CA445732E92464A3A26102C5 /* Pods-MarcoPontoCore.release.xcconfig */ = {isa = PBXFileReference; includeInIndex = 1; lastKnownFileType = text.xcconfig; name = "Pods-MarcoPontoCore.release.xcconfig"; path = "Pods/Target Support Files/Pods-MarcoPontoCore/Pods-MarcoPontoCore.release.xcconfig"; sourceTree = "<group>"; };
		DA404A759F1E16BC4DE18C80 /* Pods_MarcoPontoCoreTests.framework */ = {isa = PBXFileReference; explicitFileType = wrapper.framework; includeInIndex = 0; path = Pods_MarcoPontoCoreTests.framework; sourceTree = BUILT_PRODUCTS_DIR; };
		E1856DDB607C20C59F7245D8 /* Pods_MarcoPontoTests.framework */ = {isa = PBXFileReference; explicitFileType = wrapper.framework; includeInIndex = 0; path = Pods_MarcoPontoTests.framework; sourceTree = BUILT_PRODUCTS_DIR; };
		F861B409D24DF34CD93ACF13 /* Pods_MarcoPontoCore.framework */ = {isa = PBXFileReference; explicitFileType = wrapper.framework; includeInIndex = 0; path = Pods_MarcoPontoCore.framework; sourceTree = BUILT_PRODUCTS_DIR; };
/* End PBXFileReference section */

/* Begin PBXFrameworksBuildPhase section */
		3435FF6F1CC2E7640076AF42 /* Frameworks */ = {
			isa = PBXFrameworksBuildPhase;
			buildActionMask = 2147483647;
			files = (
				A05A95DEEDAA4608E99F9C4B /* Pods_MarcoPonto.framework in Frameworks */,
				34DF301C1CDD6EF3003E6A85 /* MarcoPontoCore.framework in Frameworks */,
			);
			runOnlyForDeploymentPostprocessing = 0;
		};
		34D19FED1CDA6CBA0046B7CF /* Frameworks */ = {
			isa = PBXFrameworksBuildPhase;
			buildActionMask = 2147483647;
			files = (
				34DF30A21CDD717C003E6A85 /* MarcoPontoCore.framework in Frameworks */,
				D918C225466D4C610081981A /* Pods_MarcoPontoTests.framework in Frameworks */,
			);
			runOnlyForDeploymentPostprocessing = 0;
		};
		34DF30031CDD6EF3003E6A85 /* Frameworks */ = {
			isa = PBXFrameworksBuildPhase;
			buildActionMask = 2147483647;
			files = (
				38A1D5DDE9A008BB75B85D2B /* Pods_MarcoPontoCore.framework in Frameworks */,
			);
			runOnlyForDeploymentPostprocessing = 0;
		};
		34DF300D1CDD6EF3003E6A85 /* Frameworks */ = {
			isa = PBXFrameworksBuildPhase;
			buildActionMask = 2147483647;
			files = (
				34DF30111CDD6EF3003E6A85 /* MarcoPontoCore.framework in Frameworks */,
				236678E80E852C78C7D096CE /* Pods_MarcoPontoCoreTests.framework in Frameworks */,
			);
			runOnlyForDeploymentPostprocessing = 0;
		};
/* End PBXFrameworksBuildPhase section */

/* Begin PBXGroup section */
		340BD7311CC33F9700AB860B /* Form */ = {
			isa = PBXGroup;
			children = (
				349D9B311CC2F7960088DE5E /* FormPunchDataSource.swift */,
				349D9B291CC2ECD20088DE5E /* FormPunchViewController.swift */,
			);
			name = Form;
			sourceTree = "<group>";
		};
		340BD7321CC33FAB00AB860B /* Punch */ = {
			isa = PBXGroup;
			children = (
				340BD7311CC33F9700AB860B /* Form */,
				340BD7351CC3404200AB860B /* List */,
				340BD72A1CC33D8100AB860B /* PunchsNavigationController.swift */,
			);
			name = Punch;
			sourceTree = "<group>";
		};
		340BD7351CC3404200AB860B /* List */ = {
			isa = PBXGroup;
			children = (
				340BD7431CC3462B00AB860B /* ListPunchsDataSource.swift */,
				34E9B4041CC42C360017A083 /* ListPunchsDelegate.swift */,
				340BD7371CC3409600AB860B /* ListPunchsViewController.swift */,
				34E9B4021CC419090017A083 /* PunchTypeLabel.swift */,
			);
			name = List;
			path = MarcoPonto/ViewsControllers/Punch/List;
			sourceTree = SOURCE_ROOT;
		};
		341877291CC6E454002A4B59 /* Reports */ = {
			isa = PBXGroup;
			children = (
				341877301CC6E552002A4B59 /* ReportsNavigationController.swift */,
				3418772B1CC6E4B3002A4B59 /* TotalsViewController.swift */,
				3405D98C1CCA74F600616382 /* TotalsDataSource.swift */,
			);
			name = Reports;
			path = MarcoPonto/ViewsControllers/Reports;
			sourceTree = SOURCE_ROOT;
		};
		3435FF691CC2E7640076AF42 = {
			isa = PBXGroup;
			children = (
				3435FF741CC2E7640076AF42 /* MarcoPonto */,
				34D19FF11CDA6CBA0046B7CF /* MarcoPontoTests */,
				34DF30081CDD6EF3003E6A85 /* MarcoPontoCore */,
				34DF30161CDD6EF3003E6A85 /* MarcoPontoCoreTests */,
				3435FF731CC2E7640076AF42 /* Products */,
				93DB51290E3CD3B719837D29 /* Frameworks */,
				D1706638DC8C714FE9ADE031 /* Pods */,
			);
			sourceTree = "<group>";
		};
		3435FF731CC2E7640076AF42 /* Products */ = {
			isa = PBXGroup;
			children = (
				3435FF721CC2E7640076AF42 /* MarcoPonto.app */,
				34D19FF01CDA6CBA0046B7CF /* MarcoPontoTests.xctest */,
				34DF30071CDD6EF3003E6A85 /* MarcoPontoCore.framework */,
				34DF30101CDD6EF3003E6A85 /* MarcoPontoCoreTests.xctest */,
			);
			name = Products;
			sourceTree = "<group>";
		};
		3435FF741CC2E7640076AF42 /* MarcoPonto */ = {
			isa = PBXGroup;
			children = (
				349D9B151CC2E82E0088DE5E /* ApplicationBase */,
				34BD8F971CC6623B00607BA6 /* Assets */,
				34E9B3EE1CC3B7010017A083 /* Factories */,
				34E9B3E71CC35AF50017A083 /* Gateways */,
				349D9B161CC2E8610088DE5E /* Models */,
				4B7A5C1023A6928A9A573DA8 /* Views */,
				349D9B261CC2EBA40088DE5E /* ViewsControllers */,
			);
			path = MarcoPonto;
			sourceTree = "<group>";
		};
		349D9B151CC2E82E0088DE5E /* ApplicationBase */ = {
			isa = PBXGroup;
			children = (
				3435FF751CC2E7640076AF42 /* AppDelegate.swift */,
				3435FF841CC2E7640076AF42 /* Info.plist */,
				3435FF811CC2E7640076AF42 /* LaunchScreen.storyboard */,
			);
			name = ApplicationBase;
			path = MarcoPonto/ApplicationBase;
			sourceTree = SOURCE_ROOT;
		};
		349D9B161CC2E8610088DE5E /* Models */ = {
			isa = PBXGroup;
			children = (
				3435FF7C1CC2E7640076AF42 /* MarcoPonto.xcdatamodeld */,
				3472A9ED1CC6F3E100CEF1D1 /* PunchModel.swift */,
				3472A9EC1CC6F3E100CEF1D1 /* PunchModel+CoreDataProperties.swift */,
			);
			name = Models;
			path = MarcoPonto/Models;
			sourceTree = SOURCE_ROOT;
		};
		349D9B261CC2EBA40088DE5E /* ViewsControllers */ = {
			isa = PBXGroup;
			children = (
				34E968971CE92F550084E1A7 /* Settings */,
				340BD7321CC33FAB00AB860B /* Punch */,
				341877291CC6E454002A4B59 /* Reports */,
				34BD8F951CC5BA3500607BA6 /* TabBarController.swift */,
			);
			name = ViewsControllers;
			path = MarcoPonto/ViewsControllers;
			sourceTree = SOURCE_ROOT;
		};
		34BD8F971CC6623B00607BA6 /* Assets */ = {
			isa = PBXGroup;
			children = (
				34D779E81CDC3F8100B13169 /* UIColors.swift */,
				340C519B1CDAD369001ED6D5 /* Marco Ponto.clr */,
				3435FF7F1CC2E7640076AF42 /* Assets.xcassets */,
				34BD8F981CC6628E00607BA6 /* MaterialIcons+UIImage.swift */,
			);
			name = Assets;
			path = MarcoPonto/Assets;
			sourceTree = SOURCE_ROOT;
		};
		34D19FF11CDA6CBA0046B7CF /* MarcoPontoTests */ = {
			isa = PBXGroup;
			children = (
				34D1A0211CDA96B30046B7CF /* Gateways */,
				34D19FF41CDA6CBA0046B7CF /* Info.plist */,
			);
			path = MarcoPontoTests;
			sourceTree = "<group>";
		};
		34D1A0211CDA96B30046B7CF /* Gateways */ = {
			isa = PBXGroup;
			children = (
				34D19FF21CDA6CBA0046B7CF /* PunchGatewayCoreDataTests.swift */,
			);
			path = Gateways;
			sourceTree = "<group>";
		};
		34DF30081CDD6EF3003E6A85 /* MarcoPontoCore */ = {
			isa = PBXGroup;
			children = (
				34DF30241CDD6F6D003E6A85 /* Entities */,
				34DF30281CDD6F6D003E6A85 /* Enums */,
				34DF302B1CDD6F6D003E6A85 /* Extensions */,
				34DF302F1CDD6F6D003E6A85 /* Gateways */,
				34DF30311CDD6F6D003E6A85 /* Presenters */,
				34DF30351CDD6F6D003E6A85 /* Structs */,
				34DF30381CDD6F6D003E6A85 /* Usecases */,
				34DF30091CDD6EF3003E6A85 /* MarcoPontoCore.h */,
				34DF300B1CDD6EF3003E6A85 /* Info.plist */,
			);
			path = MarcoPontoCore;
			sourceTree = "<group>";
		};
		34DF30161CDD6EF3003E6A85 /* MarcoPontoCoreTests */ = {
			isa = PBXGroup;
			children = (
				34DF30801CDD6F81003E6A85 /* Entities */,
				34DF30841CDD6F81003E6A85 /* Enums */,
				34DF30871CDD6F81003E6A85 /* Fakes */,
				34DF308F1CDD6F81003E6A85 /* Usecases */,
				34DF30191CDD6EF3003E6A85 /* Info.plist */,
			);
			path = MarcoPontoCoreTests;
			sourceTree = "<group>";
		};
		34DF30241CDD6F6D003E6A85 /* Entities */ = {
			isa = PBXGroup;
			children = (
				34DF30251CDD6F6D003E6A85 /* BalanceWorkedHoursEntity.swift */,
				34DF30261CDD6F6D003E6A85 /* MandatoryWorkloadEntity.swift */,
				34DF30271CDD6F6D003E6A85 /* TotalWorkedHoursEntity.swift */,
			);
			path = Entities;
			sourceTree = "<group>";
		};
		34DF30281CDD6F6D003E6A85 /* Enums */ = {
			isa = PBXGroup;
			children = (
				34DF30291CDD6F6D003E6A85 /* PunchType.swift */,
				34DF302A1CDD6F6D003E6A85 /* WorkHourType.swift */,
			);
			path = Enums;
			sourceTree = "<group>";
		};
		34DF302B1CDD6F6D003E6A85 /* Extensions */ = {
			isa = PBXGroup;
			children = (
				349EDD071CE0A97D0005AC01 /* Double+ToDays.swift */,
				34DF302C1CDD6F6D003E6A85 /* Double+ToSeconds.swift */,
				34DF302D1CDD6F6D003E6A85 /* NSDate+DateRange.swift */,
				34DF302E1CDD6F6D003E6A85 /* NSTimeInterval+ToTimeString.swift */,
				349EDD0A1CE0B4A90005AC01 /* NSDate+IsWeekday.swift */,
			);
			path = Extensions;
			sourceTree = "<group>";
		};
		34DF302F1CDD6F6D003E6A85 /* Gateways */ = {
			isa = PBXGroup;
			children = (
				34DF30301CDD6F6D003E6A85 /* PunchGateway.swift */,
			);
			path = Gateways;
			sourceTree = "<group>";
		};
		34DF30311CDD6F6D003E6A85 /* Presenters */ = {
			isa = PBXGroup;
			children = (
				34DF30321CDD6F6D003E6A85 /* ListPunchsPresenter.swift */,
				34DF30331CDD6F6D003E6A85 /* SavePunchPresenter.swift */,
				34DF30341CDD6F6D003E6A85 /* WorkedHoursPresenter.swift */,
			);
			path = Presenters;
			sourceTree = "<group>";
		};
		34DF30351CDD6F6D003E6A85 /* Structs */ = {
			isa = PBXGroup;
			children = (
				34DF30361CDD6F6D003E6A85 /* Punch.swift */,
				34DF30371CDD6F6D003E6A85 /* WorkHour.swift */,
			);
			path = Structs;
			sourceTree = "<group>";
		};
		34DF30381CDD6F6D003E6A85 /* Usecases */ = {
			isa = PBXGroup;
			children = (
				34DF30391CDD6F6D003E6A85 /* ListPunchsUsecase.swift */,
				34DF303A1CDD6F6D003E6A85 /* SavePunchUsecase.swift */,
				34DF303B1CDD6F6D003E6A85 /* WorkedHoursUsecase.swift */,
			);
			path = Usecases;
			sourceTree = "<group>";
		};
		34DF30801CDD6F81003E6A85 /* Entities */ = {
			isa = PBXGroup;
			children = (
				34DF30811CDD6F81003E6A85 /* BalanceWorkedHoursEntityTests.swift */,
				34DF30821CDD6F81003E6A85 /* CalculateWorkedHoursEntityTests.swift */,
				34DF30831CDD6F81003E6A85 /* MandatoryWorkloadEntityHoursTests.swift */,
			);
			path = Entities;
			sourceTree = "<group>";
		};
		34DF30841CDD6F81003E6A85 /* Enums */ = {
			isa = PBXGroup;
			children = (
				34DF30851CDD6F81003E6A85 /* PunchTypeTests.swift */,
				34DF30861CDD6F81003E6A85 /* WorkHourTypeTests.swift */,
			);
			path = Enums;
			sourceTree = "<group>";
		};
		34DF30871CDD6F81003E6A85 /* Fakes */ = {
			isa = PBXGroup;
			children = (
				34DF30881CDD6F81003E6A85 /* Gateways */,
				34DF308B1CDD6F81003E6A85 /* Presenters */,
			);
			path = Fakes;
			sourceTree = "<group>";
		};
		34DF30881CDD6F81003E6A85 /* Gateways */ = {
			isa = PBXGroup;
			children = (
				34DF30891CDD6F81003E6A85 /* PunchGatewayFake.swift */,
				34DF308A1CDD6F81003E6A85 /* PunchGatewaySpy.swift */,
			);
			path = Gateways;
			sourceTree = "<group>";
		};
		34DF308B1CDD6F81003E6A85 /* Presenters */ = {
			isa = PBXGroup;
			children = (
				34DF308C1CDD6F81003E6A85 /* ListPunchsPresenterSpy.swift */,
				34DF308D1CDD6F81003E6A85 /* SavePunchPresenterSpy.swift */,
				34DF308E1CDD6F81003E6A85 /* WorkedHoursPresenterFake.swift */,
			);
			path = Presenters;
			sourceTree = "<group>";
		};
		34DF308F1CDD6F81003E6A85 /* Usecases */ = {
			isa = PBXGroup;
			children = (
				34DF30901CDD6F81003E6A85 /* ListPunchsUsecaseTests.swift */,
				34DF30911CDD6F81003E6A85 /* SavePunchUsecaseTests.swift */,
				34DF30921CDD6F81003E6A85 /* WorkedHoursUsecaseTests.swift */,
			);
			path = Usecases;
			sourceTree = "<group>";
		};
		34E9688A1CE92D790084E1A7 /* Settings */ = {
			isa = PBXGroup;
			children = (
				34E968901CE92EEB0084E1A7 /* SettingsTableViewController.xib */,
				34E968931CE92F430084E1A7 /* FacebookTableViewCell.swift */,
				34E968941CE92F430084E1A7 /* FacebookTableViewCell.xib */,
			);
			path = Settings;
			sourceTree = "<group>";
		};
		34E968971CE92F550084E1A7 /* Settings */ = {
			isa = PBXGroup;
			children = (
				34E9688F1CE92EEB0084E1A7 /* SettingsTableViewController.swift */,
			);
			path = Settings;
			sourceTree = "<group>";
		};
		34E9B3E71CC35AF50017A083 /* Gateways */ = {
			isa = PBXGroup;
			children = (
				34E9B3EC1CC360060017A083 /* PunchGatewayCoreData.swift */,
			);
			name = Gateways;
			path = MarcoPonto/Gateways;
			sourceTree = SOURCE_ROOT;
		};
		34E9B3EE1CC3B7010017A083 /* Factories */ = {
			isa = PBXGroup;
			children = (
				34E9B3EF1CC3B72E0017A083 /* ListPunchUsecaseFactory.swift */,
				34E9B3FB1CC3DA1A0017A083 /* PunchGatewayCoreDataFactory.swift */,
				34E9B3F91CC3D9C80017A083 /* SavePunchUsecaseFactory.swift */,
				3405D9871CCA51E700616382 /* CurrentWeekHoursUsecaseFactory.swift */,
			);
			name = Factories;
			path = MarcoPonto/Factories;
			sourceTree = SOURCE_ROOT;
		};
		4B7A50B67E7AAE2DDBCA1DC5 /* Punch */ = {
			isa = PBXGroup;
			children = (
				4B7A54EE51A3523833AAA396 /* Form */,
				4B7A5D197C23326FBCD842C8 /* List */,
			);
			path = Punch;
			sourceTree = "<group>";
		};
		4B7A54EE51A3523833AAA396 /* Form */ = {
			isa = PBXGroup;
			children = (
				4B7A54C26B2939F7ECFE71B2 /* FormPunchViewController.xib */,
				34E489361CDDA0690033E5A3 /* ImageTableViewCell.swift */,
				34E489371CDDA0690033E5A3 /* ImageTableViewCell.xib */,
				4B7A573D022134E77DF927F6 /* SelectMomentTableViewCell.swift */,
				4B7A5C3920C3D4812223D3F0 /* SelectMomentTableViewCell.xib */,
				4B7A5D6EBB90885177A24653 /* SelectTypeTableViewCell.swift */,
				4B7A56FDBC391BDD47B73BEA /* SelectTypeTableViewCell.xib */,
			);
			path = Form;
			sourceTree = "<group>";
		};
		4B7A5B8DEA18DE867FAC3FA2 /* Reports */ = {
			isa = PBXGroup;
			children = (
				4B7A581DCA5399934C5D8F40 /* TotalsViewController.xib */,
				340C51971CDACF71001ED6D5 /* WorkHoursTableViewCell.swift */,
				340C51981CDACF71001ED6D5 /* WorkHoursTableViewCell.xib */,
			);
			path = Reports;
			sourceTree = "<group>";
		};
		4B7A5C1023A6928A9A573DA8 /* Views */ = {
			isa = PBXGroup;
			children = (
				34E9688A1CE92D790084E1A7 /* Settings */,
				4B7A50B67E7AAE2DDBCA1DC5 /* Punch */,
				4B7A5B8DEA18DE867FAC3FA2 /* Reports */,
			);
			name = Views;
			path = ViewsControllers/Views;
			sourceTree = "<group>";
		};
		4B7A5D197C23326FBCD842C8 /* List */ = {
			isa = PBXGroup;
			children = (
				4B7A5CAA1E540DD091D0E91E /* ListPunchsTableViewCell.xib */,
				4B7A521BCF886584E14BC9C7 /* ListPunchsViewController.xib */,
				4B7A510FF99EB4FD47D6A6E0 /* ListPunchsTableViewCell.swift */,
			);
			path = List;
			sourceTree = "<group>";
		};
		93DB51290E3CD3B719837D29 /* Frameworks */ = {
			isa = PBXGroup;
			children = (
				81C82F974AC11FC5E456E76F /* Pods_MarcoPonto.framework */,
				E1856DDB607C20C59F7245D8 /* Pods_MarcoPontoTests.framework */,
				404EC8D24C423383DEB49E1D /* Pods_MarocPontoCore.framework */,
				07096AE6A23F3B47B8F63050 /* Pods_MarocPontoCoreTests.framework */,
				F861B409D24DF34CD93ACF13 /* Pods_MarcoPontoCore.framework */,
				DA404A759F1E16BC4DE18C80 /* Pods_MarcoPontoCoreTests.framework */,
			);
			name = Frameworks;
			sourceTree = "<group>";
		};
		D1706638DC8C714FE9ADE031 /* Pods */ = {
			isa = PBXGroup;
			children = (
				0796B546D9AF6FFFE578D654 /* Pods-MarcoPonto.debug.xcconfig */,
				56484213089692FF111507C5 /* Pods-MarcoPonto.release.xcconfig */,
				311B7F720514199B960B6235 /* Pods-MarcoPontoTests.debug.xcconfig */,
				26D7D264C5E50B35AFF83555 /* Pods-MarcoPontoTests.release.xcconfig */,
				9D3EA37CC3D6B97EBE343852 /* Pods-MarocPontoCore.debug.xcconfig */,
				12576A62F5476852BAD76768 /* Pods-MarocPontoCore.release.xcconfig */,
				5979D1F66EDD9035050D4202 /* Pods-MarocPontoCoreTests.debug.xcconfig */,
				90B1380CF2AEDB9431B80BE6 /* Pods-MarocPontoCoreTests.release.xcconfig */,
				87A104FEB40DC9B5C4A8A423 /* Pods-MarcoPontoCore.debug.xcconfig */,
				CA445732E92464A3A26102C5 /* Pods-MarcoPontoCore.release.xcconfig */,
				0493B32030BF09FF5B6C926A /* Pods-MarcoPontoCoreTests.debug.xcconfig */,
				7100F9B6EF09CA2075256FF1 /* Pods-MarcoPontoCoreTests.release.xcconfig */,
			);
			name = Pods;
			sourceTree = "<group>";
		};
/* End PBXGroup section */

/* Begin PBXHeadersBuildPhase section */
		34DF30041CDD6EF3003E6A85 /* Headers */ = {
			isa = PBXHeadersBuildPhase;
			buildActionMask = 2147483647;
			files = (
				34DF300A1CDD6EF3003E6A85 /* MarcoPontoCore.h in Headers */,
			);
			runOnlyForDeploymentPostprocessing = 0;
		};
/* End PBXHeadersBuildPhase section */

/* Begin PBXNativeTarget section */
		3435FF711CC2E7640076AF42 /* MarcoPonto */ = {
			isa = PBXNativeTarget;
			buildConfigurationList = 3435FF921CC2E7650076AF42 /* Build configuration list for PBXNativeTarget "MarcoPonto" */;
			buildPhases = (
				E820D01B5A50B13D180271A9 /* 📦 Check Pods Manifest.lock */,
				8B9278F5C8551EE313688846 /* uD83DuDCE6 Check Pods Manifest.lock */,
				3435FF6E1CC2E7640076AF42 /* Sources */,
				3435FF6F1CC2E7640076AF42 /* Frameworks */,
				3435FF701CC2E7640076AF42 /* Resources */,
				0ADA01CF5601B71329B1DA18 /* uD83DuDCE6 Embed Pods Frameworks */,
				1831955320E526753BF22D63 /* uD83DuDCE6 Copy Pods Resources */,
				34965A921CD3A9B600901A28 /* ShellScript */,
				347332B01CDD6E13005DF2F2 /* Embed Frameworks */,
				8E4F034F22BDFA1C39AC1D22 /* 📦 Embed Pods Frameworks */,
				FB82B2165C4760255A3A95CC /* 📦 Copy Pods Resources */,
			);
			buildRules = (
			);
			dependencies = (
				34DF301B1CDD6EF3003E6A85 /* PBXTargetDependency */,
			);
			name = MarcoPonto;
			productName = MarcoPonto;
			productReference = 3435FF721CC2E7640076AF42 /* MarcoPonto.app */;
			productType = "com.apple.product-type.application";
		};
		34D19FEF1CDA6CBA0046B7CF /* MarcoPontoTests */ = {
			isa = PBXNativeTarget;
			buildConfigurationList = 34D19FF71CDA6CBA0046B7CF /* Build configuration list for PBXNativeTarget "MarcoPontoTests" */;
			buildPhases = (
				854B251D5DA4E36D34EAB51B /* 📦 Check Pods Manifest.lock */,
				9A426588C777DCBB60A0DCFC /* uD83DuDCE6 Check Pods Manifest.lock */,
				34D19FEC1CDA6CBA0046B7CF /* Sources */,
				34D19FED1CDA6CBA0046B7CF /* Frameworks */,
				34D19FEE1CDA6CBA0046B7CF /* Resources */,
				1CF0E2962DEE9FA14F64D166 /* uD83DuDCE6 Embed Pods Frameworks */,
				1EF26C34E265AECEBFF257C0 /* uD83DuDCE6 Copy Pods Resources */,
				78946BA70B444E52D9155ABE /* 📦 Embed Pods Frameworks */,
				E781EB78F96AC4CA5B1FA52B /* 📦 Copy Pods Resources */,
			);
			buildRules = (
			);
			dependencies = (
				34D19FF61CDA6CBA0046B7CF /* PBXTargetDependency */,
			);
			name = MarcoPontoTests;
			productName = MarcoPontoTests;
			productReference = 34D19FF01CDA6CBA0046B7CF /* MarcoPontoTests.xctest */;
			productType = "com.apple.product-type.bundle.unit-test";
		};
		34DF30061CDD6EF3003E6A85 /* MarcoPontoCore */ = {
			isa = PBXNativeTarget;
			buildConfigurationList = 34DF30221CDD6EF3003E6A85 /* Build configuration list for PBXNativeTarget "MarcoPontoCore" */;
			buildPhases = (
				E32CDC0DB10820A8D5AE3B1F /* 📦 Check Pods Manifest.lock */,
				BA659E78AA12EB83E58FB194 /* uD83DuDCE6 Check Pods Manifest.lock */,
				34DF30021CDD6EF3003E6A85 /* Sources */,
				34DF30031CDD6EF3003E6A85 /* Frameworks */,
				34DF30041CDD6EF3003E6A85 /* Headers */,
				34DF30051CDD6EF3003E6A85 /* Resources */,
				82CEB58C4E98A8468634BEBA /* uD83DuDCE6 Copy Pods Resources */,
				455A9BB127790D55720054E1 /* 📦 Copy Pods Resources */,
			);
			buildRules = (
			);
			dependencies = (
			);
			name = MarcoPontoCore;
			productName = MarcoPontoCore;
			productReference = 34DF30071CDD6EF3003E6A85 /* MarcoPontoCore.framework */;
			productType = "com.apple.product-type.framework";
		};
		34DF300F1CDD6EF3003E6A85 /* MarcoPontoCoreTests */ = {
			isa = PBXNativeTarget;
			buildConfigurationList = 34DF30231CDD6EF3003E6A85 /* Build configuration list for PBXNativeTarget "MarcoPontoCoreTests" */;
			buildPhases = (
				5017891A604FD36FE55B65C1 /* 📦 Check Pods Manifest.lock */,
				51160C4E09F4CE5E974758FC /* uD83DuDCE6 Check Pods Manifest.lock */,
				34DF300C1CDD6EF3003E6A85 /* Sources */,
				34DF300D1CDD6EF3003E6A85 /* Frameworks */,
				34DF300E1CDD6EF3003E6A85 /* Resources */,
				B2823F0B85F399C7B50019ED /* uD83DuDCE6 Embed Pods Frameworks */,
				C83759EF000416E6518365F6 /* uD83DuDCE6 Copy Pods Resources */,
				D5659F6A0396C2923483C2AF /* 📦 Embed Pods Frameworks */,
				357855CA8AEFE2C63EE681F3 /* 📦 Copy Pods Resources */,
			);
			buildRules = (
			);
			dependencies = (
				34DF30131CDD6EF3003E6A85 /* PBXTargetDependency */,
				34DF30151CDD6EF3003E6A85 /* PBXTargetDependency */,
			);
			name = MarcoPontoCoreTests;
			productName = MarcoPontoCoreTests;
			productReference = 34DF30101CDD6EF3003E6A85 /* MarcoPontoCoreTests.xctest */;
			productType = "com.apple.product-type.bundle.unit-test";
		};
/* End PBXNativeTarget section */

/* Begin PBXProject section */
		3435FF6A1CC2E7640076AF42 /* Project object */ = {
			isa = PBXProject;
			attributes = {
				LastSwiftUpdateCheck = 0730;
				LastUpgradeCheck = 0730;
				ORGANIZATIONNAME = "Ronan Rodrigo Nunes";
				TargetAttributes = {
					3435FF711CC2E7640076AF42 = {
						CreatedOnToolsVersion = 7.3;
						DevelopmentTeam = 2729VXDM4D;
					};
					34D19FEF1CDA6CBA0046B7CF = {
						CreatedOnToolsVersion = 7.3;
						TestTargetID = 3435FF711CC2E7640076AF42;
					};
					34DF30061CDD6EF3003E6A85 = {
						CreatedOnToolsVersion = 7.3;
						DevelopmentTeam = 2729VXDM4D;
					};
					34DF300F1CDD6EF3003E6A85 = {
						CreatedOnToolsVersion = 7.3;
						TestTargetID = 3435FF711CC2E7640076AF42;
					};
				};
			};
			buildConfigurationList = 3435FF6D1CC2E7640076AF42 /* Build configuration list for PBXProject "MarcoPonto" */;
			compatibilityVersion = "Xcode 3.2";
			developmentRegion = English;
			hasScannedForEncodings = 0;
			knownRegions = (
				en,
				Base,
			);
			mainGroup = 3435FF691CC2E7640076AF42;
			productRefGroup = 3435FF731CC2E7640076AF42 /* Products */;
			projectDirPath = "";
			projectRoot = "";
			targets = (
				3435FF711CC2E7640076AF42 /* MarcoPonto */,
				34D19FEF1CDA6CBA0046B7CF /* MarcoPontoTests */,
				34DF30061CDD6EF3003E6A85 /* MarcoPontoCore */,
				34DF300F1CDD6EF3003E6A85 /* MarcoPontoCoreTests */,
			);
		};
/* End PBXProject section */

/* Begin PBXResourcesBuildPhase section */
		3435FF701CC2E7640076AF42 /* Resources */ = {
			isa = PBXResourcesBuildPhase;
			buildActionMask = 2147483647;
			files = (
				340C519A1CDACF71001ED6D5 /* WorkHoursTableViewCell.xib in Resources */,
				3435FF831CC2E7640076AF42 /* LaunchScreen.storyboard in Resources */,
				3435FF801CC2E7640076AF42 /* Assets.xcassets in Resources */,
				4B7A51761AFE51EF9211C877 /* FormPunchViewController.xib in Resources */,
				4B7A5E906F1DC11565C8E938 /* SelectMomentTableViewCell.xib in Resources */,
				34E968921CE92EEB0084E1A7 /* SettingsTableViewController.xib in Resources */,
				34E489391CDDA0690033E5A3 /* ImageTableViewCell.xib in Resources */,
				34E968961CE92F430084E1A7 /* FacebookTableViewCell.xib in Resources */,
				4B7A59FD587D2F8827D2AA64 /* SelectTypeTableViewCell.xib in Resources */,
				4B7A532ACFCC5B48106CE51E /* ListPunchsTableViewCell.xib in Resources */,
				4B7A5B0AA5D4A3B27F0B9142 /* ListPunchsViewController.xib in Resources */,
				4B7A5985BF6003BB6C46E01A /* TotalsViewController.xib in Resources */,
			);
			runOnlyForDeploymentPostprocessing = 0;
		};
		34D19FEE1CDA6CBA0046B7CF /* Resources */ = {
			isa = PBXResourcesBuildPhase;
			buildActionMask = 2147483647;
			files = (
			);
			runOnlyForDeploymentPostprocessing = 0;
		};
		34DF30051CDD6EF3003E6A85 /* Resources */ = {
			isa = PBXResourcesBuildPhase;
			buildActionMask = 2147483647;
			files = (
			);
			runOnlyForDeploymentPostprocessing = 0;
		};
		34DF300E1CDD6EF3003E6A85 /* Resources */ = {
			isa = PBXResourcesBuildPhase;
			buildActionMask = 2147483647;
			files = (
			);
			runOnlyForDeploymentPostprocessing = 0;
		};
/* End PBXResourcesBuildPhase section */

/* Begin PBXShellScriptBuildPhase section */
		0ADA01CF5601B71329B1DA18 /* uD83DuDCE6 Embed Pods Frameworks */ = {
			isa = PBXShellScriptBuildPhase;
			buildActionMask = 2147483647;
			files = (
			);
			inputPaths = (
			);
			name = "uD83DuDCE6 Embed Pods Frameworks";
			outputPaths = (
			);
			runOnlyForDeploymentPostprocessing = 0;
			shellPath = /bin/sh;
			shellScript = "\"${SRCROOT}/Pods/Target Support Files/Pods-MarcoPonto/Pods-MarcoPonto-frameworks.sh\"\n";
			showEnvVarsInLog = 0;
		};
		1831955320E526753BF22D63 /* uD83DuDCE6 Copy Pods Resources */ = {
			isa = PBXShellScriptBuildPhase;
			buildActionMask = 2147483647;
			files = (
			);
			inputPaths = (
			);
			name = "uD83DuDCE6 Copy Pods Resources";
			outputPaths = (
			);
			runOnlyForDeploymentPostprocessing = 0;
			shellPath = /bin/sh;
			shellScript = "\"${SRCROOT}/Pods/Target Support Files/Pods-MarcoPonto/Pods-MarcoPonto-resources.sh\"\n";
			showEnvVarsInLog = 0;
		};
		1CF0E2962DEE9FA14F64D166 /* uD83DuDCE6 Embed Pods Frameworks */ = {
			isa = PBXShellScriptBuildPhase;
			buildActionMask = 2147483647;
			files = (
			);
			inputPaths = (
			);
			name = "uD83DuDCE6 Embed Pods Frameworks";
			outputPaths = (
			);
			runOnlyForDeploymentPostprocessing = 0;
			shellPath = /bin/sh;
			shellScript = "\"${SRCROOT}/Pods/Target Support Files/Pods-MarcoPontoTests/Pods-MarcoPontoTests-frameworks.sh\"\n";
			showEnvVarsInLog = 0;
		};
		1EF26C34E265AECEBFF257C0 /* uD83DuDCE6 Copy Pods Resources */ = {
			isa = PBXShellScriptBuildPhase;
			buildActionMask = 2147483647;
			files = (
			);
			inputPaths = (
			);
			name = "uD83DuDCE6 Copy Pods Resources";
			outputPaths = (
			);
			runOnlyForDeploymentPostprocessing = 0;
			shellPath = /bin/sh;
			shellScript = "\"${SRCROOT}/Pods/Target Support Files/Pods-MarcoPontoTests/Pods-MarcoPontoTests-resources.sh\"\n";
			showEnvVarsInLog = 0;
		};
		34965A921CD3A9B600901A28 /* ShellScript */ = {
			isa = PBXShellScriptBuildPhase;
			buildActionMask = 2147483647;
			files = (
			);
			inputPaths = (
			);
			outputPaths = (
			);
			runOnlyForDeploymentPostprocessing = 0;
			shellPath = /bin/sh;
			shellScript = "if which swiftlint >/dev/null; then\n    swiftlint\nelse\n    echo \"warning: SwiftLint not installed, download from https://github.com/realm/SwiftLint\"\nfi";
		};
		357855CA8AEFE2C63EE681F3 /* 📦 Copy Pods Resources */ = {
			isa = PBXShellScriptBuildPhase;
			buildActionMask = 2147483647;
			files = (
			);
			inputPaths = (
			);
			name = "📦 Copy Pods Resources";
			outputPaths = (
			);
			runOnlyForDeploymentPostprocessing = 0;
			shellPath = /bin/sh;
			shellScript = "\"${SRCROOT}/Pods/Target Support Files/Pods-MarcoPontoCoreTests/Pods-MarcoPontoCoreTests-resources.sh\"\n";
			showEnvVarsInLog = 0;
		};
		455A9BB127790D55720054E1 /* 📦 Copy Pods Resources */ = {
			isa = PBXShellScriptBuildPhase;
			buildActionMask = 2147483647;
			files = (
			);
			inputPaths = (
			);
			name = "📦 Copy Pods Resources";
			outputPaths = (
			);
			runOnlyForDeploymentPostprocessing = 0;
			shellPath = /bin/sh;
			shellScript = "\"${SRCROOT}/Pods/Target Support Files/Pods-MarcoPontoCore/Pods-MarcoPontoCore-resources.sh\"\n";
			showEnvVarsInLog = 0;
		};
		5017891A604FD36FE55B65C1 /* 📦 Check Pods Manifest.lock */ = {
			isa = PBXShellScriptBuildPhase;
			buildActionMask = 2147483647;
			files = (
			);
			inputPaths = (
			);
			name = "📦 Check Pods Manifest.lock";
			outputPaths = (
			);
			runOnlyForDeploymentPostprocessing = 0;
			shellPath = /bin/sh;
			shellScript = "diff \"${PODS_ROOT}/../Podfile.lock\" \"${PODS_ROOT}/Manifest.lock\" > /dev/null\nif [[ $? != 0 ]] ; then\n    cat << EOM\nerror: The sandbox is not in sync with the Podfile.lock. Run 'pod install' or update your CocoaPods installation.\nEOM\n    exit 1\nfi\n";
			showEnvVarsInLog = 0;
		};
		51160C4E09F4CE5E974758FC /* uD83DuDCE6 Check Pods Manifest.lock */ = {
			isa = PBXShellScriptBuildPhase;
			buildActionMask = 2147483647;
			files = (
			);
			inputPaths = (
			);
			name = "uD83DuDCE6 Check Pods Manifest.lock";
			outputPaths = (
			);
			runOnlyForDeploymentPostprocessing = 0;
			shellPath = /bin/sh;
			shellScript = "diff \"${PODS_ROOT}/../Podfile.lock\" \"${PODS_ROOT}/Manifest.lock\" > /dev/null\nif [[ $? != 0 ]] ; then\n    cat << EOM\nerror: The sandbox is not in sync with the Podfile.lock. Run 'pod install' or update your CocoaPods installation.\nEOM\n    exit 1\nfi\n";
			showEnvVarsInLog = 0;
		};
		78946BA70B444E52D9155ABE /* 📦 Embed Pods Frameworks */ = {
			isa = PBXShellScriptBuildPhase;
			buildActionMask = 2147483647;
			files = (
			);
			inputPaths = (
			);
			name = "📦 Embed Pods Frameworks";
			outputPaths = (
			);
			runOnlyForDeploymentPostprocessing = 0;
			shellPath = /bin/sh;
			shellScript = "\"${SRCROOT}/Pods/Target Support Files/Pods-MarcoPontoTests/Pods-MarcoPontoTests-frameworks.sh\"\n";
			showEnvVarsInLog = 0;
		};
		82CEB58C4E98A8468634BEBA /* uD83DuDCE6 Copy Pods Resources */ = {
			isa = PBXShellScriptBuildPhase;
			buildActionMask = 2147483647;
			files = (
			);
			inputPaths = (
			);
			name = "uD83DuDCE6 Copy Pods Resources";
			outputPaths = (
			);
			runOnlyForDeploymentPostprocessing = 0;
			shellPath = /bin/sh;
			shellScript = "\"${SRCROOT}/Pods/Target Support Files/Pods-MarcoPontoCore/Pods-MarcoPontoCore-resources.sh\"\n";
			showEnvVarsInLog = 0;
		};
		854B251D5DA4E36D34EAB51B /* 📦 Check Pods Manifest.lock */ = {
			isa = PBXShellScriptBuildPhase;
			buildActionMask = 2147483647;
			files = (
			);
			inputPaths = (
			);
			name = "📦 Check Pods Manifest.lock";
			outputPaths = (
			);
			runOnlyForDeploymentPostprocessing = 0;
			shellPath = /bin/sh;
			shellScript = "diff \"${PODS_ROOT}/../Podfile.lock\" \"${PODS_ROOT}/Manifest.lock\" > /dev/null\nif [[ $? != 0 ]] ; then\n    cat << EOM\nerror: The sandbox is not in sync with the Podfile.lock. Run 'pod install' or update your CocoaPods installation.\nEOM\n    exit 1\nfi\n";
			showEnvVarsInLog = 0;
		};
		8B9278F5C8551EE313688846 /* uD83DuDCE6 Check Pods Manifest.lock */ = {
			isa = PBXShellScriptBuildPhase;
			buildActionMask = 2147483647;
			files = (
			);
			inputPaths = (
			);
			name = "uD83DuDCE6 Check Pods Manifest.lock";
			outputPaths = (
			);
			runOnlyForDeploymentPostprocessing = 0;
			shellPath = /bin/sh;
			shellScript = "diff \"${PODS_ROOT}/../Podfile.lock\" \"${PODS_ROOT}/Manifest.lock\" > /dev/null\nif [[ $? != 0 ]] ; then\n    cat << EOM\nerror: The sandbox is not in sync with the Podfile.lock. Run 'pod install' or update your CocoaPods installation.\nEOM\n    exit 1\nfi\n";
			showEnvVarsInLog = 0;
		};
		8E4F034F22BDFA1C39AC1D22 /* 📦 Embed Pods Frameworks */ = {
			isa = PBXShellScriptBuildPhase;
			buildActionMask = 2147483647;
			files = (
			);
			inputPaths = (
			);
			name = "📦 Embed Pods Frameworks";
			outputPaths = (
			);
			runOnlyForDeploymentPostprocessing = 0;
			shellPath = /bin/sh;
			shellScript = "\"${SRCROOT}/Pods/Target Support Files/Pods-MarcoPonto/Pods-MarcoPonto-frameworks.sh\"\n";
			showEnvVarsInLog = 0;
		};
		9A426588C777DCBB60A0DCFC /* uD83DuDCE6 Check Pods Manifest.lock */ = {
			isa = PBXShellScriptBuildPhase;
			buildActionMask = 2147483647;
			files = (
			);
			inputPaths = (
			);
			name = "uD83DuDCE6 Check Pods Manifest.lock";
			outputPaths = (
			);
			runOnlyForDeploymentPostprocessing = 0;
			shellPath = /bin/sh;
			shellScript = "diff \"${PODS_ROOT}/../Podfile.lock\" \"${PODS_ROOT}/Manifest.lock\" > /dev/null\nif [[ $? != 0 ]] ; then\n    cat << EOM\nerror: The sandbox is not in sync with the Podfile.lock. Run 'pod install' or update your CocoaPods installation.\nEOM\n    exit 1\nfi\n";
			showEnvVarsInLog = 0;
		};
		B2823F0B85F399C7B50019ED /* uD83DuDCE6 Embed Pods Frameworks */ = {
			isa = PBXShellScriptBuildPhase;
			buildActionMask = 2147483647;
			files = (
			);
			inputPaths = (
			);
			name = "uD83DuDCE6 Embed Pods Frameworks";
			outputPaths = (
			);
			runOnlyForDeploymentPostprocessing = 0;
			shellPath = /bin/sh;
			shellScript = "\"${SRCROOT}/Pods/Target Support Files/Pods-MarcoPontoCoreTests/Pods-MarcoPontoCoreTests-frameworks.sh\"\n";
			showEnvVarsInLog = 0;
		};
		BA659E78AA12EB83E58FB194 /* uD83DuDCE6 Check Pods Manifest.lock */ = {
			isa = PBXShellScriptBuildPhase;
			buildActionMask = 2147483647;
			files = (
			);
			inputPaths = (
			);
			name = "uD83DuDCE6 Check Pods Manifest.lock";
			outputPaths = (
			);
			runOnlyForDeploymentPostprocessing = 0;
			shellPath = /bin/sh;
			shellScript = "diff \"${PODS_ROOT}/../Podfile.lock\" \"${PODS_ROOT}/Manifest.lock\" > /dev/null\nif [[ $? != 0 ]] ; then\n    cat << EOM\nerror: The sandbox is not in sync with the Podfile.lock. Run 'pod install' or update your CocoaPods installation.\nEOM\n    exit 1\nfi\n";
			showEnvVarsInLog = 0;
		};
		C83759EF000416E6518365F6 /* uD83DuDCE6 Copy Pods Resources */ = {
			isa = PBXShellScriptBuildPhase;
			buildActionMask = 2147483647;
			files = (
			);
			inputPaths = (
			);
			name = "uD83DuDCE6 Copy Pods Resources";
			outputPaths = (
			);
			runOnlyForDeploymentPostprocessing = 0;
			shellPath = /bin/sh;
			shellScript = "\"${SRCROOT}/Pods/Target Support Files/Pods-MarcoPontoCoreTests/Pods-MarcoPontoCoreTests-resources.sh\"\n";
			showEnvVarsInLog = 0;
		};
		D5659F6A0396C2923483C2AF /* 📦 Embed Pods Frameworks */ = {
			isa = PBXShellScriptBuildPhase;
			buildActionMask = 2147483647;
			files = (
			);
			inputPaths = (
			);
			name = "📦 Embed Pods Frameworks";
			outputPaths = (
			);
			runOnlyForDeploymentPostprocessing = 0;
			shellPath = /bin/sh;
			shellScript = "\"${SRCROOT}/Pods/Target Support Files/Pods-MarcoPontoCoreTests/Pods-MarcoPontoCoreTests-frameworks.sh\"\n";
			showEnvVarsInLog = 0;
		};
		E32CDC0DB10820A8D5AE3B1F /* 📦 Check Pods Manifest.lock */ = {
			isa = PBXShellScriptBuildPhase;
			buildActionMask = 2147483647;
			files = (
			);
			inputPaths = (
			);
			name = "📦 Check Pods Manifest.lock";
			outputPaths = (
			);
			runOnlyForDeploymentPostprocessing = 0;
			shellPath = /bin/sh;
			shellScript = "diff \"${PODS_ROOT}/../Podfile.lock\" \"${PODS_ROOT}/Manifest.lock\" > /dev/null\nif [[ $? != 0 ]] ; then\n    cat << EOM\nerror: The sandbox is not in sync with the Podfile.lock. Run 'pod install' or update your CocoaPods installation.\nEOM\n    exit 1\nfi\n";
			showEnvVarsInLog = 0;
		};
		E781EB78F96AC4CA5B1FA52B /* 📦 Copy Pods Resources */ = {
			isa = PBXShellScriptBuildPhase;
			buildActionMask = 2147483647;
			files = (
			);
			inputPaths = (
			);
			name = "📦 Copy Pods Resources";
			outputPaths = (
			);
			runOnlyForDeploymentPostprocessing = 0;
			shellPath = /bin/sh;
			shellScript = "\"${SRCROOT}/Pods/Target Support Files/Pods-MarcoPontoTests/Pods-MarcoPontoTests-resources.sh\"\n";
			showEnvVarsInLog = 0;
		};
		E820D01B5A50B13D180271A9 /* 📦 Check Pods Manifest.lock */ = {
			isa = PBXShellScriptBuildPhase;
			buildActionMask = 2147483647;
			files = (
			);
			inputPaths = (
			);
			name = "📦 Check Pods Manifest.lock";
			outputPaths = (
			);
			runOnlyForDeploymentPostprocessing = 0;
			shellPath = /bin/sh;
			shellScript = "diff \"${PODS_ROOT}/../Podfile.lock\" \"${PODS_ROOT}/Manifest.lock\" > /dev/null\nif [[ $? != 0 ]] ; then\n    cat << EOM\nerror: The sandbox is not in sync with the Podfile.lock. Run 'pod install' or update your CocoaPods installation.\nEOM\n    exit 1\nfi\n";
			showEnvVarsInLog = 0;
		};
		FB82B2165C4760255A3A95CC /* 📦 Copy Pods Resources */ = {
			isa = PBXShellScriptBuildPhase;
			buildActionMask = 2147483647;
			files = (
			);
			inputPaths = (
			);
			name = "📦 Copy Pods Resources";
			outputPaths = (
			);
			runOnlyForDeploymentPostprocessing = 0;
			shellPath = /bin/sh;
			shellScript = "\"${SRCROOT}/Pods/Target Support Files/Pods-MarcoPonto/Pods-MarcoPonto-resources.sh\"\n";
			showEnvVarsInLog = 0;
		};
/* End PBXShellScriptBuildPhase section */

/* Begin PBXSourcesBuildPhase section */
		3435FF6E1CC2E7640076AF42 /* Sources */ = {
			isa = PBXSourcesBuildPhase;
			buildActionMask = 2147483647;
			files = (
				3405D9881CCA51E700616382 /* CurrentWeekHoursUsecaseFactory.swift in Sources */,
				34BD8F961CC5BA3500607BA6 /* TabBarController.swift in Sources */,
				34E9B3FC1CC3DA1A0017A083 /* PunchGatewayCoreDataFactory.swift in Sources */,
				34E9B3F01CC3B72E0017A083 /* ListPunchUsecaseFactory.swift in Sources */,
				340BD72B1CC33D8100AB860B /* PunchsNavigationController.swift in Sources */,
				34D779E91CDC3F8100B13169 /* UIColors.swift in Sources */,
				34BD8F991CC6628E00607BA6 /* MaterialIcons+UIImage.swift in Sources */,
				3435FF761CC2E7640076AF42 /* AppDelegate.swift in Sources */,
				340BD7381CC3409600AB860B /* ListPunchsViewController.swift in Sources */,
				3418772D1CC6E4B3002A4B59 /* TotalsViewController.swift in Sources */,
				3435FF7E1CC2E7640076AF42 /* MarcoPonto.xcdatamodeld in Sources */,
				34E9B4051CC42C360017A083 /* ListPunchsDelegate.swift in Sources */,
				340BD7441CC3462B00AB860B /* ListPunchsDataSource.swift in Sources */,
				34E9B3FA1CC3D9C80017A083 /* SavePunchUsecaseFactory.swift in Sources */,
				349D9B2B1CC2ECD20088DE5E /* FormPunchViewController.swift in Sources */,
				34E9B4031CC419090017A083 /* PunchTypeLabel.swift in Sources */,
				341877311CC6E552002A4B59 /* ReportsNavigationController.swift in Sources */,
				34E968951CE92F430084E1A7 /* FacebookTableViewCell.swift in Sources */,
				3472A9EF1CC6F3E100CEF1D1 /* PunchModel.swift in Sources */,
				34E489381CDDA0690033E5A3 /* ImageTableViewCell.swift in Sources */,
				34E9B3ED1CC360060017A083 /* PunchGatewayCoreData.swift in Sources */,
				34E968911CE92EEB0084E1A7 /* SettingsTableViewController.swift in Sources */,
				3472A9EE1CC6F3E100CEF1D1 /* PunchModel+CoreDataProperties.swift in Sources */,
				349D9B321CC2F7960088DE5E /* FormPunchDataSource.swift in Sources */,
				340C51991CDACF71001ED6D5 /* WorkHoursTableViewCell.swift in Sources */,
				3405D98D1CCA74F600616382 /* TotalsDataSource.swift in Sources */,
				4B7A5A28EC4BD901E7618054 /* SelectMomentTableViewCell.swift in Sources */,
				4B7A50F38147735B7569AC17 /* SelectTypeTableViewCell.swift in Sources */,
				4B7A5594073A91E6D767F923 /* ListPunchsTableViewCell.swift in Sources */,
			);
			runOnlyForDeploymentPostprocessing = 0;
		};
		34D19FEC1CDA6CBA0046B7CF /* Sources */ = {
			isa = PBXSourcesBuildPhase;
			buildActionMask = 2147483647;
			files = (
				34E4892C1CDD73500033E5A3 /* PunchGatewayCoreDataTests.swift in Sources */,
			);
			runOnlyForDeploymentPostprocessing = 0;
		};
		34DF30021CDD6EF3003E6A85 /* Sources */ = {
			isa = PBXSourcesBuildPhase;
			buildActionMask = 2147483647;
			files = (
				34DF303E1CDD6F6D003E6A85 /* BalanceWorkedHoursEntity.swift in Sources */,
				34DF30761CDD6F6D003E6A85 /* ListPunchsUsecase.swift in Sources */,
				34DF304E1CDD6F6D003E6A85 /* WorkHourType.swift in Sources */,
				34DF306A1CDD6F6D003E6A85 /* WorkedHoursPresenter.swift in Sources */,
				34DF307E1CDD6F6D003E6A85 /* WorkedHoursUsecase.swift in Sources */,
				34DF30421CDD6F6D003E6A85 /* MandatoryWorkloadEntity.swift in Sources */,
				34DF30521CDD6F6D003E6A85 /* Double+ToSeconds.swift in Sources */,
				34DF306E1CDD6F6D003E6A85 /* Punch.swift in Sources */,
				34DF307A1CDD6F6D003E6A85 /* SavePunchUsecase.swift in Sources */,
				34DF30661CDD6F6D003E6A85 /* SavePunchPresenter.swift in Sources */,
				349EDD0B1CE0B4A90005AC01 /* NSDate+IsWeekday.swift in Sources */,
				34DF304A1CDD6F6D003E6A85 /* PunchType.swift in Sources */,
				34DF30461CDD6F6D003E6A85 /* TotalWorkedHoursEntity.swift in Sources */,
				34DF305E1CDD6F6D003E6A85 /* PunchGateway.swift in Sources */,
				34DF30721CDD6F6D003E6A85 /* WorkHour.swift in Sources */,
				34DF30621CDD6F6D003E6A85 /* ListPunchsPresenter.swift in Sources */,
				34DF30561CDD6F6D003E6A85 /* NSDate+DateRange.swift in Sources */,
				349EDD081CE0A97D0005AC01 /* Double+ToDays.swift in Sources */,
				34DF305A1CDD6F6D003E6A85 /* NSTimeInterval+ToTimeString.swift in Sources */,
			);
			runOnlyForDeploymentPostprocessing = 0;
		};
		34DF300C1CDD6EF3003E6A85 /* Sources */ = {
			isa = PBXSourcesBuildPhase;
			buildActionMask = 2147483647;
			files = (
				34DF30671CDD6F6D003E6A85 /* SavePunchPresenter.swift in Sources */,
				349EDD0C1CE0B4A90005AC01 /* NSDate+IsWeekday.swift in Sources */,
				34DF307F1CDD6F6D003E6A85 /* WorkedHoursUsecase.swift in Sources */,
				34DF30961CDD6F81003E6A85 /* PunchTypeTests.swift in Sources */,
				34DF305F1CDD6F6D003E6A85 /* PunchGateway.swift in Sources */,
				34DF30991CDD6F81003E6A85 /* PunchGatewaySpy.swift in Sources */,
				34DF30971CDD6F81003E6A85 /* WorkHourTypeTests.swift in Sources */,
				34DF30471CDD6F6D003E6A85 /* TotalWorkedHoursEntity.swift in Sources */,
				34DF30531CDD6F6D003E6A85 /* Double+ToSeconds.swift in Sources */,
				34DF309A1CDD6F81003E6A85 /* ListPunchsPresenterSpy.swift in Sources */,
				34DF30731CDD6F6D003E6A85 /* WorkHour.swift in Sources */,
				34DF30631CDD6F6D003E6A85 /* ListPunchsPresenter.swift in Sources */,
				34DF304B1CDD6F6D003E6A85 /* PunchType.swift in Sources */,
				34DF30941CDD6F81003E6A85 /* CalculateWorkedHoursEntityTests.swift in Sources */,
				34DF309B1CDD6F81003E6A85 /* SavePunchPresenterSpy.swift in Sources */,
				34DF30771CDD6F6D003E6A85 /* ListPunchsUsecase.swift in Sources */,
				34DF309C1CDD6F81003E6A85 /* WorkedHoursPresenterFake.swift in Sources */,
				349EDD091CE0AB120005AC01 /* Double+ToDays.swift in Sources */,
				34DF30931CDD6F81003E6A85 /* BalanceWorkedHoursEntityTests.swift in Sources */,
				34DF303F1CDD6F6D003E6A85 /* BalanceWorkedHoursEntity.swift in Sources */,
				34DF306F1CDD6F6D003E6A85 /* Punch.swift in Sources */,
				34DF30951CDD6F81003E6A85 /* MandatoryWorkloadEntityHoursTests.swift in Sources */,
				34DF304F1CDD6F6D003E6A85 /* WorkHourType.swift in Sources */,
				34DF30981CDD6F81003E6A85 /* PunchGatewayFake.swift in Sources */,
				34DF305B1CDD6F6D003E6A85 /* NSTimeInterval+ToTimeString.swift in Sources */,
				34DF306B1CDD6F6D003E6A85 /* WorkedHoursPresenter.swift in Sources */,
				34DF309E1CDD6F81003E6A85 /* SavePunchUsecaseTests.swift in Sources */,
				34DF309D1CDD6F81003E6A85 /* ListPunchsUsecaseTests.swift in Sources */,
				34DF30571CDD6F6D003E6A85 /* NSDate+DateRange.swift in Sources */,
				34DF307B1CDD6F6D003E6A85 /* SavePunchUsecase.swift in Sources */,
				34DF30431CDD6F6D003E6A85 /* MandatoryWorkloadEntity.swift in Sources */,
				34DF309F1CDD6F81003E6A85 /* WorkedHoursUsecaseTests.swift in Sources */,
			);
			runOnlyForDeploymentPostprocessing = 0;
		};
/* End PBXSourcesBuildPhase section */

/* Begin PBXTargetDependency section */
		34D19FF61CDA6CBA0046B7CF /* PBXTargetDependency */ = {
			isa = PBXTargetDependency;
			target = 3435FF711CC2E7640076AF42 /* MarcoPonto */;
			targetProxy = 34D19FF51CDA6CBA0046B7CF /* PBXContainerItemProxy */;
		};
		34DF30131CDD6EF3003E6A85 /* PBXTargetDependency */ = {
			isa = PBXTargetDependency;
			target = 34DF30061CDD6EF3003E6A85 /* MarcoPontoCore */;
			targetProxy = 34DF30121CDD6EF3003E6A85 /* PBXContainerItemProxy */;
		};
		34DF30151CDD6EF3003E6A85 /* PBXTargetDependency */ = {
			isa = PBXTargetDependency;
			target = 3435FF711CC2E7640076AF42 /* MarcoPonto */;
			targetProxy = 34DF30141CDD6EF3003E6A85 /* PBXContainerItemProxy */;
		};
		34DF301B1CDD6EF3003E6A85 /* PBXTargetDependency */ = {
			isa = PBXTargetDependency;
			target = 34DF30061CDD6EF3003E6A85 /* MarcoPontoCore */;
			targetProxy = 34DF301A1CDD6EF3003E6A85 /* PBXContainerItemProxy */;
		};
/* End PBXTargetDependency section */

/* Begin PBXVariantGroup section */
		3435FF811CC2E7640076AF42 /* LaunchScreen.storyboard */ = {
			isa = PBXVariantGroup;
			children = (
				3435FF821CC2E7640076AF42 /* Base */,
			);
			name = LaunchScreen.storyboard;
			path = MarcoPonto/ApplicationBase;
			sourceTree = SOURCE_ROOT;
		};
/* End PBXVariantGroup section */

/* Begin XCBuildConfiguration section */
		3435FF901CC2E7650076AF42 /* Debug */ = {
			isa = XCBuildConfiguration;
			buildSettings = {
				ALWAYS_SEARCH_USER_PATHS = NO;
				CLANG_ANALYZER_NONNULL = YES;
				CLANG_CXX_LANGUAGE_STANDARD = "gnu++0x";
				CLANG_CXX_LIBRARY = "libc++";
				CLANG_ENABLE_MODULES = YES;
				CLANG_ENABLE_OBJC_ARC = YES;
				CLANG_WARN_BOOL_CONVERSION = YES;
				CLANG_WARN_CONSTANT_CONVERSION = YES;
				CLANG_WARN_DIRECT_OBJC_ISA_USAGE = YES_ERROR;
				CLANG_WARN_EMPTY_BODY = YES;
				CLANG_WARN_ENUM_CONVERSION = YES;
				CLANG_WARN_INT_CONVERSION = YES;
				CLANG_WARN_OBJC_ROOT_CLASS = YES_ERROR;
				CLANG_WARN_UNREACHABLE_CODE = YES;
				CLANG_WARN__DUPLICATE_METHOD_MATCH = YES;
				"CODE_SIGN_IDENTITY[sdk=iphoneos*]" = "iPhone Developer";
				COPY_PHASE_STRIP = NO;
				DEBUG_INFORMATION_FORMAT = dwarf;
				ENABLE_STRICT_OBJC_MSGSEND = YES;
				ENABLE_TESTABILITY = YES;
				GCC_C_LANGUAGE_STANDARD = gnu99;
				GCC_DYNAMIC_NO_PIC = NO;
				GCC_NO_COMMON_BLOCKS = YES;
				GCC_OPTIMIZATION_LEVEL = 0;
				GCC_PREPROCESSOR_DEFINITIONS = (
					"DEBUG=1",
					"$(inherited)",
				);
				GCC_WARN_64_TO_32_BIT_CONVERSION = YES;
				GCC_WARN_ABOUT_RETURN_TYPE = YES_ERROR;
				GCC_WARN_UNDECLARED_SELECTOR = YES;
				GCC_WARN_UNINITIALIZED_AUTOS = YES_AGGRESSIVE;
				GCC_WARN_UNUSED_FUNCTION = YES;
				GCC_WARN_UNUSED_VARIABLE = YES;
				IPHONEOS_DEPLOYMENT_TARGET = 9.3;
				MTL_ENABLE_DEBUG_INFO = YES;
				ONLY_ACTIVE_ARCH = YES;
				SDKROOT = iphoneos;
				SWIFT_OBJC_BRIDGING_HEADER = "";
				SWIFT_OPTIMIZATION_LEVEL = "-Onone";
			};
			name = Debug;
		};
		3435FF911CC2E7650076AF42 /* Release */ = {
			isa = XCBuildConfiguration;
			buildSettings = {
				ALWAYS_SEARCH_USER_PATHS = NO;
				CLANG_ANALYZER_NONNULL = YES;
				CLANG_CXX_LANGUAGE_STANDARD = "gnu++0x";
				CLANG_CXX_LIBRARY = "libc++";
				CLANG_ENABLE_MODULES = YES;
				CLANG_ENABLE_OBJC_ARC = YES;
				CLANG_WARN_BOOL_CONVERSION = YES;
				CLANG_WARN_CONSTANT_CONVERSION = YES;
				CLANG_WARN_DIRECT_OBJC_ISA_USAGE = YES_ERROR;
				CLANG_WARN_EMPTY_BODY = YES;
				CLANG_WARN_ENUM_CONVERSION = YES;
				CLANG_WARN_INT_CONVERSION = YES;
				CLANG_WARN_OBJC_ROOT_CLASS = YES_ERROR;
				CLANG_WARN_UNREACHABLE_CODE = YES;
				CLANG_WARN__DUPLICATE_METHOD_MATCH = YES;
				"CODE_SIGN_IDENTITY[sdk=iphoneos*]" = "iPhone Developer";
				COPY_PHASE_STRIP = NO;
				DEBUG_INFORMATION_FORMAT = "dwarf-with-dsym";
				ENABLE_NS_ASSERTIONS = NO;
				ENABLE_STRICT_OBJC_MSGSEND = YES;
				GCC_C_LANGUAGE_STANDARD = gnu99;
				GCC_NO_COMMON_BLOCKS = YES;
				GCC_WARN_64_TO_32_BIT_CONVERSION = YES;
				GCC_WARN_ABOUT_RETURN_TYPE = YES_ERROR;
				GCC_WARN_UNDECLARED_SELECTOR = YES;
				GCC_WARN_UNINITIALIZED_AUTOS = YES_AGGRESSIVE;
				GCC_WARN_UNUSED_FUNCTION = YES;
				GCC_WARN_UNUSED_VARIABLE = YES;
				IPHONEOS_DEPLOYMENT_TARGET = 9.3;
				MTL_ENABLE_DEBUG_INFO = NO;
				SDKROOT = iphoneos;
				SWIFT_OBJC_BRIDGING_HEADER = "";
				VALIDATE_PRODUCT = YES;
			};
			name = Release;
		};
		3435FF931CC2E7650076AF42 /* Debug */ = {
			isa = XCBuildConfiguration;
			baseConfigurationReference = 0796B546D9AF6FFFE578D654 /* Pods-MarcoPonto.debug.xcconfig */;
			buildSettings = {
				ASSETCATALOG_COMPILER_APPICON_NAME = AppIcon;
				ASSETCATALOG_COMPILER_LAUNCHIMAGE_NAME = "Brand Assets";
				CODE_SIGN_IDENTITY = "iPhone Developer";
				"CODE_SIGN_IDENTITY[sdk=iphoneos*]" = "iPhone Developer";
				EMBEDDED_CONTENT_CONTAINS_SWIFT = YES;
				FRAMEWORK_SEARCH_PATHS = (
					"$(inherited)",
					"$(PROJECT_DIR)",
				);
				INFOPLIST_FILE = "$(SRCROOT)/MarcoPonto/ApplicationBase/Info.plist";
				LD_RUNPATH_SEARCH_PATHS = "$(inherited) @executable_path/Frameworks";
				PRODUCT_BUNDLE_IDENTIFIER = io.github.ronanrodrigo.MarcoPonto;
				PRODUCT_NAME = "$(TARGET_NAME)";
				PROVISIONING_PROFILE = "";
			};
			name = Debug;
		};
		3435FF941CC2E7650076AF42 /* Release */ = {
			isa = XCBuildConfiguration;
			baseConfigurationReference = 56484213089692FF111507C5 /* Pods-MarcoPonto.release.xcconfig */;
			buildSettings = {
				ASSETCATALOG_COMPILER_APPICON_NAME = AppIcon;
				ASSETCATALOG_COMPILER_LAUNCHIMAGE_NAME = "Brand Assets";
				CODE_SIGN_IDENTITY = "iPhone Developer";
				"CODE_SIGN_IDENTITY[sdk=iphoneos*]" = "iPhone Developer";
				EMBEDDED_CONTENT_CONTAINS_SWIFT = YES;
				FRAMEWORK_SEARCH_PATHS = (
					"$(inherited)",
					"$(PROJECT_DIR)",
				);
				INFOPLIST_FILE = "$(SRCROOT)/MarcoPonto/ApplicationBase/Info.plist";
				LD_RUNPATH_SEARCH_PATHS = "$(inherited) @executable_path/Frameworks";
				PRODUCT_BUNDLE_IDENTIFIER = io.github.ronanrodrigo.MarcoPonto;
				PRODUCT_NAME = "$(TARGET_NAME)";
				PROVISIONING_PROFILE = "";
			};
			name = Release;
		};
		34D19FF81CDA6CBA0046B7CF /* Debug */ = {
			isa = XCBuildConfiguration;
			baseConfigurationReference = 311B7F720514199B960B6235 /* Pods-MarcoPontoTests.debug.xcconfig */;
			buildSettings = {
				BUNDLE_LOADER = "$(TEST_HOST)";
				FRAMEWORK_SEARCH_PATHS = (
					"$(inherited)",
					"$(PROJECT_DIR)",
				);
				INFOPLIST_FILE = MarcoPontoTests/Info.plist;
				LD_RUNPATH_SEARCH_PATHS = "$(inherited) @executable_path/Frameworks @loader_path/Frameworks";
				PRODUCT_BUNDLE_IDENTIFIER = br.com.meuspedidos.MarcoPontoTests;
				PRODUCT_NAME = "$(TARGET_NAME)";
				TEST_HOST = "$(BUILT_PRODUCTS_DIR)/MarcoPonto.app/MarcoPonto";
			};
			name = Debug;
		};
		34D19FF91CDA6CBA0046B7CF /* Release */ = {
			isa = XCBuildConfiguration;
			baseConfigurationReference = 26D7D264C5E50B35AFF83555 /* Pods-MarcoPontoTests.release.xcconfig */;
			buildSettings = {
				BUNDLE_LOADER = "$(TEST_HOST)";
				FRAMEWORK_SEARCH_PATHS = (
					"$(inherited)",
					"$(PROJECT_DIR)",
				);
				INFOPLIST_FILE = MarcoPontoTests/Info.plist;
				LD_RUNPATH_SEARCH_PATHS = "$(inherited) @executable_path/Frameworks @loader_path/Frameworks";
				PRODUCT_BUNDLE_IDENTIFIER = br.com.meuspedidos.MarcoPontoTests;
				PRODUCT_NAME = "$(TARGET_NAME)";
				TEST_HOST = "$(BUILT_PRODUCTS_DIR)/MarcoPonto.app/MarcoPonto";
			};
			name = Release;
		};
		34DF301E1CDD6EF3003E6A85 /* Debug */ = {
			isa = XCBuildConfiguration;
			baseConfigurationReference = 87A104FEB40DC9B5C4A8A423 /* Pods-MarcoPontoCore.debug.xcconfig */;
			buildSettings = {
				CODE_SIGN_IDENTITY = "iPhone Developer";
				"CODE_SIGN_IDENTITY[sdk=iphoneos*]" = "iPhone Developer";
				CURRENT_PROJECT_VERSION = 1;
				DEFINES_MODULE = YES;
				DYLIB_COMPATIBILITY_VERSION = 1;
				DYLIB_CURRENT_VERSION = 1;
				DYLIB_INSTALL_NAME_BASE = "@rpath";
				INFOPLIST_FILE = MarcoPontoCore/Info.plist;
				INSTALL_PATH = "$(LOCAL_LIBRARY_DIR)/Frameworks";
				LD_RUNPATH_SEARCH_PATHS = "$(inherited) @executable_path/Frameworks @loader_path/Frameworks";
				PRODUCT_BUNDLE_IDENTIFIER = io.github.ronanrodrigo.MarcoPontoCore;
				PRODUCT_NAME = "$(TARGET_NAME)";
				SKIP_INSTALL = YES;
				TARGETED_DEVICE_FAMILY = "1,2";
				VERSIONING_SYSTEM = "apple-generic";
				VERSION_INFO_PREFIX = "";
			};
			name = Debug;
		};
		34DF301F1CDD6EF3003E6A85 /* Release */ = {
			isa = XCBuildConfiguration;
			baseConfigurationReference = CA445732E92464A3A26102C5 /* Pods-MarcoPontoCore.release.xcconfig */;
			buildSettings = {
				CODE_SIGN_IDENTITY = "iPhone Developer";
				"CODE_SIGN_IDENTITY[sdk=iphoneos*]" = "iPhone Developer";
				CURRENT_PROJECT_VERSION = 1;
				DEFINES_MODULE = YES;
				DYLIB_COMPATIBILITY_VERSION = 1;
				DYLIB_CURRENT_VERSION = 1;
				DYLIB_INSTALL_NAME_BASE = "@rpath";
				INFOPLIST_FILE = MarcoPontoCore/Info.plist;
				INSTALL_PATH = "$(LOCAL_LIBRARY_DIR)/Frameworks";
				LD_RUNPATH_SEARCH_PATHS = "$(inherited) @executable_path/Frameworks @loader_path/Frameworks";
				PRODUCT_BUNDLE_IDENTIFIER = io.github.ronanrodrigo.MarcoPontoCore;
				PRODUCT_NAME = "$(TARGET_NAME)";
				SKIP_INSTALL = YES;
				TARGETED_DEVICE_FAMILY = "1,2";
				VERSIONING_SYSTEM = "apple-generic";
				VERSION_INFO_PREFIX = "";
			};
			name = Release;
		};
		34DF30201CDD6EF3003E6A85 /* Debug */ = {
			isa = XCBuildConfiguration;
			baseConfigurationReference = 0493B32030BF09FF5B6C926A /* Pods-MarcoPontoCoreTests.debug.xcconfig */;
			buildSettings = {
				INFOPLIST_FILE = MarcoPontoCoreTests/Info.plist;
				LD_RUNPATH_SEARCH_PATHS = "$(inherited) @executable_path/Frameworks @loader_path/Frameworks";
				PRODUCT_BUNDLE_IDENTIFIER = io.github.ronanrodrigo.MarcoPontoCoreTests;
				PRODUCT_NAME = "$(TARGET_NAME)";
				TEST_HOST = "$(BUILT_PRODUCTS_DIR)/MarcoPonto.app/MarcoPonto";
			};
			name = Debug;
		};
		34DF30211CDD6EF3003E6A85 /* Release */ = {
			isa = XCBuildConfiguration;
			baseConfigurationReference = 7100F9B6EF09CA2075256FF1 /* Pods-MarcoPontoCoreTests.release.xcconfig */;
			buildSettings = {
				INFOPLIST_FILE = MarcoPontoCoreTests/Info.plist;
				LD_RUNPATH_SEARCH_PATHS = "$(inherited) @executable_path/Frameworks @loader_path/Frameworks";
				PRODUCT_BUNDLE_IDENTIFIER = io.github.ronanrodrigo.MarcoPontoCoreTests;
				PRODUCT_NAME = "$(TARGET_NAME)";
				TEST_HOST = "$(BUILT_PRODUCTS_DIR)/MarcoPonto.app/MarcoPonto";
			};
			name = Release;
		};
/* End XCBuildConfiguration section */

/* Begin XCConfigurationList section */
		3435FF6D1CC2E7640076AF42 /* Build configuration list for PBXProject "MarcoPonto" */ = {
			isa = XCConfigurationList;
			buildConfigurations = (
				3435FF901CC2E7650076AF42 /* Debug */,
				3435FF911CC2E7650076AF42 /* Release */,
			);
			defaultConfigurationIsVisible = 0;
			defaultConfigurationName = Release;
		};
		3435FF921CC2E7650076AF42 /* Build configuration list for PBXNativeTarget "MarcoPonto" */ = {
			isa = XCConfigurationList;
			buildConfigurations = (
				3435FF931CC2E7650076AF42 /* Debug */,
				3435FF941CC2E7650076AF42 /* Release */,
			);
			defaultConfigurationIsVisible = 0;
			defaultConfigurationName = Release;
		};
		34D19FF71CDA6CBA0046B7CF /* Build configuration list for PBXNativeTarget "MarcoPontoTests" */ = {
			isa = XCConfigurationList;
			buildConfigurations = (
				34D19FF81CDA6CBA0046B7CF /* Debug */,
				34D19FF91CDA6CBA0046B7CF /* Release */,
			);
			defaultConfigurationIsVisible = 0;
			defaultConfigurationName = Release;
		};
		34DF30221CDD6EF3003E6A85 /* Build configuration list for PBXNativeTarget "MarcoPontoCore" */ = {
			isa = XCConfigurationList;
			buildConfigurations = (
				34DF301E1CDD6EF3003E6A85 /* Debug */,
				34DF301F1CDD6EF3003E6A85 /* Release */,
			);
			defaultConfigurationIsVisible = 0;
			defaultConfigurationName = Release;
		};
		34DF30231CDD6EF3003E6A85 /* Build configuration list for PBXNativeTarget "MarcoPontoCoreTests" */ = {
			isa = XCConfigurationList;
			buildConfigurations = (
				34DF30201CDD6EF3003E6A85 /* Debug */,
				34DF30211CDD6EF3003E6A85 /* Release */,
			);
			defaultConfigurationIsVisible = 0;
			defaultConfigurationName = Release;
		};
/* End XCConfigurationList section */

/* Begin XCVersionGroup section */
		3435FF7C1CC2E7640076AF42 /* MarcoPonto.xcdatamodeld */ = {
			isa = XCVersionGroup;
			children = (
				3435FF7D1CC2E7640076AF42 /* MarcoPonto.xcdatamodel */,
			);
			currentVersion = 3435FF7D1CC2E7640076AF42 /* MarcoPonto.xcdatamodel */;
			path = MarcoPonto.xcdatamodeld;
			sourceTree = "<group>";
			versionGroupType = wrapper.xcdatamodel;
		};
/* End XCVersionGroup section */
	};
	rootObject = 3435FF6A1CC2E7640076AF42 /* Project object */;
}
