// !$*UTF8*$!
{
	archiveVersion = 1;
	classes = {
	};
	objectVersion = 46;
	objects = {

/* Begin PBXBuildFile section */
		3405D9881CCA51E700616382 /* CurrentWeekHoursUsecaseFactory.swift in Sources */ = {isa = PBXBuildFile; fileRef = 3405D9871CCA51E700616382 /* CurrentWeekHoursUsecaseFactory.swift */; };
		3405D98D1CCA74F600616382 /* TotalsDataSource.swift in Sources */ = {isa = PBXBuildFile; fileRef = 3405D98C1CCA74F600616382 /* TotalsDataSource.swift */; };
		340BD72B1CC33D8100AB860B /* PunchsNavigationController.swift in Sources */ = {isa = PBXBuildFile; fileRef = 340BD72A1CC33D8100AB860B /* PunchsNavigationController.swift */; };
		340BD7381CC3409600AB860B /* ListPunchsViewController.swift in Sources */ = {isa = PBXBuildFile; fileRef = 340BD7371CC3409600AB860B /* ListPunchsViewController.swift */; };
		340BD7441CC3462B00AB860B /* ListPunchsDataSource.swift in Sources */ = {isa = PBXBuildFile; fileRef = 340BD7431CC3462B00AB860B /* ListPunchsDataSource.swift */; };
		340BD7471CC346D600AB860B /* ListPunchsTableViewCell.swift in Sources */ = {isa = PBXBuildFile; fileRef = 340BD7451CC346D600AB860B /* ListPunchsTableViewCell.swift */; };
		340C51941CDACDF1001ED6D5 /* MarcoPontoCore.framework in Frameworks */ = {isa = PBXBuildFile; fileRef = 340C51931CDACDF1001ED6D5 /* MarcoPontoCore.framework */; };
		340C51991CDACF71001ED6D5 /* WorkHoursTableViewCell.swift in Sources */ = {isa = PBXBuildFile; fileRef = 340C51971CDACF71001ED6D5 /* WorkHoursTableViewCell.swift */; };
		340C519A1CDACF71001ED6D5 /* WorkHoursTableViewCell.xib in Resources */ = {isa = PBXBuildFile; fileRef = 340C51981CDACF71001ED6D5 /* WorkHoursTableViewCell.xib */; };
		3418772D1CC6E4B3002A4B59 /* TotalsViewController.swift in Sources */ = {isa = PBXBuildFile; fileRef = 3418772B1CC6E4B3002A4B59 /* TotalsViewController.swift */; };
		341877311CC6E552002A4B59 /* ReportsNavigationController.swift in Sources */ = {isa = PBXBuildFile; fileRef = 341877301CC6E552002A4B59 /* ReportsNavigationController.swift */; };
		3435FF761CC2E7640076AF42 /* AppDelegate.swift in Sources */ = {isa = PBXBuildFile; fileRef = 3435FF751CC2E7640076AF42 /* AppDelegate.swift */; };
		3435FF7E1CC2E7640076AF42 /* MarcoPonto.xcdatamodeld in Sources */ = {isa = PBXBuildFile; fileRef = 3435FF7C1CC2E7640076AF42 /* MarcoPonto.xcdatamodeld */; };
		3435FF801CC2E7640076AF42 /* Assets.xcassets in Resources */ = {isa = PBXBuildFile; fileRef = 3435FF7F1CC2E7640076AF42 /* Assets.xcassets */; };
		3435FF831CC2E7640076AF42 /* LaunchScreen.storyboard in Resources */ = {isa = PBXBuildFile; fileRef = 3435FF811CC2E7640076AF42 /* LaunchScreen.storyboard */; };
		3472A9EE1CC6F3E100CEF1D1 /* PunchModel+CoreDataProperties.swift in Sources */ = {isa = PBXBuildFile; fileRef = 3472A9EC1CC6F3E100CEF1D1 /* PunchModel+CoreDataProperties.swift */; };
		3472A9EF1CC6F3E100CEF1D1 /* PunchModel.swift in Sources */ = {isa = PBXBuildFile; fileRef = 3472A9ED1CC6F3E100CEF1D1 /* PunchModel.swift */; };
		349D9B2B1CC2ECD20088DE5E /* FormPunchViewController.swift in Sources */ = {isa = PBXBuildFile; fileRef = 349D9B291CC2ECD20088DE5E /* FormPunchViewController.swift */; };
		349D9B2F1CC2F68B0088DE5E /* SelectMomentTableViewCell.swift in Sources */ = {isa = PBXBuildFile; fileRef = 349D9B2D1CC2F68B0088DE5E /* SelectMomentTableViewCell.swift */; };
		349D9B321CC2F7960088DE5E /* FormPunchDataSource.swift in Sources */ = {isa = PBXBuildFile; fileRef = 349D9B311CC2F7960088DE5E /* FormPunchDataSource.swift */; };
		34BD8F961CC5BA3500607BA6 /* TabBarController.swift in Sources */ = {isa = PBXBuildFile; fileRef = 34BD8F951CC5BA3500607BA6 /* TabBarController.swift */; };
		34BD8F991CC6628E00607BA6 /* MaterialIcons+UIImage.swift in Sources */ = {isa = PBXBuildFile; fileRef = 34BD8F981CC6628E00607BA6 /* MaterialIcons+UIImage.swift */; };
		34D19FF31CDA6CBA0046B7CF /* PunchGatewayCoreDataTests.swift in Sources */ = {isa = PBXBuildFile; fileRef = 34D19FF21CDA6CBA0046B7CF /* PunchGatewayCoreDataTests.swift */; };
		34D19FFF1CDA6D440046B7CF /* MarcoPonto.xcdatamodeld in Sources */ = {isa = PBXBuildFile; fileRef = 3435FF7C1CC2E7640076AF42 /* MarcoPonto.xcdatamodeld */; };
		34D1A0001CDA6D460046B7CF /* PunchModel.swift in Sources */ = {isa = PBXBuildFile; fileRef = 3472A9ED1CC6F3E100CEF1D1 /* PunchModel.swift */; };
		34D1A0011CDA6D480046B7CF /* PunchModel+CoreDataProperties.swift in Sources */ = {isa = PBXBuildFile; fileRef = 3472A9EC1CC6F3E100CEF1D1 /* PunchModel+CoreDataProperties.swift */; };
		34D1A0111CDA6DDB0046B7CF /* FormPunchDataSource.swift in Sources */ = {isa = PBXBuildFile; fileRef = 349D9B311CC2F7960088DE5E /* FormPunchDataSource.swift */; };
		34D1A0131CDA6DDB0046B7CF /* SelectMomentTableViewCell.swift in Sources */ = {isa = PBXBuildFile; fileRef = 349D9B2D1CC2F68B0088DE5E /* SelectMomentTableViewCell.swift */; };
		34D1A0141CDA6DDB0046B7CF /* SelectTypeTableViewCell.swift in Sources */ = {isa = PBXBuildFile; fileRef = 34E9B3F71CC3C66B0017A083 /* SelectTypeTableViewCell.swift */; };
		34D1A0171CDA6DDB0046B7CF /* ListPunchsTableViewCell.swift in Sources */ = {isa = PBXBuildFile; fileRef = 340BD7451CC346D600AB860B /* ListPunchsTableViewCell.swift */; };
		34D1A0191CDA6DDB0046B7CF /* PunchTypeLabel.swift in Sources */ = {isa = PBXBuildFile; fileRef = 34E9B4021CC419090017A083 /* PunchTypeLabel.swift */; };
		34D1A01F1CDA6E040046B7CF /* MaterialIcons+UIImage.swift in Sources */ = {isa = PBXBuildFile; fileRef = 34BD8F981CC6628E00607BA6 /* MaterialIcons+UIImage.swift */; };
		34E9B3ED1CC360060017A083 /* PunchGatewayCoreData.swift in Sources */ = {isa = PBXBuildFile; fileRef = 34E9B3EC1CC360060017A083 /* PunchGatewayCoreData.swift */; };
		34E9B3F01CC3B72E0017A083 /* ListPunchUsecaseFactory.swift in Sources */ = {isa = PBXBuildFile; fileRef = 34E9B3EF1CC3B72E0017A083 /* ListPunchUsecaseFactory.swift */; };
		34E9B3F81CC3C66B0017A083 /* SelectTypeTableViewCell.swift in Sources */ = {isa = PBXBuildFile; fileRef = 34E9B3F71CC3C66B0017A083 /* SelectTypeTableViewCell.swift */; };
		34E9B3FA1CC3D9C80017A083 /* SavePunchUsecaseFactory.swift in Sources */ = {isa = PBXBuildFile; fileRef = 34E9B3F91CC3D9C80017A083 /* SavePunchUsecaseFactory.swift */; };
		34E9B3FC1CC3DA1A0017A083 /* PunchGatewayCoreDataFactory.swift in Sources */ = {isa = PBXBuildFile; fileRef = 34E9B3FB1CC3DA1A0017A083 /* PunchGatewayCoreDataFactory.swift */; };
		34E9B4031CC419090017A083 /* PunchTypeLabel.swift in Sources */ = {isa = PBXBuildFile; fileRef = 34E9B4021CC419090017A083 /* PunchTypeLabel.swift */; };
		34E9B4051CC42C360017A083 /* ListPunchsDelegate.swift in Sources */ = {isa = PBXBuildFile; fileRef = 34E9B4041CC42C360017A083 /* ListPunchsDelegate.swift */; };
		4B7A51761AFE51EF9211C877 /* FormPunchViewController.xib in Resources */ = {isa = PBXBuildFile; fileRef = 4B7A54C26B2939F7ECFE71B2 /* FormPunchViewController.xib */; };
		4B7A532ACFCC5B48106CE51E /* ListPunchsTableViewCell.xib in Resources */ = {isa = PBXBuildFile; fileRef = 4B7A5CAA1E540DD091D0E91E /* ListPunchsTableViewCell.xib */; };
		4B7A5985BF6003BB6C46E01A /* TotalsViewController.xib in Resources */ = {isa = PBXBuildFile; fileRef = 4B7A581DCA5399934C5D8F40 /* TotalsViewController.xib */; };
		4B7A59FD587D2F8827D2AA64 /* SelectTypeTableViewCell.xib in Resources */ = {isa = PBXBuildFile; fileRef = 4B7A56FDBC391BDD47B73BEA /* SelectTypeTableViewCell.xib */; };
		4B7A5B0AA5D4A3B27F0B9142 /* ListPunchsViewController.xib in Resources */ = {isa = PBXBuildFile; fileRef = 4B7A521BCF886584E14BC9C7 /* ListPunchsViewController.xib */; };
		4B7A5E906F1DC11565C8E938 /* SelectMomentTableViewCell.xib in Resources */ = {isa = PBXBuildFile; fileRef = 4B7A5C3920C3D4812223D3F0 /* SelectMomentTableViewCell.xib */; };
		A05A95DEEDAA4608E99F9C4B /* Pods_MarcoPonto.framework in Frameworks */ = {isa = PBXBuildFile; fileRef = 81C82F974AC11FC5E456E76F /* Pods_MarcoPonto.framework */; };
		D918C225466D4C610081981A /* Pods_MarcoPontoTests.framework in Frameworks */ = {isa = PBXBuildFile; fileRef = E1856DDB607C20C59F7245D8 /* Pods_MarcoPontoTests.framework */; };
/* End PBXBuildFile section */

/* Begin PBXContainerItemProxy section */
		349AFB661CDACD6B003D2279 /* PBXContainerItemProxy */ = {
			isa = PBXContainerItemProxy;
			containerPortal = 349AFB611CDACD6B003D2279 /* MarcoPontoCore.xcodeproj */;
			proxyType = 2;
			remoteGlobalIDString = 34D19F531CDA66130046B7CF;
			remoteInfo = MarcoPontoCore;
		};
		349AFB681CDACD6B003D2279 /* PBXContainerItemProxy */ = {
			isa = PBXContainerItemProxy;
			containerPortal = 349AFB611CDACD6B003D2279 /* MarcoPontoCore.xcodeproj */;
			proxyType = 2;
			remoteGlobalIDString = 34D19F5D1CDA66130046B7CF;
			remoteInfo = MarcoPontoCoreTests;
		};
		34D19FF51CDA6CBA0046B7CF /* PBXContainerItemProxy */ = {
			isa = PBXContainerItemProxy;
			containerPortal = 3435FF6A1CC2E7640076AF42 /* Project object */;
			proxyType = 1;
			remoteGlobalIDString = 3435FF711CC2E7640076AF42;
			remoteInfo = MarcoPonto;
		};
/* End PBXContainerItemProxy section */

/* Begin PBXFileReference section */
		0796B546D9AF6FFFE578D654 /* Pods-MarcoPonto.debug.xcconfig */ = {isa = PBXFileReference; includeInIndex = 1; lastKnownFileType = text.xcconfig; name = "Pods-MarcoPonto.debug.xcconfig"; path = "Pods/Target Support Files/Pods-MarcoPonto/Pods-MarcoPonto.debug.xcconfig"; sourceTree = "<group>"; };
		26D7D264C5E50B35AFF83555 /* Pods-MarcoPontoTests.release.xcconfig */ = {isa = PBXFileReference; includeInIndex = 1; lastKnownFileType = text.xcconfig; name = "Pods-MarcoPontoTests.release.xcconfig"; path = "Pods/Target Support Files/Pods-MarcoPontoTests/Pods-MarcoPontoTests.release.xcconfig"; sourceTree = "<group>"; };
		311B7F720514199B960B6235 /* Pods-MarcoPontoTests.debug.xcconfig */ = {isa = PBXFileReference; includeInIndex = 1; lastKnownFileType = text.xcconfig; name = "Pods-MarcoPontoTests.debug.xcconfig"; path = "Pods/Target Support Files/Pods-MarcoPontoTests/Pods-MarcoPontoTests.debug.xcconfig"; sourceTree = "<group>"; };
		3405D9871CCA51E700616382 /* CurrentWeekHoursUsecaseFactory.swift */ = {isa = PBXFileReference; fileEncoding = 4; lastKnownFileType = sourcecode.swift; path = CurrentWeekHoursUsecaseFactory.swift; sourceTree = "<group>"; };
		3405D98C1CCA74F600616382 /* TotalsDataSource.swift */ = {isa = PBXFileReference; fileEncoding = 4; lastKnownFileType = sourcecode.swift; path = TotalsDataSource.swift; sourceTree = "<group>"; };
		340BD72A1CC33D8100AB860B /* PunchsNavigationController.swift */ = {isa = PBXFileReference; fileEncoding = 4; lastKnownFileType = sourcecode.swift; name = PunchsNavigationController.swift; path = Punch/PunchsNavigationController.swift; sourceTree = "<group>"; };
		340BD7371CC3409600AB860B /* ListPunchsViewController.swift */ = {isa = PBXFileReference; fileEncoding = 4; lastKnownFileType = sourcecode.swift; path = ListPunchsViewController.swift; sourceTree = "<group>"; };
		340BD7431CC3462B00AB860B /* ListPunchsDataSource.swift */ = {isa = PBXFileReference; fileEncoding = 4; lastKnownFileType = sourcecode.swift; path = ListPunchsDataSource.swift; sourceTree = "<group>"; };
		340BD7451CC346D600AB860B /* ListPunchsTableViewCell.swift */ = {isa = PBXFileReference; fileEncoding = 4; lastKnownFileType = sourcecode.swift; path = ListPunchsTableViewCell.swift; sourceTree = "<group>"; };
		340C51931CDACDF1001ED6D5 /* MarcoPontoCore.framework */ = {isa = PBXFileReference; lastKnownFileType = wrapper.framework; name = MarcoPontoCore.framework; path = "../../Library/Developer/Xcode/DerivedData/MarcoPontoCore-acsbswynyxcaeraiosoobuargltj/Build/Products/Debug-iphonesimulator/MarcoPontoCore.framework"; sourceTree = "<group>"; };
		340C51971CDACF71001ED6D5 /* WorkHoursTableViewCell.swift */ = {isa = PBXFileReference; fileEncoding = 4; lastKnownFileType = sourcecode.swift; path = WorkHoursTableViewCell.swift; sourceTree = "<group>"; };
		340C51981CDACF71001ED6D5 /* WorkHoursTableViewCell.xib */ = {isa = PBXFileReference; fileEncoding = 4; lastKnownFileType = file.xib; path = WorkHoursTableViewCell.xib; sourceTree = "<group>"; };
		340C519B1CDAD369001ED6D5 /* Marco Ponto.clr */ = {isa = PBXFileReference; lastKnownFileType = file; path = "Marco Ponto.clr"; sourceTree = "<group>"; };
		3418772B1CC6E4B3002A4B59 /* TotalsViewController.swift */ = {isa = PBXFileReference; fileEncoding = 4; lastKnownFileType = sourcecode.swift; path = TotalsViewController.swift; sourceTree = "<group>"; };
		341877301CC6E552002A4B59 /* ReportsNavigationController.swift */ = {isa = PBXFileReference; fileEncoding = 4; lastKnownFileType = sourcecode.swift; path = ReportsNavigationController.swift; sourceTree = "<group>"; };
		3435FF721CC2E7640076AF42 /* MarcoPonto.app */ = {isa = PBXFileReference; explicitFileType = wrapper.application; includeInIndex = 0; path = MarcoPonto.app; sourceTree = BUILT_PRODUCTS_DIR; };
		3435FF751CC2E7640076AF42 /* AppDelegate.swift */ = {isa = PBXFileReference; lastKnownFileType = sourcecode.swift; path = AppDelegate.swift; sourceTree = "<group>"; };
		3435FF7D1CC2E7640076AF42 /* MarcoPonto.xcdatamodel */ = {isa = PBXFileReference; lastKnownFileType = wrapper.xcdatamodel; path = MarcoPonto.xcdatamodel; sourceTree = "<group>"; };
		3435FF7F1CC2E7640076AF42 /* Assets.xcassets */ = {isa = PBXFileReference; lastKnownFileType = folder.assetcatalog; path = Assets.xcassets; sourceTree = "<group>"; };
		3435FF821CC2E7640076AF42 /* Base */ = {isa = PBXFileReference; lastKnownFileType = file.storyboard; name = Base; path = Base.lproj/LaunchScreen.storyboard; sourceTree = "<group>"; };
		3435FF841CC2E7640076AF42 /* Info.plist */ = {isa = PBXFileReference; lastKnownFileType = text.plist.xml; path = Info.plist; sourceTree = "<group>"; };
		3472A9EC1CC6F3E100CEF1D1 /* PunchModel+CoreDataProperties.swift */ = {isa = PBXFileReference; fileEncoding = 4; lastKnownFileType = sourcecode.swift; path = "PunchModel+CoreDataProperties.swift"; sourceTree = "<group>"; };
		3472A9ED1CC6F3E100CEF1D1 /* PunchModel.swift */ = {isa = PBXFileReference; fileEncoding = 4; lastKnownFileType = sourcecode.swift; path = PunchModel.swift; sourceTree = "<group>"; };
		349AFB611CDACD6B003D2279 /* MarcoPontoCore.xcodeproj */ = {isa = PBXFileReference; lastKnownFileType = "wrapper.pb-project"; name = MarcoPontoCore.xcodeproj; path = MarcoPontoCore/MarcoPontoCore.xcodeproj; sourceTree = "<group>"; };
		349D9B291CC2ECD20088DE5E /* FormPunchViewController.swift */ = {isa = PBXFileReference; fileEncoding = 4; lastKnownFileType = sourcecode.swift; name = FormPunchViewController.swift; path = Punch/Form/FormPunchViewController.swift; sourceTree = "<group>"; };
		349D9B2D1CC2F68B0088DE5E /* SelectMomentTableViewCell.swift */ = {isa = PBXFileReference; fileEncoding = 4; lastKnownFileType = sourcecode.swift; name = SelectMomentTableViewCell.swift; path = Punch/Form/SelectMomentTableViewCell.swift; sourceTree = "<group>"; };
		349D9B311CC2F7960088DE5E /* FormPunchDataSource.swift */ = {isa = PBXFileReference; fileEncoding = 4; lastKnownFileType = sourcecode.swift; name = FormPunchDataSource.swift; path = Punch/Form/FormPunchDataSource.swift; sourceTree = "<group>"; };
		34BD8F951CC5BA3500607BA6 /* TabBarController.swift */ = {isa = PBXFileReference; fileEncoding = 4; lastKnownFileType = sourcecode.swift; path = TabBarController.swift; sourceTree = "<group>"; };
		34BD8F981CC6628E00607BA6 /* MaterialIcons+UIImage.swift */ = {isa = PBXFileReference; fileEncoding = 4; lastKnownFileType = sourcecode.swift; path = "MaterialIcons+UIImage.swift"; sourceTree = "<group>"; };
		34D19F3E1CDA653D0046B7CF /* MarcoPontoCore.framework */ = {isa = PBXFileReference; lastKnownFileType = wrapper.framework; name = MarcoPontoCore.framework; path = "../../Library/Developer/Xcode/DerivedData/MarcoPonto-eiznvikmlytuckdbbpqmttnvlgdy/Build/Products/Debug-iphonesimulator/MarcoPontoCore.framework"; sourceTree = "<group>"; };
		34D19FD51CDA66F10046B7CF /* MarcoPontoCore.framework */ = {isa = PBXFileReference; lastKnownFileType = wrapper.framework; name = MarcoPontoCore.framework; path = "../../Library/Developer/Xcode/DerivedData/MarcoPonto-eiznvikmlytuckdbbpqmttnvlgdy/Build/Products/Debug-iphoneos/MarcoPontoCore.framework"; sourceTree = "<group>"; };
		34D19FF01CDA6CBA0046B7CF /* MarcoPontoTests.xctest */ = {isa = PBXFileReference; explicitFileType = wrapper.cfbundle; includeInIndex = 0; path = MarcoPontoTests.xctest; sourceTree = BUILT_PRODUCTS_DIR; };
		34D19FF21CDA6CBA0046B7CF /* PunchGatewayCoreDataTests.swift */ = {isa = PBXFileReference; lastKnownFileType = sourcecode.swift; path = PunchGatewayCoreDataTests.swift; sourceTree = "<group>"; };
		34D19FF41CDA6CBA0046B7CF /* Info.plist */ = {isa = PBXFileReference; lastKnownFileType = text.plist.xml; path = Info.plist; sourceTree = "<group>"; };
		34E9B3EC1CC360060017A083 /* PunchGatewayCoreData.swift */ = {isa = PBXFileReference; fileEncoding = 4; lastKnownFileType = sourcecode.swift; path = PunchGatewayCoreData.swift; sourceTree = "<group>"; };
		34E9B3EF1CC3B72E0017A083 /* ListPunchUsecaseFactory.swift */ = {isa = PBXFileReference; fileEncoding = 4; lastKnownFileType = sourcecode.swift; path = ListPunchUsecaseFactory.swift; sourceTree = "<group>"; };
		34E9B3F71CC3C66B0017A083 /* SelectTypeTableViewCell.swift */ = {isa = PBXFileReference; fileEncoding = 4; lastKnownFileType = sourcecode.swift; name = SelectTypeTableViewCell.swift; path = Punch/Form/SelectTypeTableViewCell.swift; sourceTree = "<group>"; };
		34E9B3F91CC3D9C80017A083 /* SavePunchUsecaseFactory.swift */ = {isa = PBXFileReference; fileEncoding = 4; lastKnownFileType = sourcecode.swift; path = SavePunchUsecaseFactory.swift; sourceTree = "<group>"; };
		34E9B3FB1CC3DA1A0017A083 /* PunchGatewayCoreDataFactory.swift */ = {isa = PBXFileReference; fileEncoding = 4; lastKnownFileType = sourcecode.swift; path = PunchGatewayCoreDataFactory.swift; sourceTree = "<group>"; };
		34E9B4021CC419090017A083 /* PunchTypeLabel.swift */ = {isa = PBXFileReference; fileEncoding = 4; lastKnownFileType = sourcecode.swift; path = PunchTypeLabel.swift; sourceTree = "<group>"; };
		34E9B4041CC42C360017A083 /* ListPunchsDelegate.swift */ = {isa = PBXFileReference; fileEncoding = 4; lastKnownFileType = sourcecode.swift; path = ListPunchsDelegate.swift; sourceTree = "<group>"; };
		4B7A521BCF886584E14BC9C7 /* ListPunchsViewController.xib */ = {isa = PBXFileReference; lastKnownFileType = file.xib; path = ListPunchsViewController.xib; sourceTree = "<group>"; };
		4B7A54C26B2939F7ECFE71B2 /* FormPunchViewController.xib */ = {isa = PBXFileReference; lastKnownFileType = file.xib; path = FormPunchViewController.xib; sourceTree = "<group>"; };
		4B7A56FDBC391BDD47B73BEA /* SelectTypeTableViewCell.xib */ = {isa = PBXFileReference; lastKnownFileType = file.xib; path = SelectTypeTableViewCell.xib; sourceTree = "<group>"; };
		4B7A581DCA5399934C5D8F40 /* TotalsViewController.xib */ = {isa = PBXFileReference; lastKnownFileType = file.xib; path = TotalsViewController.xib; sourceTree = "<group>"; };
		4B7A5C3920C3D4812223D3F0 /* SelectMomentTableViewCell.xib */ = {isa = PBXFileReference; lastKnownFileType = file.xib; path = SelectMomentTableViewCell.xib; sourceTree = "<group>"; };
		4B7A5CAA1E540DD091D0E91E /* ListPunchsTableViewCell.xib */ = {isa = PBXFileReference; lastKnownFileType = file.xib; path = ListPunchsTableViewCell.xib; sourceTree = "<group>"; };
		56484213089692FF111507C5 /* Pods-MarcoPonto.release.xcconfig */ = {isa = PBXFileReference; includeInIndex = 1; lastKnownFileType = text.xcconfig; name = "Pods-MarcoPonto.release.xcconfig"; path = "Pods/Target Support Files/Pods-MarcoPonto/Pods-MarcoPonto.release.xcconfig"; sourceTree = "<group>"; };
		81C82F974AC11FC5E456E76F /* Pods_MarcoPonto.framework */ = {isa = PBXFileReference; explicitFileType = wrapper.framework; includeInIndex = 0; path = Pods_MarcoPonto.framework; sourceTree = BUILT_PRODUCTS_DIR; };
		E1856DDB607C20C59F7245D8 /* Pods_MarcoPontoTests.framework */ = {isa = PBXFileReference; explicitFileType = wrapper.framework; includeInIndex = 0; path = Pods_MarcoPontoTests.framework; sourceTree = BUILT_PRODUCTS_DIR; };
/* End PBXFileReference section */

/* Begin PBXFrameworksBuildPhase section */
		3435FF6F1CC2E7640076AF42 /* Frameworks */ = {
			isa = PBXFrameworksBuildPhase;
			buildActionMask = 2147483647;
			files = (
				A05A95DEEDAA4608E99F9C4B /* Pods_MarcoPonto.framework in Frameworks */,
				340C51941CDACDF1001ED6D5 /* MarcoPontoCore.framework in Frameworks */,
			);
			runOnlyForDeploymentPostprocessing = 0;
		};
		34D19FED1CDA6CBA0046B7CF /* Frameworks */ = {
			isa = PBXFrameworksBuildPhase;
			buildActionMask = 2147483647;
			files = (
				D918C225466D4C610081981A /* Pods_MarcoPontoTests.framework in Frameworks */,
			);
			runOnlyForDeploymentPostprocessing = 0;
		};
/* End PBXFrameworksBuildPhase section */

/* Begin PBXGroup section */
		340BD7311CC33F9700AB860B /* Form */ = {
			isa = PBXGroup;
			children = (
				349D9B311CC2F7960088DE5E /* FormPunchDataSource.swift */,
				349D9B291CC2ECD20088DE5E /* FormPunchViewController.swift */,
				349D9B2D1CC2F68B0088DE5E /* SelectMomentTableViewCell.swift */,
				34E9B3F71CC3C66B0017A083 /* SelectTypeTableViewCell.swift */,
			);
			name = Form;
			sourceTree = "<group>";
		};
		340BD7321CC33FAB00AB860B /* Punch */ = {
			isa = PBXGroup;
			children = (
				340BD7311CC33F9700AB860B /* Form */,
				340BD7351CC3404200AB860B /* List */,
				340BD72A1CC33D8100AB860B /* PunchsNavigationController.swift */,
			);
			name = Punch;
			sourceTree = "<group>";
		};
		340BD7351CC3404200AB860B /* List */ = {
			isa = PBXGroup;
			children = (
				340BD7431CC3462B00AB860B /* ListPunchsDataSource.swift */,
				34E9B4041CC42C360017A083 /* ListPunchsDelegate.swift */,
				340BD7451CC346D600AB860B /* ListPunchsTableViewCell.swift */,
				340BD7371CC3409600AB860B /* ListPunchsViewController.swift */,
				34E9B4021CC419090017A083 /* PunchTypeLabel.swift */,
			);
			name = List;
			path = MarcoPonto/ViewsControllers/Punch/List;
			sourceTree = SOURCE_ROOT;
		};
		341877291CC6E454002A4B59 /* Reports */ = {
			isa = PBXGroup;
			children = (
				341877301CC6E552002A4B59 /* ReportsNavigationController.swift */,
				3418772B1CC6E4B3002A4B59 /* TotalsViewController.swift */,
				3405D98C1CCA74F600616382 /* TotalsDataSource.swift */,
			);
			name = Reports;
			path = MarcoPonto/ViewsControllers/Reports;
			sourceTree = SOURCE_ROOT;
		};
		3435FF691CC2E7640076AF42 = {
			isa = PBXGroup;
			children = (
				3435FF741CC2E7640076AF42 /* MarcoPonto */,
				34D19FF11CDA6CBA0046B7CF /* MarcoPontoTests */,
				3435FF731CC2E7640076AF42 /* Products */,
				93DB51290E3CD3B719837D29 /* Frameworks */,
				D1706638DC8C714FE9ADE031 /* Pods */,
			);
			sourceTree = "<group>";
		};
		3435FF731CC2E7640076AF42 /* Products */ = {
			isa = PBXGroup;
			children = (
				3435FF721CC2E7640076AF42 /* MarcoPonto.app */,
				34D19FF01CDA6CBA0046B7CF /* MarcoPontoTests.xctest */,
			);
			name = Products;
			sourceTree = "<group>";
		};
		3435FF741CC2E7640076AF42 /* MarcoPonto */ = {
			isa = PBXGroup;
			children = (
				349D9B151CC2E82E0088DE5E /* ApplicationBase */,
				34BD8F971CC6623B00607BA6 /* Assets */,
				34E9B3EE1CC3B7010017A083 /* Factories */,
				34E9B3E71CC35AF50017A083 /* Gateways */,
				349D9B161CC2E8610088DE5E /* Models */,
				4B7A5C1023A6928A9A573DA8 /* Views */,
				349D9B261CC2EBA40088DE5E /* ViewsControllers */,
			);
			path = MarcoPonto;
			sourceTree = "<group>";
		};
		349AFB621CDACD6B003D2279 /* Products */ = {
			isa = PBXGroup;
			children = (
				349AFB671CDACD6B003D2279 /* MarcoPontoCore.framework */,
				349AFB691CDACD6B003D2279 /* MarcoPontoCoreTests.xctest */,
			);
			name = Products;
			sourceTree = "<group>";
		};
		349D9B151CC2E82E0088DE5E /* ApplicationBase */ = {
			isa = PBXGroup;
			children = (
				3435FF751CC2E7640076AF42 /* AppDelegate.swift */,
				3435FF841CC2E7640076AF42 /* Info.plist */,
				3435FF811CC2E7640076AF42 /* LaunchScreen.storyboard */,
			);
			name = ApplicationBase;
			path = MarcoPonto/ApplicationBase;
			sourceTree = SOURCE_ROOT;
		};
		349D9B161CC2E8610088DE5E /* Models */ = {
			isa = PBXGroup;
			children = (
				3435FF7C1CC2E7640076AF42 /* MarcoPonto.xcdatamodeld */,
				3472A9ED1CC6F3E100CEF1D1 /* PunchModel.swift */,
				3472A9EC1CC6F3E100CEF1D1 /* PunchModel+CoreDataProperties.swift */,
			);
			name = Models;
			path = MarcoPonto/Models;
			sourceTree = SOURCE_ROOT;
		};
		349D9B261CC2EBA40088DE5E /* ViewsControllers */ = {
			isa = PBXGroup;
			children = (
				340BD7321CC33FAB00AB860B /* Punch */,
				341877291CC6E454002A4B59 /* Reports */,
				34BD8F951CC5BA3500607BA6 /* TabBarController.swift */,
			);
			name = ViewsControllers;
			path = MarcoPonto/ViewsControllers;
			sourceTree = SOURCE_ROOT;
		};
		34BD8F971CC6623B00607BA6 /* Assets */ = {
			isa = PBXGroup;
			children = (
				340C519B1CDAD369001ED6D5 /* Marco Ponto.clr */,
				3435FF7F1CC2E7640076AF42 /* Assets.xcassets */,
				34BD8F981CC6628E00607BA6 /* MaterialIcons+UIImage.swift */,
			);
			name = Assets;
			path = MarcoPonto/Assets;
			sourceTree = SOURCE_ROOT;
		};
		34D19FF11CDA6CBA0046B7CF /* MarcoPontoTests */ = {
			isa = PBXGroup;
			children = (
				34D1A0211CDA96B30046B7CF /* Gateways */,
				34D19FF41CDA6CBA0046B7CF /* Info.plist */,
			);
			path = MarcoPontoTests;
			sourceTree = "<group>";
		};
		34D1A0211CDA96B30046B7CF /* Gateways */ = {
			isa = PBXGroup;
			children = (
				34D19FF21CDA6CBA0046B7CF /* PunchGatewayCoreDataTests.swift */,
			);
			path = Gateways;
			sourceTree = "<group>";
		};
		34E9B3E71CC35AF50017A083 /* Gateways */ = {
			isa = PBXGroup;
			children = (
				34E9B3EC1CC360060017A083 /* PunchGatewayCoreData.swift */,
			);
			name = Gateways;
			path = MarcoPonto/Gateways;
			sourceTree = SOURCE_ROOT;
		};
		34E9B3EE1CC3B7010017A083 /* Factories */ = {
			isa = PBXGroup;
			children = (
				34E9B3EF1CC3B72E0017A083 /* ListPunchUsecaseFactory.swift */,
				34E9B3FB1CC3DA1A0017A083 /* PunchGatewayCoreDataFactory.swift */,
				34E9B3F91CC3D9C80017A083 /* SavePunchUsecaseFactory.swift */,
				3405D9871CCA51E700616382 /* CurrentWeekHoursUsecaseFactory.swift */,
			);
			name = Factories;
			path = MarcoPonto/Factories;
			sourceTree = SOURCE_ROOT;
		};
		4B7A50B67E7AAE2DDBCA1DC5 /* Punch */ = {
			isa = PBXGroup;
			children = (
				4B7A54EE51A3523833AAA396 /* Form */,
				4B7A5D197C23326FBCD842C8 /* List */,
			);
			path = Punch;
			sourceTree = "<group>";
		};
		4B7A54EE51A3523833AAA396 /* Form */ = {
			isa = PBXGroup;
			children = (
				4B7A54C26B2939F7ECFE71B2 /* FormPunchViewController.xib */,
				4B7A5C3920C3D4812223D3F0 /* SelectMomentTableViewCell.xib */,
				4B7A56FDBC391BDD47B73BEA /* SelectTypeTableViewCell.xib */,
			);
			path = Form;
			sourceTree = "<group>";
		};
		4B7A5B8DEA18DE867FAC3FA2 /* Reports */ = {
			isa = PBXGroup;
			children = (
				4B7A581DCA5399934C5D8F40 /* TotalsViewController.xib */,
				340C51971CDACF71001ED6D5 /* WorkHoursTableViewCell.swift */,
				340C51981CDACF71001ED6D5 /* WorkHoursTableViewCell.xib */,
			);
			path = Reports;
			sourceTree = "<group>";
		};
		4B7A5C1023A6928A9A573DA8 /* Views */ = {
			isa = PBXGroup;
			children = (
				4B7A50B67E7AAE2DDBCA1DC5 /* Punch */,
				4B7A5B8DEA18DE867FAC3FA2 /* Reports */,
			);
			name = Views;
			path = ViewsControllers/Views;
			sourceTree = "<group>";
		};
		4B7A5D197C23326FBCD842C8 /* List */ = {
			isa = PBXGroup;
			children = (
				4B7A5CAA1E540DD091D0E91E /* ListPunchsTableViewCell.xib */,
				4B7A521BCF886584E14BC9C7 /* ListPunchsViewController.xib */,
			);
			path = List;
			sourceTree = "<group>";
		};
		93DB51290E3CD3B719837D29 /* Frameworks */ = {
			isa = PBXGroup;
			children = (
				340C51931CDACDF1001ED6D5 /* MarcoPontoCore.framework */,
				349AFB611CDACD6B003D2279 /* MarcoPontoCore.xcodeproj */,
				34D19FD51CDA66F10046B7CF /* MarcoPontoCore.framework */,
				34D19F3E1CDA653D0046B7CF /* MarcoPontoCore.framework */,
				81C82F974AC11FC5E456E76F /* Pods_MarcoPonto.framework */,
				E1856DDB607C20C59F7245D8 /* Pods_MarcoPontoTests.framework */,
			);
			name = Frameworks;
			sourceTree = "<group>";
		};
		D1706638DC8C714FE9ADE031 /* Pods */ = {
			isa = PBXGroup;
			children = (
				0796B546D9AF6FFFE578D654 /* Pods-MarcoPonto.debug.xcconfig */,
				56484213089692FF111507C5 /* Pods-MarcoPonto.release.xcconfig */,
				311B7F720514199B960B6235 /* Pods-MarcoPontoTests.debug.xcconfig */,
				26D7D264C5E50B35AFF83555 /* Pods-MarcoPontoTests.release.xcconfig */,
			);
			name = Pods;
			sourceTree = "<group>";
		};
/* End PBXGroup section */

/* Begin PBXNativeTarget section */
		3435FF711CC2E7640076AF42 /* MarcoPonto */ = {
			isa = PBXNativeTarget;
			buildConfigurationList = 3435FF921CC2E7650076AF42 /* Build configuration list for PBXNativeTarget "MarcoPonto" */;
			buildPhases = (
				D4ECF43CE1F3C5E7DBB2B281 /* 📦 Check Pods Manifest.lock */,
				1C6281074BD2235DFCB22050 /* uD83DuDCE6 Check Pods Manifest.lock */,
				8B9278F5C8551EE313688846 /* uD83DuDCE6 Check Pods Manifest.lock */,
				3435FF6E1CC2E7640076AF42 /* Sources */,
				3435FF6F1CC2E7640076AF42 /* Frameworks */,
				3435FF701CC2E7640076AF42 /* Resources */,
				0ADA01CF5601B71329B1DA18 /* uD83DuDCE6 Embed Pods Frameworks */,
				1831955320E526753BF22D63 /* uD83DuDCE6 Copy Pods Resources */,
				34965A921CD3A9B600901A28 /* ShellScript */,
				D1646CE997112B75210ED8CC /* uD83DuDCE6 Embed Pods Frameworks */,
				8B458856D942F2A4AF5584CC /* uD83DuDCE6 Copy Pods Resources */,
				8C6BDA4389CDF2FA92AEB492 /* 📦 Embed Pods Frameworks */,
				DFA7E4B57DBA00D0D9273750 /* 📦 Copy Pods Resources */,
			);
			buildRules = (
			);
			dependencies = (
			);
			name = MarcoPonto;
			productName = MarcoPonto;
			productReference = 3435FF721CC2E7640076AF42 /* MarcoPonto.app */;
			productType = "com.apple.product-type.application";
		};
		34D19FEF1CDA6CBA0046B7CF /* MarcoPontoTests */ = {
			isa = PBXNativeTarget;
			buildConfigurationList = 34D19FF71CDA6CBA0046B7CF /* Build configuration list for PBXNativeTarget "MarcoPontoTests" */;
			buildPhases = (
				9A426588C777DCBB60A0DCFC /* 📦 Check Pods Manifest.lock */,
				34D19FEC1CDA6CBA0046B7CF /* Sources */,
				34D19FED1CDA6CBA0046B7CF /* Frameworks */,
				34D19FEE1CDA6CBA0046B7CF /* Resources */,
				1CF0E2962DEE9FA14F64D166 /* 📦 Embed Pods Frameworks */,
				1EF26C34E265AECEBFF257C0 /* 📦 Copy Pods Resources */,
			);
			buildRules = (
			);
			dependencies = (
				34D19FF61CDA6CBA0046B7CF /* PBXTargetDependency */,
			);
			name = MarcoPontoTests;
			productName = MarcoPontoTests;
			productReference = 34D19FF01CDA6CBA0046B7CF /* MarcoPontoTests.xctest */;
			productType = "com.apple.product-type.bundle.unit-test";
		};
/* End PBXNativeTarget section */

/* Begin PBXProject section */
		3435FF6A1CC2E7640076AF42 /* Project object */ = {
			isa = PBXProject;
			attributes = {
				LastSwiftUpdateCheck = 0730;
				LastUpgradeCheck = 0730;
				ORGANIZATIONNAME = "Ronan Rodrigo Nunes";
				TargetAttributes = {
					3435FF711CC2E7640076AF42 = {
						CreatedOnToolsVersion = 7.3;
						DevelopmentTeam = 2729VXDM4D;
					};
					34D19FEF1CDA6CBA0046B7CF = {
						CreatedOnToolsVersion = 7.3;
						TestTargetID = 3435FF711CC2E7640076AF42;
					};
				};
			};
			buildConfigurationList = 3435FF6D1CC2E7640076AF42 /* Build configuration list for PBXProject "MarcoPonto" */;
			compatibilityVersion = "Xcode 3.2";
			developmentRegion = English;
			hasScannedForEncodings = 0;
			knownRegions = (
				en,
				Base,
			);
			mainGroup = 3435FF691CC2E7640076AF42;
			productRefGroup = 3435FF731CC2E7640076AF42 /* Products */;
			projectDirPath = "";
			projectReferences = (
				{
					ProductGroup = 349AFB621CDACD6B003D2279 /* Products */;
					ProjectRef = 349AFB611CDACD6B003D2279 /* MarcoPontoCore.xcodeproj */;
				},
			);
			projectRoot = "";
			targets = (
				3435FF711CC2E7640076AF42 /* MarcoPonto */,
				34D19FEF1CDA6CBA0046B7CF /* MarcoPontoTests */,
			);
		};
/* End PBXProject section */

/* Begin PBXReferenceProxy section */
		349AFB671CDACD6B003D2279 /* MarcoPontoCore.framework */ = {
			isa = PBXReferenceProxy;
			fileType = wrapper.framework;
			path = MarcoPontoCore.framework;
			remoteRef = 349AFB661CDACD6B003D2279 /* PBXContainerItemProxy */;
			sourceTree = BUILT_PRODUCTS_DIR;
		};
		349AFB691CDACD6B003D2279 /* MarcoPontoCoreTests.xctest */ = {
			isa = PBXReferenceProxy;
			fileType = wrapper.cfbundle;
			path = MarcoPontoCoreTests.xctest;
			remoteRef = 349AFB681CDACD6B003D2279 /* PBXContainerItemProxy */;
			sourceTree = BUILT_PRODUCTS_DIR;
		};
/* End PBXReferenceProxy section */

/* Begin PBXResourcesBuildPhase section */
		3435FF701CC2E7640076AF42 /* Resources */ = {
			isa = PBXResourcesBuildPhase;
			buildActionMask = 2147483647;
			files = (
				340C519A1CDACF71001ED6D5 /* WorkHoursTableViewCell.xib in Resources */,
				3435FF831CC2E7640076AF42 /* LaunchScreen.storyboard in Resources */,
				3435FF801CC2E7640076AF42 /* Assets.xcassets in Resources */,
				4B7A51761AFE51EF9211C877 /* FormPunchViewController.xib in Resources */,
				4B7A5E906F1DC11565C8E938 /* SelectMomentTableViewCell.xib in Resources */,
				4B7A59FD587D2F8827D2AA64 /* SelectTypeTableViewCell.xib in Resources */,
				4B7A532ACFCC5B48106CE51E /* ListPunchsTableViewCell.xib in Resources */,
				4B7A5B0AA5D4A3B27F0B9142 /* ListPunchsViewController.xib in Resources */,
				4B7A5985BF6003BB6C46E01A /* TotalsViewController.xib in Resources */,
			);
			runOnlyForDeploymentPostprocessing = 0;
		};
		34D19FEE1CDA6CBA0046B7CF /* Resources */ = {
			isa = PBXResourcesBuildPhase;
			buildActionMask = 2147483647;
			files = (
			);
			runOnlyForDeploymentPostprocessing = 0;
		};
/* End PBXResourcesBuildPhase section */

/* Begin PBXShellScriptBuildPhase section */
		0ADA01CF5601B71329B1DA18 /* uD83DuDCE6 Embed Pods Frameworks */ = {
			isa = PBXShellScriptBuildPhase;
			buildActionMask = 2147483647;
			files = (
			);
			inputPaths = (
			);
			name = "uD83DuDCE6 Embed Pods Frameworks";
			outputPaths = (
			);
			runOnlyForDeploymentPostprocessing = 0;
			shellPath = /bin/sh;
			shellScript = "\"${SRCROOT}/Pods/Target Support Files/Pods-MarcoPonto/Pods-MarcoPonto-frameworks.sh\"\n";
			showEnvVarsInLog = 0;
		};
		1831955320E526753BF22D63 /* uD83DuDCE6 Copy Pods Resources */ = {
			isa = PBXShellScriptBuildPhase;
			buildActionMask = 2147483647;
			files = (
			);
			inputPaths = (
			);
			name = "uD83DuDCE6 Copy Pods Resources";
			outputPaths = (
			);
			runOnlyForDeploymentPostprocessing = 0;
			shellPath = /bin/sh;
			shellScript = "\"${SRCROOT}/Pods/Target Support Files/Pods-MarcoPonto/Pods-MarcoPonto-resources.sh\"\n";
			showEnvVarsInLog = 0;
		};
		1C6281074BD2235DFCB22050 /* uD83DuDCE6 Check Pods Manifest.lock */ = {
			isa = PBXShellScriptBuildPhase;
			buildActionMask = 2147483647;
			files = (
			);
			inputPaths = (
			);
			name = "uD83DuDCE6 Check Pods Manifest.lock";
			outputPaths = (
			);
			runOnlyForDeploymentPostprocessing = 0;
			shellPath = /bin/sh;
			shellScript = "diff \"${PODS_ROOT}/../Podfile.lock\" \"${PODS_ROOT}/Manifest.lock\" > /dev/null\nif [[ $? != 0 ]] ; then\n    cat << EOM\nerror: The sandbox is not in sync with the Podfile.lock. Run 'pod install' or update your CocoaPods installation.\nEOM\n    exit 1\nfi\n";
			showEnvVarsInLog = 0;
		};
		1CF0E2962DEE9FA14F64D166 /* 📦 Embed Pods Frameworks */ = {
			isa = PBXShellScriptBuildPhase;
			buildActionMask = 2147483647;
			files = (
			);
			inputPaths = (
			);
			name = "📦 Embed Pods Frameworks";
			outputPaths = (
			);
			runOnlyForDeploymentPostprocessing = 0;
			shellPath = /bin/sh;
			shellScript = "\"${SRCROOT}/Pods/Target Support Files/Pods-MarcoPontoTests/Pods-MarcoPontoTests-frameworks.sh\"\n";
			showEnvVarsInLog = 0;
		};
		1EF26C34E265AECEBFF257C0 /* 📦 Copy Pods Resources */ = {
			isa = PBXShellScriptBuildPhase;
			buildActionMask = 2147483647;
			files = (
			);
			inputPaths = (
			);
			name = "📦 Copy Pods Resources";
			outputPaths = (
			);
			runOnlyForDeploymentPostprocessing = 0;
			shellPath = /bin/sh;
			shellScript = "\"${SRCROOT}/Pods/Target Support Files/Pods-MarcoPontoTests/Pods-MarcoPontoTests-resources.sh\"\n";
			showEnvVarsInLog = 0;
		};
		34965A921CD3A9B600901A28 /* ShellScript */ = {
			isa = PBXShellScriptBuildPhase;
			buildActionMask = 2147483647;
			files = (
			);
			inputPaths = (
			);
			outputPaths = (
			);
			runOnlyForDeploymentPostprocessing = 0;
			shellPath = /bin/sh;
			shellScript = "if which swiftlint >/dev/null; then\n    swiftlint\nelse\n    echo \"warning: SwiftLint not installed, download from https://github.com/realm/SwiftLint\"\nfi";
		};
		8B458856D942F2A4AF5584CC /* uD83DuDCE6 Copy Pods Resources */ = {
			isa = PBXShellScriptBuildPhase;
			buildActionMask = 2147483647;
			files = (
			);
			inputPaths = (
			);
			name = "uD83DuDCE6 Copy Pods Resources";
			outputPaths = (
			);
			runOnlyForDeploymentPostprocessing = 0;
			shellPath = /bin/sh;
			shellScript = "\"${SRCROOT}/Pods/Target Support Files/Pods-MarcoPonto/Pods-MarcoPonto-resources.sh\"\n";
			showEnvVarsInLog = 0;
		};
		8B9278F5C8551EE313688846 /* uD83DuDCE6 Check Pods Manifest.lock */ = {
			isa = PBXShellScriptBuildPhase;
			buildActionMask = 2147483647;
			files = (
			);
			inputPaths = (
			);
			name = "uD83DuDCE6 Check Pods Manifest.lock";
			outputPaths = (
			);
			runOnlyForDeploymentPostprocessing = 0;
			shellPath = /bin/sh;
			shellScript = "diff \"${PODS_ROOT}/../Podfile.lock\" \"${PODS_ROOT}/Manifest.lock\" > /dev/null\nif [[ $? != 0 ]] ; then\n    cat << EOM\nerror: The sandbox is not in sync with the Podfile.lock. Run 'pod install' or update your CocoaPods installation.\nEOM\n    exit 1\nfi\n";
			showEnvVarsInLog = 0;
		};
		8C6BDA4389CDF2FA92AEB492 /* 📦 Embed Pods Frameworks */ = {
			isa = PBXShellScriptBuildPhase;
			buildActionMask = 2147483647;
			files = (
			);
			inputPaths = (
			);
			name = "📦 Embed Pods Frameworks";
			outputPaths = (
			);
			runOnlyForDeploymentPostprocessing = 0;
			shellPath = /bin/sh;
			shellScript = "\"${SRCROOT}/Pods/Target Support Files/Pods-MarcoPonto/Pods-MarcoPonto-frameworks.sh\"\n";
			showEnvVarsInLog = 0;
		};
		9A426588C777DCBB60A0DCFC /* 📦 Check Pods Manifest.lock */ = {
			isa = PBXShellScriptBuildPhase;
			buildActionMask = 2147483647;
			files = (
			);
			inputPaths = (
			);
			name = "📦 Check Pods Manifest.lock";
			outputPaths = (
			);
			runOnlyForDeploymentPostprocessing = 0;
			shellPath = /bin/sh;
			shellScript = "diff \"${PODS_ROOT}/../Podfile.lock\" \"${PODS_ROOT}/Manifest.lock\" > /dev/null\nif [[ $? != 0 ]] ; then\n    cat << EOM\nerror: The sandbox is not in sync with the Podfile.lock. Run 'pod install' or update your CocoaPods installation.\nEOM\n    exit 1\nfi\n";
			showEnvVarsInLog = 0;
		};
		D1646CE997112B75210ED8CC /* uD83DuDCE6 Embed Pods Frameworks */ = {
			isa = PBXShellScriptBuildPhase;
			buildActionMask = 2147483647;
			files = (
			);
			inputPaths = (
			);
			name = "uD83DuDCE6 Embed Pods Frameworks";
			outputPaths = (
			);
			runOnlyForDeploymentPostprocessing = 0;
			shellPath = /bin/sh;
			shellScript = "\"${SRCROOT}/Pods/Target Support Files/Pods-MarcoPonto/Pods-MarcoPonto-frameworks.sh\"\n";
			showEnvVarsInLog = 0;
		};
		D4ECF43CE1F3C5E7DBB2B281 /* 📦 Check Pods Manifest.lock */ = {
			isa = PBXShellScriptBuildPhase;
			buildActionMask = 2147483647;
			files = (
			);
			inputPaths = (
			);
			name = "📦 Check Pods Manifest.lock";
			outputPaths = (
			);
			runOnlyForDeploymentPostprocessing = 0;
			shellPath = /bin/sh;
			shellScript = "diff \"${PODS_ROOT}/../Podfile.lock\" \"${PODS_ROOT}/Manifest.lock\" > /dev/null\nif [[ $? != 0 ]] ; then\n    cat << EOM\nerror: The sandbox is not in sync with the Podfile.lock. Run 'pod install' or update your CocoaPods installation.\nEOM\n    exit 1\nfi\n";
			showEnvVarsInLog = 0;
		};
		DFA7E4B57DBA00D0D9273750 /* 📦 Copy Pods Resources */ = {
			isa = PBXShellScriptBuildPhase;
			buildActionMask = 2147483647;
			files = (
			);
			inputPaths = (
			);
			name = "📦 Copy Pods Resources";
			outputPaths = (
			);
			runOnlyForDeploymentPostprocessing = 0;
			shellPath = /bin/sh;
			shellScript = "\"${SRCROOT}/Pods/Target Support Files/Pods-MarcoPonto/Pods-MarcoPonto-resources.sh\"\n";
			showEnvVarsInLog = 0;
		};
/* End PBXShellScriptBuildPhase section */

/* Begin PBXSourcesBuildPhase section */
		3435FF6E1CC2E7640076AF42 /* Sources */ = {
			isa = PBXSourcesBuildPhase;
			buildActionMask = 2147483647;
			files = (
				3405D9881CCA51E700616382 /* CurrentWeekHoursUsecaseFactory.swift in Sources */,
				34BD8F961CC5BA3500607BA6 /* TabBarController.swift in Sources */,
				34E9B3FC1CC3DA1A0017A083 /* PunchGatewayCoreDataFactory.swift in Sources */,
				34E9B3F01CC3B72E0017A083 /* ListPunchUsecaseFactory.swift in Sources */,
				340BD72B1CC33D8100AB860B /* PunchsNavigationController.swift in Sources */,
				340BD7471CC346D600AB860B /* ListPunchsTableViewCell.swift in Sources */,
				34BD8F991CC6628E00607BA6 /* MaterialIcons+UIImage.swift in Sources */,
				3435FF761CC2E7640076AF42 /* AppDelegate.swift in Sources */,
				340BD7381CC3409600AB860B /* ListPunchsViewController.swift in Sources */,
				349D9B2F1CC2F68B0088DE5E /* SelectMomentTableViewCell.swift in Sources */,
				3418772D1CC6E4B3002A4B59 /* TotalsViewController.swift in Sources */,
				3435FF7E1CC2E7640076AF42 /* MarcoPonto.xcdatamodeld in Sources */,
				34E9B4051CC42C360017A083 /* ListPunchsDelegate.swift in Sources */,
				340BD7441CC3462B00AB860B /* ListPunchsDataSource.swift in Sources */,
				34E9B3F81CC3C66B0017A083 /* SelectTypeTableViewCell.swift in Sources */,
				34E9B3FA1CC3D9C80017A083 /* SavePunchUsecaseFactory.swift in Sources */,
				349D9B2B1CC2ECD20088DE5E /* FormPunchViewController.swift in Sources */,
				34E9B4031CC419090017A083 /* PunchTypeLabel.swift in Sources */,
				341877311CC6E552002A4B59 /* ReportsNavigationController.swift in Sources */,
				3472A9EF1CC6F3E100CEF1D1 /* PunchModel.swift in Sources */,
				34E9B3ED1CC360060017A083 /* PunchGatewayCoreData.swift in Sources */,
				3472A9EE1CC6F3E100CEF1D1 /* PunchModel+CoreDataProperties.swift in Sources */,
				349D9B321CC2F7960088DE5E /* FormPunchDataSource.swift in Sources */,
				340C51991CDACF71001ED6D5 /* WorkHoursTableViewCell.swift in Sources */,
				3405D98D1CCA74F600616382 /* TotalsDataSource.swift in Sources */,
			);
			runOnlyForDeploymentPostprocessing = 0;
		};
		34D19FEC1CDA6CBA0046B7CF /* Sources */ = {
			isa = PBXSourcesBuildPhase;
			buildActionMask = 2147483647;
			files = (
				34D19FF31CDA6CBA0046B7CF /* PunchGatewayCoreDataTests.swift in Sources */,
				34D1A0001CDA6D460046B7CF /* PunchModel.swift in Sources */,
				34D19FFF1CDA6D440046B7CF /* MarcoPonto.xcdatamodeld in Sources */,
				34D1A0171CDA6DDB0046B7CF /* ListPunchsTableViewCell.swift in Sources */,
				34D1A01F1CDA6E040046B7CF /* MaterialIcons+UIImage.swift in Sources */,
				34D1A0191CDA6DDB0046B7CF /* PunchTypeLabel.swift in Sources */,
				34D1A0011CDA6D480046B7CF /* PunchModel+CoreDataProperties.swift in Sources */,
				34D1A0131CDA6DDB0046B7CF /* SelectMomentTableViewCell.swift in Sources */,
				34D1A0111CDA6DDB0046B7CF /* FormPunchDataSource.swift in Sources */,
				34D1A0141CDA6DDB0046B7CF /* SelectTypeTableViewCell.swift in Sources */,
			);
			runOnlyForDeploymentPostprocessing = 0;
		};
/* End PBXSourcesBuildPhase section */

/* Begin PBXTargetDependency section */
		34D19FF61CDA6CBA0046B7CF /* PBXTargetDependency */ = {
			isa = PBXTargetDependency;
			target = 3435FF711CC2E7640076AF42 /* MarcoPonto */;
			targetProxy = 34D19FF51CDA6CBA0046B7CF /* PBXContainerItemProxy */;
		};
/* End PBXTargetDependency section */

/* Begin PBXVariantGroup section */
		3435FF811CC2E7640076AF42 /* LaunchScreen.storyboard */ = {
			isa = PBXVariantGroup;
			children = (
				3435FF821CC2E7640076AF42 /* Base */,
			);
			name = LaunchScreen.storyboard;
			path = MarcoPonto/ApplicationBase;
			sourceTree = SOURCE_ROOT;
		};
/* End PBXVariantGroup section */

/* Begin XCBuildConfiguration section */
		3435FF901CC2E7650076AF42 /* Debug */ = {
			isa = XCBuildConfiguration;
			buildSettings = {
				ALWAYS_SEARCH_USER_PATHS = NO;
				CLANG_ANALYZER_NONNULL = YES;
				CLANG_CXX_LANGUAGE_STANDARD = "gnu++0x";
				CLANG_CXX_LIBRARY = "libc++";
				CLANG_ENABLE_MODULES = YES;
				CLANG_ENABLE_OBJC_ARC = YES;
				CLANG_WARN_BOOL_CONVERSION = YES;
				CLANG_WARN_CONSTANT_CONVERSION = YES;
				CLANG_WARN_DIRECT_OBJC_ISA_USAGE = YES_ERROR;
				CLANG_WARN_EMPTY_BODY = YES;
				CLANG_WARN_ENUM_CONVERSION = YES;
				CLANG_WARN_INT_CONVERSION = YES;
				CLANG_WARN_OBJC_ROOT_CLASS = YES_ERROR;
				CLANG_WARN_UNREACHABLE_CODE = YES;
				CLANG_WARN__DUPLICATE_METHOD_MATCH = YES;
				"CODE_SIGN_IDENTITY[sdk=iphoneos*]" = "iPhone Developer";
				COPY_PHASE_STRIP = NO;
				DEBUG_INFORMATION_FORMAT = dwarf;
				ENABLE_STRICT_OBJC_MSGSEND = YES;
				ENABLE_TESTABILITY = YES;
				GCC_C_LANGUAGE_STANDARD = gnu99;
				GCC_DYNAMIC_NO_PIC = NO;
				GCC_NO_COMMON_BLOCKS = YES;
				GCC_OPTIMIZATION_LEVEL = 0;
				GCC_PREPROCESSOR_DEFINITIONS = (
					"DEBUG=1",
					"$(inherited)",
				);
				GCC_WARN_64_TO_32_BIT_CONVERSION = YES;
				GCC_WARN_ABOUT_RETURN_TYPE = YES_ERROR;
				GCC_WARN_UNDECLARED_SELECTOR = YES;
				GCC_WARN_UNINITIALIZED_AUTOS = YES_AGGRESSIVE;
				GCC_WARN_UNUSED_FUNCTION = YES;
				GCC_WARN_UNUSED_VARIABLE = YES;
				IPHONEOS_DEPLOYMENT_TARGET = 9.3;
				MTL_ENABLE_DEBUG_INFO = YES;
				ONLY_ACTIVE_ARCH = YES;
				SDKROOT = iphoneos;
				SWIFT_OBJC_BRIDGING_HEADER = "";
				SWIFT_OPTIMIZATION_LEVEL = "-Onone";
			};
			name = Debug;
		};
		3435FF911CC2E7650076AF42 /* Release */ = {
			isa = XCBuildConfiguration;
			buildSettings = {
				ALWAYS_SEARCH_USER_PATHS = NO;
				CLANG_ANALYZER_NONNULL = YES;
				CLANG_CXX_LANGUAGE_STANDARD = "gnu++0x";
				CLANG_CXX_LIBRARY = "libc++";
				CLANG_ENABLE_MODULES = YES;
				CLANG_ENABLE_OBJC_ARC = YES;
				CLANG_WARN_BOOL_CONVERSION = YES;
				CLANG_WARN_CONSTANT_CONVERSION = YES;
				CLANG_WARN_DIRECT_OBJC_ISA_USAGE = YES_ERROR;
				CLANG_WARN_EMPTY_BODY = YES;
				CLANG_WARN_ENUM_CONVERSION = YES;
				CLANG_WARN_INT_CONVERSION = YES;
				CLANG_WARN_OBJC_ROOT_CLASS = YES_ERROR;
				CLANG_WARN_UNREACHABLE_CODE = YES;
				CLANG_WARN__DUPLICATE_METHOD_MATCH = YES;
				"CODE_SIGN_IDENTITY[sdk=iphoneos*]" = "iPhone Developer";
				COPY_PHASE_STRIP = NO;
				DEBUG_INFORMATION_FORMAT = "dwarf-with-dsym";
				ENABLE_NS_ASSERTIONS = NO;
				ENABLE_STRICT_OBJC_MSGSEND = YES;
				GCC_C_LANGUAGE_STANDARD = gnu99;
				GCC_NO_COMMON_BLOCKS = YES;
				GCC_WARN_64_TO_32_BIT_CONVERSION = YES;
				GCC_WARN_ABOUT_RETURN_TYPE = YES_ERROR;
				GCC_WARN_UNDECLARED_SELECTOR = YES;
				GCC_WARN_UNINITIALIZED_AUTOS = YES_AGGRESSIVE;
				GCC_WARN_UNUSED_FUNCTION = YES;
				GCC_WARN_UNUSED_VARIABLE = YES;
				IPHONEOS_DEPLOYMENT_TARGET = 9.3;
				MTL_ENABLE_DEBUG_INFO = NO;
				SDKROOT = iphoneos;
				SWIFT_OBJC_BRIDGING_HEADER = "";
				VALIDATE_PRODUCT = YES;
			};
			name = Release;
		};
		3435FF931CC2E7650076AF42 /* Debug */ = {
			isa = XCBuildConfiguration;
			baseConfigurationReference = 0796B546D9AF6FFFE578D654 /* Pods-MarcoPonto.debug.xcconfig */;
			buildSettings = {
				ASSETCATALOG_COMPILER_APPICON_NAME = AppIcon;
				ASSETCATALOG_COMPILER_LAUNCHIMAGE_NAME = "Brand Assets";
				CODE_SIGN_IDENTITY = "iPhone Developer";
				"CODE_SIGN_IDENTITY[sdk=iphoneos*]" = "iPhone Developer";
				FRAMEWORK_SEARCH_PATHS = (
					"$(inherited)",
					"$(PROJECT_DIR)",
				);
				INFOPLIST_FILE = "$(SRCROOT)/MarcoPonto/ApplicationBase/Info.plist";
				LD_RUNPATH_SEARCH_PATHS = "$(inherited) @executable_path/Frameworks";
				PRODUCT_BUNDLE_IDENTIFIER = io.github.ronanrodrigo.MarcoPonto;
				PRODUCT_NAME = "$(TARGET_NAME)";
				PROVISIONING_PROFILE = "";
			};
			name = Debug;
		};
		3435FF941CC2E7650076AF42 /* Release */ = {
			isa = XCBuildConfiguration;
			baseConfigurationReference = 56484213089692FF111507C5 /* Pods-MarcoPonto.release.xcconfig */;
			buildSettings = {
				ASSETCATALOG_COMPILER_APPICON_NAME = AppIcon;
				ASSETCATALOG_COMPILER_LAUNCHIMAGE_NAME = "Brand Assets";
				CODE_SIGN_IDENTITY = "iPhone Developer";
				"CODE_SIGN_IDENTITY[sdk=iphoneos*]" = "iPhone Developer";
				FRAMEWORK_SEARCH_PATHS = (
					"$(inherited)",
					"$(PROJECT_DIR)",
				);
				INFOPLIST_FILE = "$(SRCROOT)/MarcoPonto/ApplicationBase/Info.plist";
				LD_RUNPATH_SEARCH_PATHS = "$(inherited) @executable_path/Frameworks";
				PRODUCT_BUNDLE_IDENTIFIER = io.github.ronanrodrigo.MarcoPonto;
				PRODUCT_NAME = "$(TARGET_NAME)";
				PROVISIONING_PROFILE = "";
			};
			name = Release;
		};
		34D19FF81CDA6CBA0046B7CF /* Debug */ = {
			isa = XCBuildConfiguration;
			baseConfigurationReference = 311B7F720514199B960B6235 /* Pods-MarcoPontoTests.debug.xcconfig */;
			buildSettings = {
				BUNDLE_LOADER = "$(TEST_HOST)";
				INFOPLIST_FILE = MarcoPontoTests/Info.plist;
				LD_RUNPATH_SEARCH_PATHS = "$(inherited) @executable_path/Frameworks @loader_path/Frameworks";
				PRODUCT_BUNDLE_IDENTIFIER = br.com.meuspedidos.MarcoPontoTests;
				PRODUCT_NAME = "$(TARGET_NAME)";
				TEST_HOST = "$(BUILT_PRODUCTS_DIR)/MarcoPonto.app/MarcoPonto";
			};
			name = Debug;
		};
		34D19FF91CDA6CBA0046B7CF /* Release */ = {
			isa = XCBuildConfiguration;
			baseConfigurationReference = 26D7D264C5E50B35AFF83555 /* Pods-MarcoPontoTests.release.xcconfig */;
			buildSettings = {
				BUNDLE_LOADER = "$(TEST_HOST)";
				INFOPLIST_FILE = MarcoPontoTests/Info.plist;
				LD_RUNPATH_SEARCH_PATHS = "$(inherited) @executable_path/Frameworks @loader_path/Frameworks";
				PRODUCT_BUNDLE_IDENTIFIER = br.com.meuspedidos.MarcoPontoTests;
				PRODUCT_NAME = "$(TARGET_NAME)";
				TEST_HOST = "$(BUILT_PRODUCTS_DIR)/MarcoPonto.app/MarcoPonto";
			};
			name = Release;
		};
/* End XCBuildConfiguration section */

/* Begin XCConfigurationList section */
		3435FF6D1CC2E7640076AF42 /* Build configuration list for PBXProject "MarcoPonto" */ = {
			isa = XCConfigurationList;
			buildConfigurations = (
				3435FF901CC2E7650076AF42 /* Debug */,
				3435FF911CC2E7650076AF42 /* Release */,
			);
			defaultConfigurationIsVisible = 0;
			defaultConfigurationName = Release;
		};
		3435FF921CC2E7650076AF42 /* Build configuration list for PBXNativeTarget "MarcoPonto" */ = {
			isa = XCConfigurationList;
			buildConfigurations = (
				3435FF931CC2E7650076AF42 /* Debug */,
				3435FF941CC2E7650076AF42 /* Release */,
			);
			defaultConfigurationIsVisible = 0;
			defaultConfigurationName = Release;
		};
		34D19FF71CDA6CBA0046B7CF /* Build configuration list for PBXNativeTarget "MarcoPontoTests" */ = {
			isa = XCConfigurationList;
			buildConfigurations = (
				34D19FF81CDA6CBA0046B7CF /* Debug */,
				34D19FF91CDA6CBA0046B7CF /* Release */,
			);
			defaultConfigurationIsVisible = 0;
			defaultConfigurationName = Release;
		};
/* End XCConfigurationList section */

/* Begin XCVersionGroup section */
		3435FF7C1CC2E7640076AF42 /* MarcoPonto.xcdatamodeld */ = {
			isa = XCVersionGroup;
			children = (
				3435FF7D1CC2E7640076AF42 /* MarcoPonto.xcdatamodel */,
			);
			currentVersion = 3435FF7D1CC2E7640076AF42 /* MarcoPonto.xcdatamodel */;
			path = MarcoPonto.xcdatamodeld;
			sourceTree = "<group>";
			versionGroupType = wrapper.xcdatamodel;
		};
/* End XCVersionGroup section */
	};
	rootObject = 3435FF6A1CC2E7640076AF42 /* Project object */;
}
