<?xml version="1.0" encoding="UTF-8"?>
<!DOCTYPE plist PUBLIC "-//Apple//DTD PLIST 1.0//EN" "http://www.apple.com/DTDs/PropertyList-1.0.dtd">
<plist version="1.0">
<dict>
	<key>archiveVersion</key>
	<string>1</string>
	<key>classes</key>
	<dict/>
	<key>objectVersion</key>
	<string>46</string>
	<key>objects</key>
	<dict>
		<key>0C46646A63598AAFDACC41C8</key>
		<dict>
			<key>buildActionMask</key>
			<string>2147483647</string>
			<key>files</key>
			<array/>
			<key>inputPaths</key>
			<array/>
			<key>isa</key>
			<string>PBXShellScriptBuildPhase</string>
			<key>name</key>
			<string>Embed Pods Frameworks</string>
			<key>outputPaths</key>
			<array/>
			<key>runOnlyForDeploymentPostprocessing</key>
			<string>0</string>
			<key>shellPath</key>
			<string>/bin/sh</string>
			<key>shellScript</key>
			<string>"${SRCROOT}/Pods/Target Support Files/Pods-MarcoPontoUnitTests/Pods-MarcoPontoUnitTests-frameworks.sh"
</string>
			<key>showEnvVarsInLog</key>
			<string>0</string>
		</dict>
		<key>1BC88EF9B7BCD836577A77D9</key>
		<dict>
			<key>explicitFileType</key>
			<string>wrapper.framework</string>
			<key>includeInIndex</key>
			<string>0</string>
			<key>isa</key>
			<string>PBXFileReference</string>
			<key>path</key>
			<string>Pods_MarcoPonto.framework</string>
			<key>sourceTree</key>
			<string>BUILT_PRODUCTS_DIR</string>
		</dict>
		<key>1CB51581E2074389B66FE9F7</key>
		<dict>
			<key>includeInIndex</key>
			<string>1</string>
			<key>isa</key>
			<string>PBXFileReference</string>
			<key>lastKnownFileType</key>
			<string>text.xcconfig</string>
			<key>name</key>
			<string>Pods-MarcoPontoUnitTests.release.xcconfig</string>
			<key>path</key>
			<string>Pods/Target Support Files/Pods-MarcoPontoUnitTests/Pods-MarcoPontoUnitTests.release.xcconfig</string>
			<key>sourceTree</key>
			<string>&lt;group&gt;</string>
		</dict>
		<key>247B15F020D817A359DE8140</key>
		<dict>
			<key>explicitFileType</key>
			<string>wrapper.framework</string>
			<key>includeInIndex</key>
			<string>0</string>
			<key>isa</key>
			<string>PBXFileReference</string>
			<key>path</key>
			<string>Pods_MarcoPontoUnitTests.framework</string>
			<key>sourceTree</key>
			<string>BUILT_PRODUCTS_DIR</string>
		</dict>
		<key>2C75F4A80C5428413298B054</key>
		<dict>
			<key>buildActionMask</key>
			<string>2147483647</string>
			<key>files</key>
			<array/>
			<key>inputPaths</key>
			<array/>
			<key>isa</key>
			<string>PBXShellScriptBuildPhase</string>
			<key>name</key>
			<string>Check Pods Manifest.lock</string>
			<key>outputPaths</key>
			<array/>
			<key>runOnlyForDeploymentPostprocessing</key>
			<string>0</string>
			<key>shellPath</key>
			<string>/bin/sh</string>
			<key>shellScript</key>
			<string>diff "${PODS_ROOT}/../Podfile.lock" "${PODS_ROOT}/Manifest.lock" &gt; /dev/null
if [[ $? != 0 ]] ; then
    cat &lt;&lt; EOM
error: The sandbox is not in sync with the Podfile.lock. Run 'pod install' or update your CocoaPods installation.
EOM
    exit 1
fi
</string>
			<key>showEnvVarsInLog</key>
			<string>0</string>
		</dict>
		<key>340404A81CC8214900A4E88E</key>
		<dict>
			<key>fileEncoding</key>
			<string>4</string>
			<key>isa</key>
			<string>PBXFileReference</string>
			<key>lastKnownFileType</key>
			<string>sourcecode.swift</string>
			<key>path</key>
			<string>PunchGatewayFake.swift</string>
			<key>sourceTree</key>
			<string>&lt;group&gt;</string>
		</dict>
		<key>340404A91CC8214900A4E88E</key>
		<dict>
			<key>fileRef</key>
			<string>340404A81CC8214900A4E88E</string>
			<key>isa</key>
			<string>PBXBuildFile</string>
		</dict>
		<key>340404AA1CC8217900A4E88E</key>
		<dict>
			<key>fileEncoding</key>
			<string>4</string>
			<key>isa</key>
			<string>PBXFileReference</string>
			<key>lastKnownFileType</key>
			<string>sourcecode.swift</string>
			<key>path</key>
			<string>CurrentWeekHoursPresenterFake.swift</string>
			<key>sourceTree</key>
			<string>&lt;group&gt;</string>
		</dict>
		<key>340404AB1CC8217900A4E88E</key>
		<dict>
			<key>fileRef</key>
			<string>340404AA1CC8217900A4E88E</string>
			<key>isa</key>
			<string>PBXBuildFile</string>
		</dict>
		<key>340BD71D1CC31FD900AB860B</key>
		<dict>
			<key>children</key>
			<array>
				<string>340BD74D1CC353DC00AB860B</string>
				<string>340BD71E1CC3203E00AB860B</string>
			</array>
			<key>isa</key>
			<string>PBXGroup</string>
			<key>name</key>
			<string>Fakes</string>
			<key>path</key>
			<string>MarcoPontoUnitTests/Fakes</string>
			<key>sourceTree</key>
			<string>SOURCE_ROOT</string>
		</dict>
		<key>340BD71E1CC3203E00AB860B</key>
		<dict>
			<key>children</key>
			<array>
				<string>340BD71F1CC3205300AB860B</string>
				<string>340404A81CC8214900A4E88E</string>
			</array>
			<key>isa</key>
			<string>PBXGroup</string>
			<key>name</key>
			<string>Gateways</string>
			<key>path</key>
			<string>MarcoPontoUnitTests/Fakes/Gateways</string>
			<key>sourceTree</key>
			<string>SOURCE_ROOT</string>
		</dict>
		<key>340BD71F1CC3205300AB860B</key>
		<dict>
			<key>fileEncoding</key>
			<string>4</string>
			<key>isa</key>
			<string>PBXFileReference</string>
			<key>lastKnownFileType</key>
			<string>sourcecode.swift</string>
			<key>path</key>
			<string>PunchGatewaySpy.swift</string>
			<key>sourceTree</key>
			<string>&lt;group&gt;</string>
		</dict>
		<key>340BD7201CC3205300AB860B</key>
		<dict>
			<key>fileRef</key>
			<string>340BD71F1CC3205300AB860B</string>
			<key>isa</key>
			<string>PBXBuildFile</string>
		</dict>
		<key>340BD7211CC324F300AB860B</key>
		<dict>
			<key>children</key>
			<array>
				<string>340BD7221CC3251B00AB860B</string>
			</array>
			<key>isa</key>
			<string>PBXGroup</string>
			<key>name</key>
			<string>Enums</string>
			<key>path</key>
			<string>Core/Enums</string>
			<key>sourceTree</key>
			<string>SOURCE_ROOT</string>
		</dict>
		<key>340BD7221CC3251B00AB860B</key>
		<dict>
			<key>fileEncoding</key>
			<string>4</string>
			<key>isa</key>
			<string>PBXFileReference</string>
			<key>lastKnownFileType</key>
			<string>sourcecode.swift</string>
			<key>path</key>
			<string>PunchType.swift</string>
			<key>sourceTree</key>
			<string>&lt;group&gt;</string>
		</dict>
		<key>340BD7231CC3251B00AB860B</key>
		<dict>
			<key>fileRef</key>
			<string>340BD7221CC3251B00AB860B</string>
			<key>isa</key>
			<string>PBXBuildFile</string>
		</dict>
		<key>340BD7241CC3251B00AB860B</key>
		<dict>
			<key>fileRef</key>
			<string>340BD7221CC3251B00AB860B</string>
			<key>isa</key>
			<string>PBXBuildFile</string>
		</dict>
		<key>340BD7251CC33C1D00AB860B</key>
		<dict>
			<key>fileEncoding</key>
			<string>4</string>
			<key>isa</key>
			<string>PBXFileReference</string>
			<key>lastKnownFileType</key>
			<string>sourcecode.swift</string>
			<key>path</key>
			<string>ListPunchsUsecase.swift</string>
			<key>sourceTree</key>
			<string>&lt;group&gt;</string>
		</dict>
		<key>340BD7261CC33C1D00AB860B</key>
		<dict>
			<key>fileRef</key>
			<string>340BD7251CC33C1D00AB860B</string>
			<key>isa</key>
			<string>PBXBuildFile</string>
		</dict>
		<key>340BD7271CC33CA800AB860B</key>
		<dict>
			<key>fileEncoding</key>
			<string>4</string>
			<key>isa</key>
			<string>PBXFileReference</string>
			<key>lastKnownFileType</key>
			<string>sourcecode.swift</string>
			<key>path</key>
			<string>ListPunchsUsecaseTests.swift</string>
			<key>sourceTree</key>
			<string>&lt;group&gt;</string>
		</dict>
		<key>340BD7281CC33CA800AB860B</key>
		<dict>
			<key>fileRef</key>
			<string>340BD7271CC33CA800AB860B</string>
			<key>isa</key>
			<string>PBXBuildFile</string>
		</dict>
		<key>340BD7291CC33CC000AB860B</key>
		<dict>
			<key>fileRef</key>
			<string>340BD7251CC33C1D00AB860B</string>
			<key>isa</key>
			<string>PBXBuildFile</string>
		</dict>
		<key>340BD72A1CC33D8100AB860B</key>
		<dict>
			<key>fileEncoding</key>
			<string>4</string>
			<key>isa</key>
			<string>PBXFileReference</string>
			<key>lastKnownFileType</key>
			<string>sourcecode.swift</string>
			<key>name</key>
			<string>PunchsNavigationController.swift</string>
			<key>path</key>
			<string>Punch/PunchsNavigationController.swift</string>
			<key>sourceTree</key>
			<string>&lt;group&gt;</string>
		</dict>
		<key>340BD72B1CC33D8100AB860B</key>
		<dict>
			<key>fileRef</key>
			<string>340BD72A1CC33D8100AB860B</string>
			<key>isa</key>
			<string>PBXBuildFile</string>
		</dict>
		<key>340BD72C1CC33EF300AB860B</key>
		<dict>
			<key>children</key>
			<array>
				<string>340BD72D1CC33F4700AB860B</string>
				<string>349D9B2E1CC2F68B0088DE5E</string>
				<string>34E9B3F21CC3C5990017A083</string>
			</array>
			<key>isa</key>
			<string>PBXGroup</string>
			<key>name</key>
			<string>Form</string>
			<key>path</key>
			<string>MarcoPonto/Views/Punch/Form</string>
			<key>sourceTree</key>
			<string>SOURCE_ROOT</string>
		</dict>
		<key>340BD72D1CC33F4700AB860B</key>
		<dict>
			<key>fileEncoding</key>
			<string>4</string>
			<key>isa</key>
			<string>PBXFileReference</string>
			<key>lastKnownFileType</key>
			<string>file.xib</string>
			<key>path</key>
			<string>FormPunchViewController.xib</string>
			<key>sourceTree</key>
			<string>&lt;group&gt;</string>
		</dict>
		<key>340BD72E1CC33F4700AB860B</key>
		<dict>
			<key>fileRef</key>
			<string>340BD72D1CC33F4700AB860B</string>
			<key>isa</key>
			<string>PBXBuildFile</string>
		</dict>
		<key>340BD7311CC33F9700AB860B</key>
		<dict>
			<key>children</key>
			<array>
				<string>349D9B311CC2F7960088DE5E</string>
				<string>349D9B291CC2ECD20088DE5E</string>
				<string>349D9B2D1CC2F68B0088DE5E</string>
				<string>34E9B3F71CC3C66B0017A083</string>
			</array>
			<key>isa</key>
			<string>PBXGroup</string>
			<key>name</key>
			<string>Form</string>
			<key>sourceTree</key>
			<string>&lt;group&gt;</string>
		</dict>
		<key>340BD7321CC33FAB00AB860B</key>
		<dict>
			<key>children</key>
			<array>
				<string>340BD7311CC33F9700AB860B</string>
				<string>340BD7351CC3404200AB860B</string>
				<string>340BD72A1CC33D8100AB860B</string>
			</array>
			<key>isa</key>
			<string>PBXGroup</string>
			<key>name</key>
			<string>Punch</string>
			<key>sourceTree</key>
			<string>&lt;group&gt;</string>
		</dict>
		<key>340BD7341CC33FB800AB860B</key>
		<dict>
			<key>children</key>
			<array>
				<string>340BD72C1CC33EF300AB860B</string>
				<string>340BD7361CC3404B00AB860B</string>
			</array>
			<key>isa</key>
			<string>PBXGroup</string>
			<key>path</key>
			<string>Punch</string>
			<key>sourceTree</key>
			<string>&lt;group&gt;</string>
		</dict>
		<key>340BD7351CC3404200AB860B</key>
		<dict>
			<key>children</key>
			<array>
				<string>340BD7431CC3462B00AB860B</string>
				<string>34E9B4041CC42C360017A083</string>
				<string>340BD7451CC346D600AB860B</string>
				<string>340BD7371CC3409600AB860B</string>
				<string>34E9B4021CC419090017A083</string>
			</array>
			<key>isa</key>
			<string>PBXGroup</string>
			<key>name</key>
			<string>List</string>
			<key>path</key>
			<string>MarcoPonto/ViewsControllers/Punch/List</string>
			<key>sourceTree</key>
			<string>SOURCE_ROOT</string>
		</dict>
		<key>340BD7361CC3404B00AB860B</key>
		<dict>
			<key>children</key>
			<array>
				<string>340BD7461CC346D600AB860B</string>
				<string>340BD7391CC340DC00AB860B</string>
			</array>
			<key>isa</key>
			<string>PBXGroup</string>
			<key>name</key>
			<string>List</string>
			<key>path</key>
			<string>MarcoPonto/Views/Punch/List</string>
			<key>sourceTree</key>
			<string>SOURCE_ROOT</string>
		</dict>
		<key>340BD7371CC3409600AB860B</key>
		<dict>
			<key>fileEncoding</key>
			<string>4</string>
			<key>isa</key>
			<string>PBXFileReference</string>
			<key>lastKnownFileType</key>
			<string>sourcecode.swift</string>
			<key>path</key>
			<string>ListPunchsViewController.swift</string>
			<key>sourceTree</key>
			<string>&lt;group&gt;</string>
		</dict>
		<key>340BD7381CC3409600AB860B</key>
		<dict>
			<key>fileRef</key>
			<string>340BD7371CC3409600AB860B</string>
			<key>isa</key>
			<string>PBXBuildFile</string>
		</dict>
		<key>340BD7391CC340DC00AB860B</key>
		<dict>
			<key>fileEncoding</key>
			<string>4</string>
			<key>isa</key>
			<string>PBXFileReference</string>
			<key>lastKnownFileType</key>
			<string>file.xib</string>
			<key>path</key>
			<string>ListPunchsViewController.xib</string>
			<key>sourceTree</key>
			<string>&lt;group&gt;</string>
		</dict>
		<key>340BD73A1CC340DC00AB860B</key>
		<dict>
			<key>fileRef</key>
			<string>340BD7391CC340DC00AB860B</string>
			<key>isa</key>
			<string>PBXBuildFile</string>
		</dict>
		<key>340BD7431CC3462B00AB860B</key>
		<dict>
			<key>fileEncoding</key>
			<string>4</string>
			<key>isa</key>
			<string>PBXFileReference</string>
			<key>lastKnownFileType</key>
			<string>sourcecode.swift</string>
			<key>path</key>
			<string>ListPunchsDataSource.swift</string>
			<key>sourceTree</key>
			<string>&lt;group&gt;</string>
		</dict>
		<key>340BD7441CC3462B00AB860B</key>
		<dict>
			<key>fileRef</key>
			<string>340BD7431CC3462B00AB860B</string>
			<key>isa</key>
			<string>PBXBuildFile</string>
		</dict>
		<key>340BD7451CC346D600AB860B</key>
		<dict>
			<key>fileEncoding</key>
			<string>4</string>
			<key>isa</key>
			<string>PBXFileReference</string>
			<key>lastKnownFileType</key>
			<string>sourcecode.swift</string>
			<key>path</key>
			<string>ListPunchsTableViewCell.swift</string>
			<key>sourceTree</key>
			<string>&lt;group&gt;</string>
		</dict>
		<key>340BD7461CC346D600AB860B</key>
		<dict>
			<key>fileEncoding</key>
			<string>4</string>
			<key>isa</key>
			<string>PBXFileReference</string>
			<key>lastKnownFileType</key>
			<string>file.xib</string>
			<key>path</key>
			<string>ListPunchsTableViewCell.xib</string>
			<key>sourceTree</key>
			<string>&lt;group&gt;</string>
		</dict>
		<key>340BD7471CC346D600AB860B</key>
		<dict>
			<key>fileRef</key>
			<string>340BD7451CC346D600AB860B</string>
			<key>isa</key>
			<string>PBXBuildFile</string>
		</dict>
		<key>340BD7481CC346D600AB860B</key>
		<dict>
			<key>fileRef</key>
			<string>340BD7461CC346D600AB860B</string>
			<key>isa</key>
			<string>PBXBuildFile</string>
		</dict>
		<key>340BD7491CC353B000AB860B</key>
		<dict>
			<key>children</key>
			<array>
				<string>340BD74A1CC353CD00AB860B</string>
				<string>34E9B3FD1CC3DA880017A083</string>
				<string>3472AA111CC6FD8800CEF1D1</string>
			</array>
			<key>isa</key>
			<string>PBXGroup</string>
			<key>name</key>
			<string>Presenters</string>
			<key>path</key>
			<string>Core/Presenters</string>
			<key>sourceTree</key>
			<string>SOURCE_ROOT</string>
		</dict>
		<key>340BD74A1CC353CD00AB860B</key>
		<dict>
			<key>fileEncoding</key>
			<string>4</string>
			<key>isa</key>
			<string>PBXFileReference</string>
			<key>lastKnownFileType</key>
			<string>sourcecode.swift</string>
			<key>path</key>
			<string>ListPunchsPresenter.swift</string>
			<key>sourceTree</key>
			<string>&lt;group&gt;</string>
		</dict>
		<key>340BD74B1CC353CD00AB860B</key>
		<dict>
			<key>fileRef</key>
			<string>340BD74A1CC353CD00AB860B</string>
			<key>isa</key>
			<string>PBXBuildFile</string>
		</dict>
		<key>340BD74C1CC353CD00AB860B</key>
		<dict>
			<key>fileRef</key>
			<string>340BD74A1CC353CD00AB860B</string>
			<key>isa</key>
			<string>PBXBuildFile</string>
		</dict>
		<key>340BD74D1CC353DC00AB860B</key>
		<dict>
			<key>children</key>
			<array>
				<string>340BD74E1CC353F500AB860B</string>
				<string>34E9B3FF1CC3DAD10017A083</string>
				<string>340404AA1CC8217900A4E88E</string>
			</array>
			<key>isa</key>
			<string>PBXGroup</string>
			<key>name</key>
			<string>Presenters</string>
			<key>path</key>
			<string>MarcoPontoUnitTests/Fakes/Presenters</string>
			<key>sourceTree</key>
			<string>SOURCE_ROOT</string>
		</dict>
		<key>340BD74E1CC353F500AB860B</key>
		<dict>
			<key>fileEncoding</key>
			<string>4</string>
			<key>isa</key>
			<string>PBXFileReference</string>
			<key>lastKnownFileType</key>
			<string>sourcecode.swift</string>
			<key>path</key>
			<string>ListPunchsPresenterSpy.swift</string>
			<key>sourceTree</key>
			<string>&lt;group&gt;</string>
		</dict>
		<key>340BD74F1CC353F500AB860B</key>
		<dict>
			<key>fileRef</key>
			<string>340BD74E1CC353F500AB860B</string>
			<key>isa</key>
			<string>PBXBuildFile</string>
		</dict>
		<key>341877291CC6E454002A4B59</key>
		<dict>
			<key>children</key>
			<array>
				<string>341877301CC6E552002A4B59</string>
				<string>3418772B1CC6E4B3002A4B59</string>
			</array>
			<key>isa</key>
			<string>PBXGroup</string>
			<key>name</key>
			<string>Reports</string>
			<key>path</key>
			<string>MarcoPonto/ViewsControllers/Reports</string>
			<key>sourceTree</key>
			<string>SOURCE_ROOT</string>
		</dict>
		<key>3418772A1CC6E460002A4B59</key>
		<dict>
			<key>children</key>
			<array>
				<string>3418772C1CC6E4B3002A4B59</string>
			</array>
			<key>isa</key>
			<string>PBXGroup</string>
			<key>name</key>
			<string>Reports</string>
			<key>path</key>
			<string>MarcoPonto/Views/Reports</string>
			<key>sourceTree</key>
			<string>SOURCE_ROOT</string>
		</dict>
		<key>3418772B1CC6E4B3002A4B59</key>
		<dict>
			<key>fileEncoding</key>
			<string>4</string>
			<key>isa</key>
			<string>PBXFileReference</string>
			<key>lastKnownFileType</key>
			<string>sourcecode.swift</string>
			<key>path</key>
			<string>TotalsViewController.swift</string>
			<key>sourceTree</key>
			<string>&lt;group&gt;</string>
		</dict>
		<key>3418772C1CC6E4B3002A4B59</key>
		<dict>
			<key>fileEncoding</key>
			<string>4</string>
			<key>isa</key>
			<string>PBXFileReference</string>
			<key>lastKnownFileType</key>
			<string>file.xib</string>
			<key>path</key>
			<string>TotalsViewController.xib</string>
			<key>sourceTree</key>
			<string>&lt;group&gt;</string>
		</dict>
		<key>3418772D1CC6E4B3002A4B59</key>
		<dict>
			<key>fileRef</key>
			<string>3418772B1CC6E4B3002A4B59</string>
			<key>isa</key>
			<string>PBXBuildFile</string>
		</dict>
		<key>3418772E1CC6E4B3002A4B59</key>
		<dict>
			<key>fileRef</key>
			<string>3418772C1CC6E4B3002A4B59</string>
			<key>isa</key>
			<string>PBXBuildFile</string>
		</dict>
		<key>341877301CC6E552002A4B59</key>
		<dict>
			<key>fileEncoding</key>
			<string>4</string>
			<key>isa</key>
			<string>PBXFileReference</string>
			<key>lastKnownFileType</key>
			<string>sourcecode.swift</string>
			<key>path</key>
			<string>ReportsNavigationController.swift</string>
			<key>sourceTree</key>
			<string>&lt;group&gt;</string>
		</dict>
		<key>341877311CC6E552002A4B59</key>
		<dict>
			<key>fileRef</key>
			<string>341877301CC6E552002A4B59</string>
			<key>isa</key>
			<string>PBXBuildFile</string>
		</dict>
		<key>34336DAA1CC30EFB00ED551C</key>
		<dict>
			<key>fileEncoding</key>
			<string>4</string>
			<key>isa</key>
			<string>PBXFileReference</string>
			<key>lastKnownFileType</key>
			<string>sourcecode.swift</string>
			<key>path</key>
			<string>PunchGateway.swift</string>
			<key>sourceTree</key>
			<string>&lt;group&gt;</string>
		</dict>
		<key>34336DAB1CC30EFB00ED551C</key>
		<dict>
			<key>fileRef</key>
			<string>34336DAA1CC30EFB00ED551C</string>
			<key>isa</key>
			<string>PBXBuildFile</string>
		</dict>
		<key>34336DAC1CC30EFB00ED551C</key>
		<dict>
			<key>fileRef</key>
			<string>34336DAA1CC30EFB00ED551C</string>
			<key>isa</key>
			<string>PBXBuildFile</string>
		</dict>
		<key>3435FF691CC2E7640076AF42</key>
		<dict>
			<key>children</key>
			<array>
				<string>349D9B331CC308460088DE5E</string>
				<string>3435FF741CC2E7640076AF42</string>
				<string>349D9B1C1CC2E9710088DE5E</string>
				<string>3435FF731CC2E7640076AF42</string>
				<string>C279F0865B4122F19805AD26</string>
				<string>FA066A260DC1EAA1892ACC01</string>
			</array>
			<key>isa</key>
			<string>PBXGroup</string>
			<key>sourceTree</key>
			<string>&lt;group&gt;</string>
		</dict>
		<key>3435FF6A1CC2E7640076AF42</key>
		<dict>
			<key>attributes</key>
			<dict>
				<key>LastSwiftUpdateCheck</key>
				<string>0730</string>
				<key>LastUpgradeCheck</key>
				<string>0730</string>
				<key>ORGANIZATIONNAME</key>
				<string>Ronan Rodrigo Nunes</string>
				<key>TargetAttributes</key>
				<dict>
					<key>3435FF711CC2E7640076AF42</key>
					<dict>
						<key>CreatedOnToolsVersion</key>
						<string>7.3</string>
						<key>DevelopmentTeam</key>
						<string>2729VXDM4D</string>
					</dict>
					<key>349D9B1A1CC2E9710088DE5E</key>
					<dict>
						<key>CreatedOnToolsVersion</key>
						<string>7.3</string>
						<key>TestTargetID</key>
						<string>3435FF711CC2E7640076AF42</string>
					</dict>
				</dict>
			</dict>
			<key>buildConfigurationList</key>
			<string>3435FF6D1CC2E7640076AF42</string>
			<key>compatibilityVersion</key>
			<string>Xcode 3.2</string>
			<key>developmentRegion</key>
			<string>English</string>
			<key>hasScannedForEncodings</key>
			<string>0</string>
			<key>isa</key>
			<string>PBXProject</string>
			<key>knownRegions</key>
			<array>
				<string>en</string>
				<string>Base</string>
			</array>
			<key>mainGroup</key>
			<string>3435FF691CC2E7640076AF42</string>
			<key>productRefGroup</key>
			<string>3435FF731CC2E7640076AF42</string>
			<key>projectDirPath</key>
			<string></string>
			<key>projectReferences</key>
			<array/>
			<key>projectRoot</key>
			<string></string>
			<key>targets</key>
			<array>
				<string>3435FF711CC2E7640076AF42</string>
				<string>349D9B1A1CC2E9710088DE5E</string>
			</array>
		</dict>
		<key>3435FF6D1CC2E7640076AF42</key>
		<dict>
			<key>buildConfigurations</key>
			<array>
				<string>3435FF901CC2E7650076AF42</string>
				<string>3435FF911CC2E7650076AF42</string>
			</array>
			<key>defaultConfigurationIsVisible</key>
			<string>0</string>
			<key>defaultConfigurationName</key>
			<string>Release</string>
			<key>isa</key>
			<string>XCConfigurationList</string>
		</dict>
		<key>3435FF6E1CC2E7640076AF42</key>
		<dict>
			<key>buildActionMask</key>
			<string>2147483647</string>
			<key>files</key>
			<array>
				<string>340BD7231CC3251B00AB860B</string>
				<string>34BD8F961CC5BA3500607BA6</string>
				<string>34E9B3FC1CC3DA1A0017A083</string>
				<string>34E9B3F01CC3B72E0017A083</string>
				<string>340BD72B1CC33D8100AB860B</string>
				<string>340BD7471CC346D600AB860B</string>
				<string>34BD8F991CC6628E00607BA6</string>
				<string>3435FF761CC2E7640076AF42</string>
				<string>340BD7381CC3409600AB860B</string>
				<string>340BD7261CC33C1D00AB860B</string>
				<string>349D9B2F1CC2F68B0088DE5E</string>
				<string>3418772D1CC6E4B3002A4B59</string>
				<string>349D9B371CC30A750088DE5E</string>
				<string>3435FF7E1CC2E7640076AF42</string>
				<string>34E9B4051CC42C360017A083</string>
				<string>340BD7441CC3462B00AB860B</string>
				<string>34336DAB1CC30EFB00ED551C</string>
				<string>34E9B3F81CC3C66B0017A083</string>
				<string>340BD74B1CC353CD00AB860B</string>
				<string>34E9B3FA1CC3D9C80017A083</string>
				<string>349D9B2B1CC2ECD20088DE5E</string>
				<string>34E9B3FE1CC3DA880017A083</string>
				<string>34E9B4031CC419090017A083</string>
				<string>349D9B3F1CC30B6F0088DE5E</string>
				<string>3472AA121CC6FD8800CEF1D1</string>
				<string>341877311CC6E552002A4B59</string>
				<string>3472A9EF1CC6F3E100CEF1D1</string>
				<string>34E9B3ED1CC360060017A083</string>
				<string>3472A9EE1CC6F3E100CEF1D1</string>
				<string>349D9B321CC2F7960088DE5E</string>
				<string>3472AA0D1CC6FA7200CEF1D1</string>
			</array>
			<key>isa</key>
			<string>PBXSourcesBuildPhase</string>
			<key>runOnlyForDeploymentPostprocessing</key>
			<string>0</string>
		</dict>
		<key>3435FF6F1CC2E7640076AF42</key>
		<dict>
			<key>buildActionMask</key>
			<string>2147483647</string>
			<key>files</key>
			<array>
				<string>C4C9CEC7061DF5D511524B29</string>
			</array>
			<key>isa</key>
			<string>PBXFrameworksBuildPhase</string>
			<key>runOnlyForDeploymentPostprocessing</key>
			<string>0</string>
		</dict>
		<key>3435FF701CC2E7640076AF42</key>
		<dict>
			<key>buildActionMask</key>
			<string>2147483647</string>
			<key>files</key>
			<array>
				<string>349D9B301CC2F68B0088DE5E</string>
				<string>34E9B3F41CC3C5990017A083</string>
				<string>340BD72E1CC33F4700AB860B</string>
				<string>3435FF831CC2E7640076AF42</string>
				<string>3435FF801CC2E7640076AF42</string>
				<string>340BD73A1CC340DC00AB860B</string>
				<string>340BD7481CC346D600AB860B</string>
				<string>3418772E1CC6E4B3002A4B59</string>
			</array>
			<key>isa</key>
			<string>PBXResourcesBuildPhase</string>
			<key>runOnlyForDeploymentPostprocessing</key>
			<string>0</string>
		</dict>
		<key>3435FF711CC2E7640076AF42</key>
		<dict>
			<key>buildConfigurationList</key>
			<string>3435FF921CC2E7650076AF42</string>
			<key>buildPhases</key>
			<array>
				<string>2C75F4A80C5428413298B054</string>
				<string>3435FF6E1CC2E7640076AF42</string>
				<string>3435FF6F1CC2E7640076AF42</string>
				<string>3435FF701CC2E7640076AF42</string>
				<string>5C75BAE1B277A27C4B405A4D</string>
				<string>977455617206811BF97EF7CC</string>
			</array>
			<key>buildRules</key>
			<array/>
			<key>dependencies</key>
			<array/>
			<key>isa</key>
			<string>PBXNativeTarget</string>
			<key>name</key>
			<string>MarcoPonto</string>
			<key>productName</key>
			<string>MarcoPonto</string>
			<key>productReference</key>
			<string>3435FF721CC2E7640076AF42</string>
			<key>productType</key>
			<string>com.apple.product-type.application</string>
		</dict>
		<key>3435FF721CC2E7640076AF42</key>
		<dict>
			<key>explicitFileType</key>
			<string>wrapper.application</string>
			<key>includeInIndex</key>
			<string>0</string>
			<key>isa</key>
			<string>PBXFileReference</string>
			<key>path</key>
			<string>MarcoPonto.app</string>
			<key>sourceTree</key>
			<string>BUILT_PRODUCTS_DIR</string>
		</dict>
		<key>3435FF731CC2E7640076AF42</key>
		<dict>
			<key>children</key>
			<array>
				<string>3435FF721CC2E7640076AF42</string>
				<string>349D9B1B1CC2E9710088DE5E</string>
			</array>
			<key>isa</key>
			<string>PBXGroup</string>
			<key>name</key>
			<string>Products</string>
			<key>sourceTree</key>
			<string>&lt;group&gt;</string>
		</dict>
		<key>3435FF741CC2E7640076AF42</key>
		<dict>
			<key>children</key>
			<array>
				<string>349D9B151CC2E82E0088DE5E</string>
				<string>34BD8F971CC6623B00607BA6</string>
				<string>34E9B3EE1CC3B7010017A083</string>
				<string>34E9B3E71CC35AF50017A083</string>
				<string>349D9B161CC2E8610088DE5E</string>
				<string>349D9B251CC2EB9E0088DE5E</string>
				<string>349D9B261CC2EBA40088DE5E</string>
			</array>
			<key>isa</key>
			<string>PBXGroup</string>
			<key>path</key>
			<string>MarcoPonto</string>
			<key>sourceTree</key>
			<string>&lt;group&gt;</string>
		</dict>
		<key>3435FF751CC2E7640076AF42</key>
		<dict>
			<key>isa</key>
			<string>PBXFileReference</string>
			<key>lastKnownFileType</key>
			<string>sourcecode.swift</string>
			<key>path</key>
			<string>AppDelegate.swift</string>
			<key>sourceTree</key>
			<string>&lt;group&gt;</string>
		</dict>
		<key>3435FF761CC2E7640076AF42</key>
		<dict>
			<key>fileRef</key>
			<string>3435FF751CC2E7640076AF42</string>
			<key>isa</key>
			<string>PBXBuildFile</string>
		</dict>
		<key>3435FF7C1CC2E7640076AF42</key>
		<dict>
			<key>children</key>
			<array>
				<string>3435FF7D1CC2E7640076AF42</string>
			</array>
			<key>currentVersion</key>
			<string>3435FF7D1CC2E7640076AF42</string>
			<key>isa</key>
			<string>XCVersionGroup</string>
			<key>path</key>
			<string>MarcoPonto.xcdatamodeld</string>
			<key>sourceTree</key>
			<string>&lt;group&gt;</string>
			<key>versionGroupType</key>
			<string>wrapper.xcdatamodel</string>
		</dict>
		<key>3435FF7D1CC2E7640076AF42</key>
		<dict>
			<key>isa</key>
			<string>PBXFileReference</string>
			<key>lastKnownFileType</key>
			<string>wrapper.xcdatamodel</string>
			<key>path</key>
			<string>MarcoPonto.xcdatamodel</string>
			<key>sourceTree</key>
			<string>&lt;group&gt;</string>
		</dict>
		<key>3435FF7E1CC2E7640076AF42</key>
		<dict>
			<key>fileRef</key>
			<string>3435FF7C1CC2E7640076AF42</string>
			<key>isa</key>
			<string>PBXBuildFile</string>
		</dict>
		<key>3435FF7F1CC2E7640076AF42</key>
		<dict>
			<key>isa</key>
			<string>PBXFileReference</string>
			<key>lastKnownFileType</key>
			<string>folder.assetcatalog</string>
			<key>path</key>
			<string>Assets.xcassets</string>
			<key>sourceTree</key>
			<string>&lt;group&gt;</string>
		</dict>
		<key>3435FF801CC2E7640076AF42</key>
		<dict>
			<key>fileRef</key>
			<string>3435FF7F1CC2E7640076AF42</string>
			<key>isa</key>
			<string>PBXBuildFile</string>
		</dict>
		<key>3435FF811CC2E7640076AF42</key>
		<dict>
			<key>children</key>
			<array>
				<string>3435FF821CC2E7640076AF42</string>
			</array>
			<key>isa</key>
			<string>PBXVariantGroup</string>
			<key>name</key>
			<string>LaunchScreen.storyboard</string>
			<key>path</key>
			<string>MarcoPonto/ApplicationBase</string>
			<key>sourceTree</key>
			<string>SOURCE_ROOT</string>
		</dict>
		<key>3435FF821CC2E7640076AF42</key>
		<dict>
			<key>isa</key>
			<string>PBXFileReference</string>
			<key>lastKnownFileType</key>
			<string>file.storyboard</string>
			<key>name</key>
			<string>Base</string>
			<key>path</key>
			<string>Base.lproj/LaunchScreen.storyboard</string>
			<key>sourceTree</key>
			<string>&lt;group&gt;</string>
		</dict>
		<key>3435FF831CC2E7640076AF42</key>
		<dict>
			<key>fileRef</key>
			<string>3435FF811CC2E7640076AF42</string>
			<key>isa</key>
			<string>PBXBuildFile</string>
		</dict>
		<key>3435FF841CC2E7640076AF42</key>
		<dict>
			<key>isa</key>
			<string>PBXFileReference</string>
			<key>lastKnownFileType</key>
			<string>text.plist.xml</string>
			<key>path</key>
			<string>Info.plist</string>
			<key>sourceTree</key>
			<string>&lt;group&gt;</string>
		</dict>
		<key>3435FF901CC2E7650076AF42</key>
		<dict>
			<key>buildSettings</key>
			<dict>
				<key>ALWAYS_SEARCH_USER_PATHS</key>
				<string>NO</string>
				<key>CLANG_ANALYZER_NONNULL</key>
				<string>YES</string>
				<key>CLANG_CXX_LANGUAGE_STANDARD</key>
				<string>gnu++0x</string>
				<key>CLANG_CXX_LIBRARY</key>
				<string>libc++</string>
				<key>CLANG_ENABLE_MODULES</key>
				<string>YES</string>
				<key>CLANG_ENABLE_OBJC_ARC</key>
				<string>YES</string>
				<key>CLANG_WARN_BOOL_CONVERSION</key>
				<string>YES</string>
				<key>CLANG_WARN_CONSTANT_CONVERSION</key>
				<string>YES</string>
				<key>CLANG_WARN_DIRECT_OBJC_ISA_USAGE</key>
				<string>YES_ERROR</string>
				<key>CLANG_WARN_EMPTY_BODY</key>
				<string>YES</string>
				<key>CLANG_WARN_ENUM_CONVERSION</key>
				<string>YES</string>
				<key>CLANG_WARN_INT_CONVERSION</key>
				<string>YES</string>
				<key>CLANG_WARN_OBJC_ROOT_CLASS</key>
				<string>YES_ERROR</string>
				<key>CLANG_WARN_UNREACHABLE_CODE</key>
				<string>YES</string>
				<key>CLANG_WARN__DUPLICATE_METHOD_MATCH</key>
				<string>YES</string>
				<key>CODE_SIGN_IDENTITY[sdk=iphoneos*]</key>
				<string>iPhone Developer</string>
				<key>COPY_PHASE_STRIP</key>
				<string>NO</string>
				<key>DEBUG_INFORMATION_FORMAT</key>
				<string>dwarf</string>
				<key>ENABLE_STRICT_OBJC_MSGSEND</key>
				<string>YES</string>
				<key>ENABLE_TESTABILITY</key>
				<string>YES</string>
				<key>GCC_C_LANGUAGE_STANDARD</key>
				<string>gnu99</string>
				<key>GCC_DYNAMIC_NO_PIC</key>
				<string>NO</string>
				<key>GCC_NO_COMMON_BLOCKS</key>
				<string>YES</string>
				<key>GCC_OPTIMIZATION_LEVEL</key>
				<string>0</string>
				<key>GCC_PREPROCESSOR_DEFINITIONS</key>
				<array>
					<string>DEBUG=1</string>
					<string>$(inherited)</string>
				</array>
				<key>GCC_WARN_64_TO_32_BIT_CONVERSION</key>
				<string>YES</string>
				<key>GCC_WARN_ABOUT_RETURN_TYPE</key>
				<string>YES_ERROR</string>
				<key>GCC_WARN_UNDECLARED_SELECTOR</key>
				<string>YES</string>
				<key>GCC_WARN_UNINITIALIZED_AUTOS</key>
				<string>YES_AGGRESSIVE</string>
				<key>GCC_WARN_UNUSED_FUNCTION</key>
				<string>YES</string>
				<key>GCC_WARN_UNUSED_VARIABLE</key>
				<string>YES</string>
				<key>IPHONEOS_DEPLOYMENT_TARGET</key>
				<string>9.2</string>
				<key>MTL_ENABLE_DEBUG_INFO</key>
				<string>YES</string>
				<key>ONLY_ACTIVE_ARCH</key>
				<string>YES</string>
				<key>SDKROOT</key>
				<string>iphoneos</string>
				<key>SWIFT_OPTIMIZATION_LEVEL</key>
				<string>-Onone</string>
			</dict>
			<key>isa</key>
			<string>XCBuildConfiguration</string>
			<key>name</key>
			<string>Debug</string>
		</dict>
		<key>3435FF911CC2E7650076AF42</key>
		<dict>
			<key>buildSettings</key>
			<dict>
				<key>ALWAYS_SEARCH_USER_PATHS</key>
				<string>NO</string>
				<key>CLANG_ANALYZER_NONNULL</key>
				<string>YES</string>
				<key>CLANG_CXX_LANGUAGE_STANDARD</key>
				<string>gnu++0x</string>
				<key>CLANG_CXX_LIBRARY</key>
				<string>libc++</string>
				<key>CLANG_ENABLE_MODULES</key>
				<string>YES</string>
				<key>CLANG_ENABLE_OBJC_ARC</key>
				<string>YES</string>
				<key>CLANG_WARN_BOOL_CONVERSION</key>
				<string>YES</string>
				<key>CLANG_WARN_CONSTANT_CONVERSION</key>
				<string>YES</string>
				<key>CLANG_WARN_DIRECT_OBJC_ISA_USAGE</key>
				<string>YES_ERROR</string>
				<key>CLANG_WARN_EMPTY_BODY</key>
				<string>YES</string>
				<key>CLANG_WARN_ENUM_CONVERSION</key>
				<string>YES</string>
				<key>CLANG_WARN_INT_CONVERSION</key>
				<string>YES</string>
				<key>CLANG_WARN_OBJC_ROOT_CLASS</key>
				<string>YES_ERROR</string>
				<key>CLANG_WARN_UNREACHABLE_CODE</key>
				<string>YES</string>
				<key>CLANG_WARN__DUPLICATE_METHOD_MATCH</key>
				<string>YES</string>
				<key>CODE_SIGN_IDENTITY[sdk=iphoneos*]</key>
				<string>iPhone Developer</string>
				<key>COPY_PHASE_STRIP</key>
				<string>NO</string>
				<key>DEBUG_INFORMATION_FORMAT</key>
				<string>dwarf-with-dsym</string>
				<key>ENABLE_NS_ASSERTIONS</key>
				<string>NO</string>
				<key>ENABLE_STRICT_OBJC_MSGSEND</key>
				<string>YES</string>
				<key>GCC_C_LANGUAGE_STANDARD</key>
				<string>gnu99</string>
				<key>GCC_NO_COMMON_BLOCKS</key>
				<string>YES</string>
				<key>GCC_WARN_64_TO_32_BIT_CONVERSION</key>
				<string>YES</string>
				<key>GCC_WARN_ABOUT_RETURN_TYPE</key>
				<string>YES_ERROR</string>
				<key>GCC_WARN_UNDECLARED_SELECTOR</key>
				<string>YES</string>
				<key>GCC_WARN_UNINITIALIZED_AUTOS</key>
				<string>YES_AGGRESSIVE</string>
				<key>GCC_WARN_UNUSED_FUNCTION</key>
				<string>YES</string>
				<key>GCC_WARN_UNUSED_VARIABLE</key>
				<string>YES</string>
				<key>IPHONEOS_DEPLOYMENT_TARGET</key>
				<string>9.2</string>
				<key>MTL_ENABLE_DEBUG_INFO</key>
				<string>NO</string>
				<key>SDKROOT</key>
				<string>iphoneos</string>
				<key>VALIDATE_PRODUCT</key>
				<string>YES</string>
			</dict>
			<key>isa</key>
			<string>XCBuildConfiguration</string>
			<key>name</key>
			<string>Release</string>
		</dict>
		<key>3435FF921CC2E7650076AF42</key>
		<dict>
			<key>buildConfigurations</key>
			<array>
				<string>3435FF931CC2E7650076AF42</string>
				<string>3435FF941CC2E7650076AF42</string>
			</array>
			<key>defaultConfigurationIsVisible</key>
			<string>0</string>
			<key>defaultConfigurationName</key>
			<string>Release</string>
			<key>isa</key>
			<string>XCConfigurationList</string>
		</dict>
		<key>3435FF931CC2E7650076AF42</key>
		<dict>
			<key>baseConfigurationReference</key>
			<string>542FC937E2B686413FA540B8</string>
			<key>buildSettings</key>
			<dict>
				<key>ASSETCATALOG_COMPILER_APPICON_NAME</key>
				<string>AppIcon</string>
				<key>ASSETCATALOG_COMPILER_LAUNCHIMAGE_NAME</key>
				<string>Brand Assets</string>
				<key>CODE_SIGN_IDENTITY</key>
				<string>iPhone Developer</string>
				<key>CODE_SIGN_IDENTITY[sdk=iphoneos*]</key>
				<string>iPhone Developer</string>
				<key>INFOPLIST_FILE</key>
				<string>$(SRCROOT)/MarcoPonto/ApplicationBase/Info.plist</string>
				<key>LD_RUNPATH_SEARCH_PATHS</key>
				<string>$(inherited) @executable_path/Frameworks</string>
				<key>PRODUCT_BUNDLE_IDENTIFIER</key>
				<string>io.github.ronanrodrigo.MarcoPonto</string>
				<key>PRODUCT_NAME</key>
				<string>$(TARGET_NAME)</string>
				<key>PROVISIONING_PROFILE</key>
				<string></string>
			</dict>
			<key>isa</key>
			<string>XCBuildConfiguration</string>
			<key>name</key>
			<string>Debug</string>
		</dict>
		<key>3435FF941CC2E7650076AF42</key>
		<dict>
			<key>baseConfigurationReference</key>
			<string>EE85810D663E031B4AD7487F</string>
			<key>buildSettings</key>
			<dict>
				<key>ASSETCATALOG_COMPILER_APPICON_NAME</key>
				<string>AppIcon</string>
				<key>ASSETCATALOG_COMPILER_LAUNCHIMAGE_NAME</key>
				<string>Brand Assets</string>
				<key>CODE_SIGN_IDENTITY</key>
				<string>iPhone Developer</string>
				<key>CODE_SIGN_IDENTITY[sdk=iphoneos*]</key>
				<string>iPhone Developer</string>
				<key>INFOPLIST_FILE</key>
				<string>$(SRCROOT)/MarcoPonto/ApplicationBase/Info.plist</string>
				<key>LD_RUNPATH_SEARCH_PATHS</key>
				<string>$(inherited) @executable_path/Frameworks</string>
				<key>PRODUCT_BUNDLE_IDENTIFIER</key>
				<string>io.github.ronanrodrigo.MarcoPonto</string>
				<key>PRODUCT_NAME</key>
				<string>$(TARGET_NAME)</string>
				<key>PROVISIONING_PROFILE</key>
				<string></string>
			</dict>
			<key>isa</key>
			<string>XCBuildConfiguration</string>
			<key>name</key>
			<string>Release</string>
		</dict>
		<key>3472A9EC1CC6F3E100CEF1D1</key>
		<dict>
			<key>fileEncoding</key>
			<string>4</string>
			<key>isa</key>
			<string>PBXFileReference</string>
			<key>lastKnownFileType</key>
			<string>sourcecode.swift</string>
			<key>path</key>
			<string>PunchModel+CoreDataProperties.swift</string>
			<key>sourceTree</key>
			<string>&lt;group&gt;</string>
		</dict>
		<key>3472A9ED1CC6F3E100CEF1D1</key>
		<dict>
			<key>fileEncoding</key>
			<string>4</string>
			<key>isa</key>
			<string>PBXFileReference</string>
			<key>lastKnownFileType</key>
			<string>sourcecode.swift</string>
			<key>path</key>
			<string>PunchModel.swift</string>
			<key>sourceTree</key>
			<string>&lt;group&gt;</string>
		</dict>
		<key>3472A9EE1CC6F3E100CEF1D1</key>
		<dict>
			<key>fileRef</key>
			<string>3472A9EC1CC6F3E100CEF1D1</string>
			<key>isa</key>
			<string>PBXBuildFile</string>
		</dict>
		<key>3472A9EF1CC6F3E100CEF1D1</key>
		<dict>
			<key>fileRef</key>
			<string>3472A9ED1CC6F3E100CEF1D1</string>
			<key>isa</key>
			<string>PBXBuildFile</string>
		</dict>
		<key>3472AA0C1CC6FA7200CEF1D1</key>
		<dict>
			<key>fileEncoding</key>
			<string>4</string>
			<key>isa</key>
			<string>PBXFileReference</string>
			<key>lastKnownFileType</key>
			<string>sourcecode.swift</string>
			<key>path</key>
			<string>CurrentWeekHoursUsecase.swift</string>
			<key>sourceTree</key>
			<string>&lt;group&gt;</string>
		</dict>
		<key>3472AA0D1CC6FA7200CEF1D1</key>
		<dict>
			<key>fileRef</key>
			<string>3472AA0C1CC6FA7200CEF1D1</string>
			<key>isa</key>
			<string>PBXBuildFile</string>
		</dict>
		<key>3472AA0E1CC6FACB00CEF1D1</key>
		<dict>
			<key>fileEncoding</key>
			<string>4</string>
			<key>isa</key>
			<string>PBXFileReference</string>
			<key>lastKnownFileType</key>
			<string>sourcecode.swift</string>
			<key>path</key>
			<string>CurrentWeekHoursUsecaseTests.swift</string>
			<key>sourceTree</key>
			<string>&lt;group&gt;</string>
		</dict>
		<key>3472AA0F1CC6FACB00CEF1D1</key>
		<dict>
			<key>fileRef</key>
			<string>3472AA0E1CC6FACB00CEF1D1</string>
			<key>isa</key>
			<string>PBXBuildFile</string>
		</dict>
		<key>3472AA101CC6FB2200CEF1D1</key>
		<dict>
			<key>fileRef</key>
			<string>3472AA0C1CC6FA7200CEF1D1</string>
			<key>isa</key>
			<string>PBXBuildFile</string>
		</dict>
		<key>3472AA111CC6FD8800CEF1D1</key>
		<dict>
			<key>fileEncoding</key>
			<string>4</string>
			<key>isa</key>
			<string>PBXFileReference</string>
			<key>lastKnownFileType</key>
			<string>sourcecode.swift</string>
			<key>path</key>
			<string>CurrentWeekHoursPresenter.swift</string>
			<key>sourceTree</key>
			<string>&lt;group&gt;</string>
		</dict>
		<key>3472AA121CC6FD8800CEF1D1</key>
		<dict>
			<key>fileRef</key>
			<string>3472AA111CC6FD8800CEF1D1</string>
			<key>isa</key>
			<string>PBXBuildFile</string>
		</dict>
		<key>3472AA131CC6FD8800CEF1D1</key>
		<dict>
			<key>fileRef</key>
			<string>3472AA111CC6FD8800CEF1D1</string>
			<key>isa</key>
			<string>PBXBuildFile</string>
		</dict>
		<key>349D9B151CC2E82E0088DE5E</key>
		<dict>
			<key>children</key>
			<array>
				<string>3435FF751CC2E7640076AF42</string>
				<string>3435FF841CC2E7640076AF42</string>
				<string>3435FF811CC2E7640076AF42</string>
			</array>
			<key>isa</key>
			<string>PBXGroup</string>
			<key>name</key>
			<string>ApplicationBase</string>
			<key>path</key>
			<string>MarcoPonto/ApplicationBase</string>
			<key>sourceTree</key>
			<string>SOURCE_ROOT</string>
		</dict>
		<key>349D9B161CC2E8610088DE5E</key>
		<dict>
			<key>children</key>
			<array>
				<string>3435FF7C1CC2E7640076AF42</string>
				<string>3472A9ED1CC6F3E100CEF1D1</string>
				<string>3472A9EC1CC6F3E100CEF1D1</string>
			</array>
			<key>isa</key>
			<string>PBXGroup</string>
			<key>name</key>
			<string>Models</string>
			<key>path</key>
			<string>MarcoPonto/Models</string>
			<key>sourceTree</key>
			<string>SOURCE_ROOT</string>
		</dict>
		<key>349D9B171CC2E9710088DE5E</key>
		<dict>
			<key>buildActionMask</key>
			<string>2147483647</string>
			<key>files</key>
			<array>
				<string>34E9B4001CC3DAD10017A083</string>
				<string>340BD7241CC3251B00AB860B</string>
				<string>3472AA0F1CC6FACB00CEF1D1</string>
				<string>34336DAC1CC30EFB00ED551C</string>
				<string>340BD74C1CC353CD00AB860B</string>
				<string>340404AB1CC8217900A4E88E</string>
				<string>340BD7291CC33CC000AB860B</string>
				<string>340BD74F1CC353F500AB860B</string>
				<string>3472AA101CC6FB2200CEF1D1</string>
				<string>340404A91CC8214900A4E88E</string>
				<string>349D9B401CC30B6F0088DE5E</string>
				<string>349D9B3C1CC30AB40088DE5E</string>
				<string>3472AA131CC6FD8800CEF1D1</string>
				<string>34E9B4011CC3DAEB0017A083</string>
				<string>349D9B381CC30A750088DE5E</string>
				<string>340BD7281CC33CA800AB860B</string>
				<string>340BD7201CC3205300AB860B</string>
			</array>
			<key>isa</key>
			<string>PBXSourcesBuildPhase</string>
			<key>runOnlyForDeploymentPostprocessing</key>
			<string>0</string>
		</dict>
		<key>349D9B181CC2E9710088DE5E</key>
		<dict>
			<key>buildActionMask</key>
			<string>2147483647</string>
			<key>files</key>
			<array>
				<string>F9FCBDA3FE7C59F6ADD7ADE1</string>
			</array>
			<key>isa</key>
			<string>PBXFrameworksBuildPhase</string>
			<key>runOnlyForDeploymentPostprocessing</key>
			<string>0</string>
		</dict>
		<key>349D9B191CC2E9710088DE5E</key>
		<dict>
			<key>buildActionMask</key>
			<string>2147483647</string>
			<key>files</key>
			<array/>
			<key>isa</key>
			<string>PBXResourcesBuildPhase</string>
			<key>runOnlyForDeploymentPostprocessing</key>
			<string>0</string>
		</dict>
		<key>349D9B1A1CC2E9710088DE5E</key>
		<dict>
			<key>buildConfigurationList</key>
			<string>349D9B221CC2E9710088DE5E</string>
			<key>buildPhases</key>
			<array>
				<string>A14E8D74A32E1F77333246EC</string>
				<string>349D9B171CC2E9710088DE5E</string>
				<string>349D9B181CC2E9710088DE5E</string>
				<string>349D9B191CC2E9710088DE5E</string>
				<string>0C46646A63598AAFDACC41C8</string>
				<string>FDFC3FC34569D12EA3E93981</string>
			</array>
			<key>buildRules</key>
			<array/>
			<key>dependencies</key>
			<array>
				<string>349D9B211CC2E9710088DE5E</string>
			</array>
			<key>isa</key>
			<string>PBXNativeTarget</string>
			<key>name</key>
			<string>MarcoPontoUnitTests</string>
			<key>productName</key>
			<string>MarcoPontoUnitTests</string>
			<key>productReference</key>
			<string>349D9B1B1CC2E9710088DE5E</string>
			<key>productType</key>
			<string>com.apple.product-type.bundle.unit-test</string>
		</dict>
		<key>349D9B1B1CC2E9710088DE5E</key>
		<dict>
			<key>explicitFileType</key>
			<string>wrapper.cfbundle</string>
			<key>includeInIndex</key>
			<string>0</string>
			<key>isa</key>
			<string>PBXFileReference</string>
			<key>path</key>
			<string>MarcoPontoUnitTests.xctest</string>
			<key>sourceTree</key>
			<string>BUILT_PRODUCTS_DIR</string>
		</dict>
		<key>349D9B1C1CC2E9710088DE5E</key>
		<dict>
			<key>children</key>
			<array>
				<string>340BD71D1CC31FD900AB860B</string>
				<string>349D9B391CC30AA20088DE5E</string>
				<string>349D9B1F1CC2E9710088DE5E</string>
			</array>
			<key>isa</key>
			<string>PBXGroup</string>
			<key>path</key>
			<string>MarcoPontoUnitTests</string>
			<key>sourceTree</key>
			<string>&lt;group&gt;</string>
		</dict>
		<key>349D9B1F1CC2E9710088DE5E</key>
		<dict>
			<key>isa</key>
			<string>PBXFileReference</string>
			<key>lastKnownFileType</key>
			<string>text.plist.xml</string>
			<key>path</key>
			<string>Info.plist</string>
			<key>sourceTree</key>
			<string>&lt;group&gt;</string>
		</dict>
		<key>349D9B201CC2E9710088DE5E</key>
		<dict>
			<key>containerPortal</key>
			<string>3435FF6A1CC2E7640076AF42</string>
			<key>isa</key>
			<string>PBXContainerItemProxy</string>
			<key>proxyType</key>
			<string>1</string>
			<key>remoteGlobalIDString</key>
			<string>3435FF711CC2E7640076AF42</string>
			<key>remoteInfo</key>
			<string>MarcoPonto</string>
		</dict>
		<key>349D9B211CC2E9710088DE5E</key>
		<dict>
			<key>isa</key>
			<string>PBXTargetDependency</string>
			<key>target</key>
			<string>3435FF711CC2E7640076AF42</string>
			<key>targetProxy</key>
			<string>349D9B201CC2E9710088DE5E</string>
		</dict>
		<key>349D9B221CC2E9710088DE5E</key>
		<dict>
			<key>buildConfigurations</key>
			<array>
				<string>349D9B231CC2E9710088DE5E</string>
				<string>349D9B241CC2E9710088DE5E</string>
			</array>
			<key>defaultConfigurationIsVisible</key>
			<string>0</string>
			<key>defaultConfigurationName</key>
			<string>Release</string>
			<key>isa</key>
			<string>XCConfigurationList</string>
		</dict>
		<key>349D9B231CC2E9710088DE5E</key>
		<dict>
			<key>baseConfigurationReference</key>
			<string>D8443062F1C78B453BE94440</string>
			<key>buildSettings</key>
			<dict>
				<key>BUNDLE_LOADER</key>
				<string>$(TEST_HOST)</string>
				<key>INFOPLIST_FILE</key>
				<string>MarcoPontoUnitTests/Info.plist</string>
				<key>LD_RUNPATH_SEARCH_PATHS</key>
				<string>$(inherited) @executable_path/Frameworks @loader_path/Frameworks</string>
				<key>PRODUCT_BUNDLE_IDENTIFIER</key>
				<string>io.github.ronanrodrigo.MarcoPontoUnitTests</string>
				<key>PRODUCT_NAME</key>
				<string>$(TARGET_NAME)</string>
				<key>TEST_HOST</key>
				<string>$(BUILT_PRODUCTS_DIR)/MarcoPonto.app/MarcoPonto</string>
			</dict>
			<key>isa</key>
			<string>XCBuildConfiguration</string>
			<key>name</key>
			<string>Debug</string>
		</dict>
		<key>349D9B241CC2E9710088DE5E</key>
		<dict>
			<key>baseConfigurationReference</key>
			<string>1CB51581E2074389B66FE9F7</string>
			<key>buildSettings</key>
			<dict>
				<key>BUNDLE_LOADER</key>
				<string>$(TEST_HOST)</string>
				<key>INFOPLIST_FILE</key>
				<string>MarcoPontoUnitTests/Info.plist</string>
				<key>LD_RUNPATH_SEARCH_PATHS</key>
				<string>$(inherited) @executable_path/Frameworks @loader_path/Frameworks</string>
				<key>PRODUCT_BUNDLE_IDENTIFIER</key>
				<string>io.github.ronanrodrigo.MarcoPontoUnitTests</string>
				<key>PRODUCT_NAME</key>
				<string>$(TARGET_NAME)</string>
				<key>TEST_HOST</key>
				<string>$(BUILT_PRODUCTS_DIR)/MarcoPonto.app/MarcoPonto</string>
			</dict>
			<key>isa</key>
			<string>XCBuildConfiguration</string>
			<key>name</key>
			<string>Release</string>
		</dict>
		<key>349D9B251CC2EB9E0088DE5E</key>
		<dict>
			<key>children</key>
			<array>
				<string>340BD7341CC33FB800AB860B</string>
				<string>3418772A1CC6E460002A4B59</string>
			</array>
			<key>isa</key>
			<string>PBXGroup</string>
			<key>name</key>
			<string>Views</string>
			<key>path</key>
			<string>MarcoPonto/Views</string>
			<key>sourceTree</key>
			<string>SOURCE_ROOT</string>
		</dict>
		<key>349D9B261CC2EBA40088DE5E</key>
		<dict>
			<key>children</key>
			<array>
				<string>340BD7321CC33FAB00AB860B</string>
				<string>341877291CC6E454002A4B59</string>
				<string>34BD8F951CC5BA3500607BA6</string>
			</array>
			<key>isa</key>
			<string>PBXGroup</string>
			<key>name</key>
			<string>ViewsControllers</string>
			<key>path</key>
			<string>MarcoPonto/ViewsControllers</string>
			<key>sourceTree</key>
			<string>SOURCE_ROOT</string>
		</dict>
		<key>349D9B291CC2ECD20088DE5E</key>
		<dict>
			<key>fileEncoding</key>
			<string>4</string>
			<key>isa</key>
			<string>PBXFileReference</string>
			<key>lastKnownFileType</key>
			<string>sourcecode.swift</string>
			<key>name</key>
			<string>FormPunchViewController.swift</string>
			<key>path</key>
			<string>Punch/Form/FormPunchViewController.swift</string>
			<key>sourceTree</key>
			<string>&lt;group&gt;</string>
		</dict>
		<key>349D9B2B1CC2ECD20088DE5E</key>
		<dict>
			<key>fileRef</key>
			<string>349D9B291CC2ECD20088DE5E</string>
			<key>isa</key>
			<string>PBXBuildFile</string>
		</dict>
		<key>349D9B2D1CC2F68B0088DE5E</key>
		<dict>
			<key>fileEncoding</key>
			<string>4</string>
			<key>isa</key>
			<string>PBXFileReference</string>
			<key>lastKnownFileType</key>
			<string>sourcecode.swift</string>
			<key>name</key>
			<string>SelectMomentTableViewCell.swift</string>
			<key>path</key>
			<string>Punch/Form/SelectMomentTableViewCell.swift</string>
			<key>sourceTree</key>
			<string>&lt;group&gt;</string>
		</dict>
		<key>349D9B2E1CC2F68B0088DE5E</key>
		<dict>
			<key>fileEncoding</key>
			<string>4</string>
			<key>isa</key>
			<string>PBXFileReference</string>
			<key>lastKnownFileType</key>
			<string>file.xib</string>
			<key>path</key>
			<string>SelectMomentTableViewCell.xib</string>
			<key>sourceTree</key>
			<string>&lt;group&gt;</string>
		</dict>
		<key>349D9B2F1CC2F68B0088DE5E</key>
		<dict>
			<key>fileRef</key>
			<string>349D9B2D1CC2F68B0088DE5E</string>
			<key>isa</key>
			<string>PBXBuildFile</string>
		</dict>
		<key>349D9B301CC2F68B0088DE5E</key>
		<dict>
			<key>fileRef</key>
			<string>349D9B2E1CC2F68B0088DE5E</string>
			<key>isa</key>
			<string>PBXBuildFile</string>
		</dict>
		<key>349D9B311CC2F7960088DE5E</key>
		<dict>
			<key>fileEncoding</key>
			<string>4</string>
			<key>isa</key>
			<string>PBXFileReference</string>
			<key>lastKnownFileType</key>
			<string>sourcecode.swift</string>
			<key>name</key>
			<string>FormPunchDataSource.swift</string>
			<key>path</key>
			<string>Punch/Form/FormPunchDataSource.swift</string>
			<key>sourceTree</key>
			<string>&lt;group&gt;</string>
		</dict>
		<key>349D9B321CC2F7960088DE5E</key>
		<dict>
			<key>fileRef</key>
			<string>349D9B311CC2F7960088DE5E</string>
			<key>isa</key>
			<string>PBXBuildFile</string>
		</dict>
		<key>349D9B331CC308460088DE5E</key>
		<dict>
			<key>children</key>
			<array>
				<string>340BD7211CC324F300AB860B</string>
				<string>349D9B351CC30A180088DE5E</string>
				<string>340BD7491CC353B000AB860B</string>
				<string>349D9B3D1CC30B290088DE5E</string>
				<string>349D9B341CC30A100088DE5E</string>
			</array>
			<key>isa</key>
			<string>PBXGroup</string>
			<key>path</key>
			<string>Core</string>
			<key>sourceTree</key>
			<string>&lt;group&gt;</string>
		</dict>
		<key>349D9B341CC30A100088DE5E</key>
		<dict>
			<key>children</key>
			<array>
				<string>340BD7251CC33C1D00AB860B</string>
				<string>349D9B361CC30A750088DE5E</string>
				<string>3472AA0C1CC6FA7200CEF1D1</string>
			</array>
			<key>isa</key>
			<string>PBXGroup</string>
			<key>name</key>
			<string>Usecases</string>
			<key>path</key>
			<string>Core/Usecases</string>
			<key>sourceTree</key>
			<string>SOURCE_ROOT</string>
		</dict>
		<key>349D9B351CC30A180088DE5E</key>
		<dict>
			<key>children</key>
			<array>
				<string>34336DAA1CC30EFB00ED551C</string>
			</array>
			<key>isa</key>
			<string>PBXGroup</string>
			<key>name</key>
			<string>Gateways</string>
			<key>path</key>
			<string>Core/Gateways</string>
			<key>sourceTree</key>
			<string>SOURCE_ROOT</string>
		</dict>
		<key>349D9B361CC30A750088DE5E</key>
		<dict>
			<key>fileEncoding</key>
			<string>4</string>
			<key>isa</key>
			<string>PBXFileReference</string>
			<key>lastKnownFileType</key>
			<string>sourcecode.swift</string>
			<key>path</key>
			<string>SavePunchUsecase.swift</string>
			<key>sourceTree</key>
			<string>&lt;group&gt;</string>
		</dict>
		<key>349D9B371CC30A750088DE5E</key>
		<dict>
			<key>fileRef</key>
			<string>349D9B361CC30A750088DE5E</string>
			<key>isa</key>
			<string>PBXBuildFile</string>
		</dict>
		<key>349D9B381CC30A750088DE5E</key>
		<dict>
			<key>fileRef</key>
			<string>349D9B361CC30A750088DE5E</string>
			<key>isa</key>
			<string>PBXBuildFile</string>
		</dict>
		<key>349D9B391CC30AA20088DE5E</key>
		<dict>
			<key>children</key>
			<array>
				<string>340BD7271CC33CA800AB860B</string>
				<string>349D9B3A1CC30AB40088DE5E</string>
				<string>3472AA0E1CC6FACB00CEF1D1</string>
			</array>
			<key>isa</key>
			<string>PBXGroup</string>
			<key>path</key>
			<string>Usecases</string>
			<key>sourceTree</key>
			<string>&lt;group&gt;</string>
		</dict>
		<key>349D9B3A1CC30AB40088DE5E</key>
		<dict>
			<key>fileEncoding</key>
			<string>4</string>
			<key>isa</key>
			<string>PBXFileReference</string>
			<key>lastKnownFileType</key>
			<string>sourcecode.swift</string>
			<key>path</key>
			<string>SavePunchUsecaseTests.swift</string>
			<key>sourceTree</key>
			<string>&lt;group&gt;</string>
		</dict>
		<key>349D9B3C1CC30AB40088DE5E</key>
		<dict>
			<key>fileRef</key>
			<string>349D9B3A1CC30AB40088DE5E</string>
			<key>isa</key>
			<string>PBXBuildFile</string>
		</dict>
		<key>349D9B3D1CC30B290088DE5E</key>
		<dict>
			<key>children</key>
			<array>
				<string>349D9B3E1CC30B6F0088DE5E</string>
			</array>
			<key>isa</key>
			<string>PBXGroup</string>
			<key>name</key>
			<string>Structs</string>
			<key>path</key>
			<string>Core/Structs</string>
			<key>sourceTree</key>
			<string>SOURCE_ROOT</string>
		</dict>
		<key>349D9B3E1CC30B6F0088DE5E</key>
		<dict>
			<key>fileEncoding</key>
			<string>4</string>
			<key>isa</key>
			<string>PBXFileReference</string>
			<key>lastKnownFileType</key>
			<string>sourcecode.swift</string>
			<key>path</key>
			<string>Punch.swift</string>
			<key>sourceTree</key>
			<string>&lt;group&gt;</string>
		</dict>
		<key>349D9B3F1CC30B6F0088DE5E</key>
		<dict>
			<key>fileRef</key>
			<string>349D9B3E1CC30B6F0088DE5E</string>
			<key>isa</key>
			<string>PBXBuildFile</string>
		</dict>
		<key>349D9B401CC30B6F0088DE5E</key>
		<dict>
			<key>fileRef</key>
			<string>349D9B3E1CC30B6F0088DE5E</string>
			<key>isa</key>
			<string>PBXBuildFile</string>
		</dict>
		<key>34BD8F951CC5BA3500607BA6</key>
		<dict>
			<key>fileEncoding</key>
			<string>4</string>
			<key>isa</key>
			<string>PBXFileReference</string>
			<key>lastKnownFileType</key>
			<string>sourcecode.swift</string>
			<key>path</key>
			<string>TabBarController.swift</string>
			<key>sourceTree</key>
			<string>&lt;group&gt;</string>
		</dict>
		<key>34BD8F961CC5BA3500607BA6</key>
		<dict>
			<key>fileRef</key>
			<string>34BD8F951CC5BA3500607BA6</string>
			<key>isa</key>
			<string>PBXBuildFile</string>
		</dict>
		<key>34BD8F971CC6623B00607BA6</key>
		<dict>
			<key>children</key>
			<array>
				<string>3435FF7F1CC2E7640076AF42</string>
				<string>34BD8F981CC6628E00607BA6</string>
			</array>
			<key>isa</key>
			<string>PBXGroup</string>
			<key>name</key>
			<string>Assets</string>
			<key>path</key>
			<string>MarcoPonto/Assets</string>
			<key>sourceTree</key>
			<string>SOURCE_ROOT</string>
		</dict>
		<key>34BD8F981CC6628E00607BA6</key>
		<dict>
			<key>fileEncoding</key>
			<string>4</string>
			<key>isa</key>
			<string>PBXFileReference</string>
			<key>lastKnownFileType</key>
			<string>sourcecode.swift</string>
			<key>path</key>
			<string>MaterialIcons+UIImage.swift</string>
			<key>sourceTree</key>
			<string>&lt;group&gt;</string>
		</dict>
		<key>34BD8F991CC6628E00607BA6</key>
		<dict>
			<key>fileRef</key>
			<string>34BD8F981CC6628E00607BA6</string>
			<key>isa</key>
			<string>PBXBuildFile</string>
		</dict>
		<key>34E9B3E71CC35AF50017A083</key>
		<dict>
			<key>children</key>
			<array>
				<string>34E9B3EC1CC360060017A083</string>
			</array>
			<key>isa</key>
			<string>PBXGroup</string>
			<key>name</key>
			<string>Gateways</string>
			<key>path</key>
			<string>MarcoPonto/Gateways</string>
			<key>sourceTree</key>
			<string>SOURCE_ROOT</string>
		</dict>
		<key>34E9B3EC1CC360060017A083</key>
		<dict>
			<key>fileEncoding</key>
			<string>4</string>
			<key>isa</key>
			<string>PBXFileReference</string>
			<key>lastKnownFileType</key>
			<string>sourcecode.swift</string>
			<key>path</key>
			<string>PunchGatewayCoreData.swift</string>
			<key>sourceTree</key>
			<string>&lt;group&gt;</string>
		</dict>
		<key>34E9B3ED1CC360060017A083</key>
		<dict>
			<key>fileRef</key>
			<string>34E9B3EC1CC360060017A083</string>
			<key>isa</key>
			<string>PBXBuildFile</string>
		</dict>
		<key>34E9B3EE1CC3B7010017A083</key>
		<dict>
			<key>children</key>
			<array>
				<string>34E9B3EF1CC3B72E0017A083</string>
				<string>34E9B3FB1CC3DA1A0017A083</string>
				<string>34E9B3F91CC3D9C80017A083</string>
			</array>
			<key>isa</key>
			<string>PBXGroup</string>
			<key>name</key>
			<string>Factories</string>
			<key>path</key>
			<string>MarcoPonto/Factories</string>
			<key>sourceTree</key>
			<string>SOURCE_ROOT</string>
		</dict>
		<key>34E9B3EF1CC3B72E0017A083</key>
		<dict>
			<key>fileEncoding</key>
			<string>4</string>
			<key>isa</key>
			<string>PBXFileReference</string>
			<key>lastKnownFileType</key>
			<string>sourcecode.swift</string>
			<key>path</key>
			<string>ListPunchUsecaseFactory.swift</string>
			<key>sourceTree</key>
			<string>&lt;group&gt;</string>
		</dict>
		<key>34E9B3F01CC3B72E0017A083</key>
		<dict>
			<key>fileRef</key>
			<string>34E9B3EF1CC3B72E0017A083</string>
			<key>isa</key>
			<string>PBXBuildFile</string>
		</dict>
		<key>34E9B3F21CC3C5990017A083</key>
		<dict>
			<key>fileEncoding</key>
			<string>4</string>
			<key>isa</key>
			<string>PBXFileReference</string>
			<key>lastKnownFileType</key>
			<string>file.xib</string>
			<key>path</key>
			<string>SelectTypeTableViewCell.xib</string>
			<key>sourceTree</key>
			<string>&lt;group&gt;</string>
		</dict>
		<key>34E9B3F41CC3C5990017A083</key>
		<dict>
			<key>fileRef</key>
			<string>34E9B3F21CC3C5990017A083</string>
			<key>isa</key>
			<string>PBXBuildFile</string>
		</dict>
		<key>34E9B3F71CC3C66B0017A083</key>
		<dict>
			<key>fileEncoding</key>
			<string>4</string>
			<key>isa</key>
			<string>PBXFileReference</string>
			<key>lastKnownFileType</key>
			<string>sourcecode.swift</string>
			<key>name</key>
			<string>SelectTypeTableViewCell.swift</string>
			<key>path</key>
			<string>Punch/Form/SelectTypeTableViewCell.swift</string>
			<key>sourceTree</key>
			<string>&lt;group&gt;</string>
		</dict>
		<key>34E9B3F81CC3C66B0017A083</key>
		<dict>
			<key>fileRef</key>
			<string>34E9B3F71CC3C66B0017A083</string>
			<key>isa</key>
			<string>PBXBuildFile</string>
		</dict>
		<key>34E9B3F91CC3D9C80017A083</key>
		<dict>
			<key>fileEncoding</key>
			<string>4</string>
			<key>isa</key>
			<string>PBXFileReference</string>
			<key>lastKnownFileType</key>
			<string>sourcecode.swift</string>
			<key>path</key>
			<string>SavePunchUsecaseFactory.swift</string>
			<key>sourceTree</key>
			<string>&lt;group&gt;</string>
		</dict>
		<key>34E9B3FA1CC3D9C80017A083</key>
		<dict>
			<key>fileRef</key>
			<string>34E9B3F91CC3D9C80017A083</string>
			<key>isa</key>
			<string>PBXBuildFile</string>
		</dict>
		<key>34E9B3FB1CC3DA1A0017A083</key>
		<dict>
			<key>fileEncoding</key>
			<string>4</string>
			<key>isa</key>
			<string>PBXFileReference</string>
			<key>lastKnownFileType</key>
			<string>sourcecode.swift</string>
			<key>path</key>
			<string>PunchGatewayCoreDataFactory.swift</string>
			<key>sourceTree</key>
			<string>&lt;group&gt;</string>
		</dict>
		<key>34E9B3FC1CC3DA1A0017A083</key>
		<dict>
			<key>fileRef</key>
			<string>34E9B3FB1CC3DA1A0017A083</string>
			<key>isa</key>
			<string>PBXBuildFile</string>
		</dict>
		<key>34E9B3FD1CC3DA880017A083</key>
		<dict>
			<key>fileEncoding</key>
			<string>4</string>
			<key>isa</key>
			<string>PBXFileReference</string>
			<key>lastKnownFileType</key>
			<string>sourcecode.swift</string>
			<key>path</key>
			<string>SavePunchPresenter.swift</string>
			<key>sourceTree</key>
			<string>&lt;group&gt;</string>
		</dict>
		<key>34E9B3FE1CC3DA880017A083</key>
		<dict>
			<key>fileRef</key>
			<string>34E9B3FD1CC3DA880017A083</string>
			<key>isa</key>
			<string>PBXBuildFile</string>
		</dict>
		<key>34E9B3FF1CC3DAD10017A083</key>
		<dict>
			<key>fileEncoding</key>
			<string>4</string>
			<key>isa</key>
			<string>PBXFileReference</string>
			<key>lastKnownFileType</key>
			<string>sourcecode.swift</string>
			<key>path</key>
			<string>SavePunchPresenterSpy.swift</string>
			<key>sourceTree</key>
			<string>&lt;group&gt;</string>
		</dict>
		<key>34E9B4001CC3DAD10017A083</key>
		<dict>
			<key>fileRef</key>
			<string>34E9B3FF1CC3DAD10017A083</string>
			<key>isa</key>
			<string>PBXBuildFile</string>
		</dict>
		<key>34E9B4011CC3DAEB0017A083</key>
		<dict>
			<key>fileRef</key>
			<string>34E9B3FD1CC3DA880017A083</string>
			<key>isa</key>
			<string>PBXBuildFile</string>
		</dict>
		<key>34E9B4021CC419090017A083</key>
		<dict>
			<key>fileEncoding</key>
			<string>4</string>
			<key>isa</key>
			<string>PBXFileReference</string>
			<key>lastKnownFileType</key>
			<string>sourcecode.swift</string>
			<key>path</key>
			<string>PunchTypeLabel.swift</string>
			<key>sourceTree</key>
			<string>&lt;group&gt;</string>
		</dict>
		<key>34E9B4031CC419090017A083</key>
		<dict>
			<key>fileRef</key>
			<string>34E9B4021CC419090017A083</string>
			<key>isa</key>
			<string>PBXBuildFile</string>
		</dict>
		<key>34E9B4041CC42C360017A083</key>
		<dict>
			<key>fileEncoding</key>
			<string>4</string>
			<key>isa</key>
			<string>PBXFileReference</string>
			<key>lastKnownFileType</key>
			<string>sourcecode.swift</string>
			<key>path</key>
			<string>ListPunchsDelegate.swift</string>
			<key>sourceTree</key>
			<string>&lt;group&gt;</string>
		</dict>
		<key>34E9B4051CC42C360017A083</key>
		<dict>
			<key>fileRef</key>
			<string>34E9B4041CC42C360017A083</string>
			<key>isa</key>
			<string>PBXBuildFile</string>
		</dict>
		<key>542FC937E2B686413FA540B8</key>
		<dict>
			<key>includeInIndex</key>
			<string>1</string>
			<key>isa</key>
			<string>PBXFileReference</string>
			<key>lastKnownFileType</key>
			<string>text.xcconfig</string>
			<key>name</key>
			<string>Pods-MarcoPonto.debug.xcconfig</string>
			<key>path</key>
			<string>Pods/Target Support Files/Pods-MarcoPonto/Pods-MarcoPonto.debug.xcconfig</string>
			<key>sourceTree</key>
			<string>&lt;group&gt;</string>
		</dict>
		<key>5C75BAE1B277A27C4B405A4D</key>
		<dict>
			<key>buildActionMask</key>
			<string>2147483647</string>
			<key>files</key>
			<array/>
			<key>inputPaths</key>
			<array/>
			<key>isa</key>
			<string>PBXShellScriptBuildPhase</string>
			<key>name</key>
			<string>Embed Pods Frameworks</string>
			<key>outputPaths</key>
			<array/>
			<key>runOnlyForDeploymentPostprocessing</key>
			<string>0</string>
			<key>shellPath</key>
			<string>/bin/sh</string>
			<key>shellScript</key>
			<string>"${SRCROOT}/Pods/Target Support Files/Pods-MarcoPonto/Pods-MarcoPonto-frameworks.sh"
</string>
			<key>showEnvVarsInLog</key>
			<string>0</string>
		</dict>
		<key>977455617206811BF97EF7CC</key>
		<dict>
			<key>buildActionMask</key>
			<string>2147483647</string>
			<key>files</key>
			<array/>
			<key>inputPaths</key>
			<array/>
			<key>isa</key>
			<string>PBXShellScriptBuildPhase</string>
			<key>name</key>
			<string>Copy Pods Resources</string>
			<key>outputPaths</key>
			<array/>
			<key>runOnlyForDeploymentPostprocessing</key>
			<string>0</string>
			<key>shellPath</key>
			<string>/bin/sh</string>
			<key>shellScript</key>
			<string>"${SRCROOT}/Pods/Target Support Files/Pods-MarcoPonto/Pods-MarcoPonto-resources.sh"
</string>
			<key>showEnvVarsInLog</key>
			<string>0</string>
		</dict>
		<key>A14E8D74A32E1F77333246EC</key>
		<dict>
			<key>buildActionMask</key>
			<string>2147483647</string>
			<key>files</key>
			<array/>
			<key>inputPaths</key>
			<array/>
			<key>isa</key>
			<string>PBXShellScriptBuildPhase</string>
			<key>name</key>
			<string>Check Pods Manifest.lock</string>
			<key>outputPaths</key>
			<array/>
			<key>runOnlyForDeploymentPostprocessing</key>
			<string>0</string>
			<key>shellPath</key>
			<string>/bin/sh</string>
			<key>shellScript</key>
			<string>diff "${PODS_ROOT}/../Podfile.lock" "${PODS_ROOT}/Manifest.lock" &gt; /dev/null
if [[ $? != 0 ]] ; then
    cat &lt;&lt; EOM
error: The sandbox is not in sync with the Podfile.lock. Run 'pod install' or update your CocoaPods installation.
EOM
    exit 1
fi
</string>
			<key>showEnvVarsInLog</key>
			<string>0</string>
		</dict>
		<key>C279F0865B4122F19805AD26</key>
		<dict>
			<key>children</key>
			<array>
				<string>542FC937E2B686413FA540B8</string>
				<string>EE85810D663E031B4AD7487F</string>
				<string>D8443062F1C78B453BE94440</string>
				<string>1CB51581E2074389B66FE9F7</string>
			</array>
			<key>isa</key>
			<string>PBXGroup</string>
			<key>name</key>
			<string>Pods</string>
			<key>sourceTree</key>
			<string>&lt;group&gt;</string>
		</dict>
		<key>C4C9CEC7061DF5D511524B29</key>
		<dict>
			<key>fileRef</key>
			<string>1BC88EF9B7BCD836577A77D9</string>
			<key>isa</key>
			<string>PBXBuildFile</string>
		</dict>
		<key>D8443062F1C78B453BE94440</key>
		<dict>
			<key>includeInIndex</key>
			<string>1</string>
			<key>isa</key>
			<string>PBXFileReference</string>
			<key>lastKnownFileType</key>
			<string>text.xcconfig</string>
			<key>name</key>
			<string>Pods-MarcoPontoUnitTests.debug.xcconfig</string>
			<key>path</key>
			<string>Pods/Target Support Files/Pods-MarcoPontoUnitTests/Pods-MarcoPontoUnitTests.debug.xcconfig</string>
			<key>sourceTree</key>
			<string>&lt;group&gt;</string>
		</dict>
		<key>EE85810D663E031B4AD7487F</key>
		<dict>
			<key>includeInIndex</key>
			<string>1</string>
			<key>isa</key>
			<string>PBXFileReference</string>
			<key>lastKnownFileType</key>
			<string>text.xcconfig</string>
			<key>name</key>
			<string>Pods-MarcoPonto.release.xcconfig</string>
			<key>path</key>
			<string>Pods/Target Support Files/Pods-MarcoPonto/Pods-MarcoPonto.release.xcconfig</string>
			<key>sourceTree</key>
			<string>&lt;group&gt;</string>
		</dict>
		<key>F9FCBDA3FE7C59F6ADD7ADE1</key>
		<dict>
			<key>fileRef</key>
			<string>247B15F020D817A359DE8140</string>
			<key>isa</key>
			<string>PBXBuildFile</string>
		</dict>
		<key>FA066A260DC1EAA1892ACC01</key>
		<dict>
			<key>children</key>
			<array>
				<string>1BC88EF9B7BCD836577A77D9</string>
				<string>247B15F020D817A359DE8140</string>
			</array>
			<key>isa</key>
			<string>PBXGroup</string>
			<key>name</key>
			<string>Frameworks</string>
			<key>sourceTree</key>
			<string>&lt;group&gt;</string>
		</dict>
		<key>FDFC3FC34569D12EA3E93981</key>
		<dict>
			<key>buildActionMask</key>
			<string>2147483647</string>
			<key>files</key>
			<array/>
			<key>inputPaths</key>
			<array/>
			<key>isa</key>
			<string>PBXShellScriptBuildPhase</string>
			<key>name</key>
			<string>Copy Pods Resources</string>
			<key>outputPaths</key>
			<array/>
			<key>runOnlyForDeploymentPostprocessing</key>
			<string>0</string>
			<key>shellPath</key>
			<string>/bin/sh</string>
			<key>shellScript</key>
			<string>"${SRCROOT}/Pods/Target Support Files/Pods-MarcoPontoUnitTests/Pods-MarcoPontoUnitTests-resources.sh"
</string>
			<key>showEnvVarsInLog</key>
			<string>0</string>
		</dict>
	</dict>
	<key>rootObject</key>
	<string>3435FF6A1CC2E7640076AF42</string>
</dict>
</plist>
