<?xml version="1.0" encoding="UTF-8"?>
<Scheme
   version = "1.3">
   <BuildAction>
      <BuildActionEntries>
         <BuildActionEntry
            buildForRunning = "YES">
            <BuildableReference
               BuildableIdentifier = "primary"
               BlueprintIdentifier = "3435FF711CC2E7640076AF42"
               BuildableName = "MarcoPonto.app"
               BlueprintName = "MarcoPonto"
               ReferencedContainer = "container:MarcoPonto.xcodeproj">
            </BuildableReference>
         </BuildActionEntry>
      </BuildActionEntries>
   </BuildAction>
   <LaunchAction
      useCustomWorkingDirectory = "NO"
      buildConfiguration = "Debug">
      <BuildableProductRunnable>
         <BuildableReference
            BuildableIdentifier = "primary"
            BlueprintIdentifier = "3435FF711CC2E7640076AF42"
            BuildableName = "MarcoPonto.app"
            BlueprintName = "MarcoPonto"
            ReferencedContainer = "container:MarcoPonto.xcodeproj">
         </BuildableReference>
      </BuildableProductRunnable>
   </LaunchAction>
</Scheme>
